# Generated by conda-lock.
# platform: linux-64
# input_hash: 1a269c7bff5c25cc7524736100fabdb6aeb3f2d43bc93d10b53971a931a98d1c

channels:
  - conda-forge
dependencies:
  - _libgcc_mutex=0.1=conda_forge
  - _openmp_mutex=4.5=2_gnu
  - adwaita-icon-theme=48.0=unix_0
  - agate=1.9.1=pyh707e725_1
  - aiobotocore=2.21.1=pyhd8ed1ab_0
  - aiofiles=24.1.0=pyhd8ed1ab_1
  - aiohappyeyeballs=2.6.1=pyhd8ed1ab_0
  - aiohttp=3.11.16=py312h178313f_0
  - aioitertools=0.12.0=pyhd8ed1ab_1
  - aiosignal=1.3.2=pyhd8ed1ab_0
  - alabaster=1.0.0=pyhd8ed1ab_1
  - alembic=1.15.2=pyhd8ed1ab_0
  - altair=5.5.0=pyhd8ed1ab_1
  - annotated-types=0.7.0=pyhd8ed1ab_1
  - antlr-python-runtime=4.13.2=pyhd8ed1ab_1
  - anyio=4.9.0=pyh29332c3_0
  - appdirs=1.4.4=pyhd8ed1ab_1
  - arelle-release=2.37.0=pyhd8ed1ab_0
  - argon2-cffi=23.1.0=pyhd8ed1ab_1
  - argon2-cffi-bindings=21.2.0=py312h66e93f0_5
  - arpack=3.9.1=nompi_hf03ea27_102
  - arrow=1.3.0=pyhd8ed1ab_1
  - asgi-csrf=0.11=pyhff2d567_0
  - asgiref=3.8.1=pyhd8ed1ab_1
  - astroid=3.3.9=py312h7900ff3_0
  - asttokens=3.0.0=pyhd8ed1ab_1
  - async-lru=2.0.5=pyh29332c3_0
  - at-spi2-atk=2.38.0=h0630a04_3
  - at-spi2-core=2.40.3=h0630a04_0
  - atk-1.0=2.38.0=h04ea711_2
  - attrs=25.3.0=pyh71513ae_0
  - aws-c-auth=0.8.7=h7743f02_1
  - aws-c-cal=0.8.7=h7d555fd_1
  - aws-c-common=0.12.1=hb9d3cd8_0
  - aws-c-compression=0.3.1=hcbd9e4e_3
  - aws-c-event-stream=0.5.4=h286e7e7_3
  - aws-c-http=0.9.5=hbca0721_0
  - aws-c-io=0.17.0=ha855f32_8
  - aws-c-mqtt=0.12.2=hffac463_3
  - aws-c-s3=0.7.13=h4c9fe3b_3
  - aws-c-sdkutils=0.2.3=hcbd9e4e_3
  - aws-checksums=0.2.3=hcbd9e4e_3
  - aws-crt-cpp=0.31.1=h46b750d_1
  - aws-sdk-cpp=1.11.510=h1fa5cb7_4
  - azure-core-cpp=1.14.0=h5cfcd09_0
  - azure-identity-cpp=1.10.0=h113e628_0
  - azure-storage-blobs-cpp=12.13.0=h3cf044e_1
  - azure-storage-common-cpp=12.8.0=h736e048_1
  - azure-storage-files-datalake-cpp=12.12.0=ha633028_1
  - babel=2.17.0=pyhd8ed1ab_0
  - backoff=2.2.1=pyhd8ed1ab_1
  - backports=1.0=pyhd8ed1ab_5
  - backports.tarfile=1.2.0=pyhd8ed1ab_1
  - bcrypt=4.3.0=py312h12e396e_0
  - beautifulsoup4=4.13.3=pyha770c72_0
  - bleach=6.2.0=pyh29332c3_4
  - bleach-with-css=6.2.0=h82add2a_4
  - blinker=1.9.0=pyhff2d567_0
  - blosc=1.21.6=he440d0b_1
  - bokeh=3.7.2=pyhd8ed1ab_1
  - boltons=24.0.0=pyhd8ed1ab_1
  - boto3=1.37.1=pyhd8ed1ab_0
  - botocore=1.37.1=pyge310_1234567_0
  - bottle=0.13.1=pyhd8ed1ab_0
  - bottleneck=1.4.2=py312hc0a28a1_0
  - branca=0.8.1=pyhd8ed1ab_0
  - brotli=1.1.0=hb9d3cd8_2
  - brotli-bin=1.1.0=hb9d3cd8_2
  - brotli-python=1.1.0=py312h2ec8cdc_2
  - bzip2=1.0.8=h4bc722e_7
  - c-ares=1.34.5=hb9d3cd8_0
  - ca-certificates=2025.1.31=hbcca054_0
  - cachecontrol=0.14.2=pyha770c72_0
  - cachecontrol-with-filecache=0.14.2=pyhd8ed1ab_0
  - cached-property=1.5.2=hd8ed1ab_1
  - cached_property=1.5.2=pyha770c72_1
  - cachetools=5.5.2=pyhd8ed1ab_0
  - cairo=1.18.4=h3394656_0
  - catalystcoop.dbfread=3.0.0=pyhd8ed1ab_1
  - catalystcoop.ferc_xbrl_extractor=1.5.2=pyhd8ed1ab_0
  - cattrs=24.1.2=pyhd8ed1ab_1
  - certifi=2025.1.31=pyhd8ed1ab_0
  - cffi=1.17.1=py312h06ac9bb_0
  - cfgv=3.3.1=pyhd8ed1ab_1
  - chardet=5.2.0=pyhd8ed1ab_3
  - charset-normalizer=3.4.1=pyhd8ed1ab_0
  - click=8.1.8=pyh707e725_0
  - click-default-group=1.2.4=pyhd8ed1ab_1
  - cloudpickle=3.1.1=pyhd8ed1ab_0
  - colorama=0.4.6=pyhd8ed1ab_1
  - coloredlogs=14.0=pyhd8ed1ab_3
  - comm=0.2.2=pyhd8ed1ab_1
  - conda-lock=3.0.0=pyha804496_0
  - contourpy=1.3.1=py312h68727a3_0
  - coverage=7.8.0=py312h178313f_0
  - crashtest=0.4.1=pyhd8ed1ab_1
  - cryptography=44.0.2=py312hda17c39_0
  - curl=8.13.0=h332b0f4_0
  - cycler=0.12.1=pyhd8ed1ab_1
  - cyrus-sasl=2.1.27=h54b06d7_7
  - cytoolz=1.0.1=py312h66e93f0_0
  - daff=1.3.46=pyhd8ed1ab_1
  - dagster=1.10.10=pyh56b92e0_12
  - dagster-dbt=1!0.26.10=pyh29332c3_0
  - dagster-graphql=1.10.10=pyh56b92e0_0
  - dagster-pipes=1.10.10=pyh56b92e0_0
  - dagster-postgres=1!0.26.10=pyh29332c3_0
  - dagster-shared=0.26.10=pyh56b92e0_0
  - dagster-webserver=1.10.10=pyh56b92e0_0
  - dask=2025.3.0=pyhd8ed1ab_0
  - dask-core=2025.3.0=pyhd8ed1ab_0
  - dask-expr=2.0.0=pyhd8ed1ab_0
  - databricks-sdk=0.49.0=pyhd8ed1ab_0
  - datasette=0.65.1=pyhd8ed1ab_0
  - dbt-adapters=1.14.5=pyhd8ed1ab_0
  - dbt-common=1.17.0=pyhd8ed1ab_0
  - dbt-core=1.9.4=pyhd8ed1ab_0
  - dbt-duckdb=1.9.2=pyhd8ed1ab_0
  - dbt-extractor=0.6.0=py312h12e396e_0
  - dbt-semantic-interfaces=0.7.4=pyhf696b4e_0
  - dbus=1.13.6=h5008d03_3
  - debugpy=1.8.14=py312h2ec8cdc_0
  - decorator=5.2.1=pyhd8ed1ab_0
  - deepdiff=7.0.1=pyhd8ed1ab_0
  - defusedxml=0.7.1=pyhd8ed1ab_0
  - deprecated=1.2.18=pyhd8ed1ab_0
  - distlib=0.3.9=pyhd8ed1ab_1
  - distributed=2025.3.0=pyhd8ed1ab_0
  - dnspython=2.7.0=pyhff2d567_1
  - doc8=1.1.2=pyhd8ed1ab_2
  - docker-py=7.1.0=pyhd8ed1ab_1
  - docstring_parser=0.16=pyhd8ed1ab_0
  - docutils=0.21.2=pyhd8ed1ab_1
  - dulwich=0.22.8=py312h12e396e_0
  - email-validator=2.2.0=pyhd8ed1ab_1
  - email_validator=2.2.0=hd8ed1ab_1
  - ensureconda=1.4.7=pyh29332c3_0
  - epoxy=1.5.10=h166bdaf_1
  - et_xmlfile=2.0.0=pyhd8ed1ab_1
  - exceptiongroup=1.2.2=pyhd8ed1ab_1
  - execnet=2.1.1=pyhd8ed1ab_1
  - executing=2.1.0=pyhd8ed1ab_1
  - expat=2.7.0=h5888daf_0
  - fastapi=0.115.12=pyh29332c3_0
  - fastapi-cli=0.0.7=pyhd8ed1ab_0
  - filelock=3.18.0=pyhd8ed1ab_0
  - flask=3.1.0=pyhd8ed1ab_1
  - flexcache=0.3=pyhd8ed1ab_1
  - flexparser=0.4=pyhd8ed1ab_1
  - folium=0.19.5=pyhd8ed1ab_0
  - font-ttf-dejavu-sans-mono=2.37=hab24e00_0
  - font-ttf-inconsolata=3.000=h77eed37_0
  - font-ttf-source-code-pro=2.038=h77eed37_0
  - font-ttf-ubuntu=0.83=h77eed37_3
  - fontconfig=2.15.0=h7e30c49_1
  - fonts-conda-ecosystem=1=0
  - fonts-conda-forge=1=0
  - fonttools=4.57.0=py312h178313f_0
  - fqdn=1.5.1=pyhd8ed1ab_1
  - freetype=2.13.3=h48d6fc4_0
  - freexl=2.0.0=h9dce30a_2
  - fribidi=1.0.10=h36c2ea0_0
  - frictionless=5.18.0=pyhd8ed1ab_1
  - frozenlist=1.5.0=py312h178313f_1
  - fsspec=2025.3.2=pyhd8ed1ab_0
  - furo=2024.8.6=pyhd8ed1ab_2
  - future=1.0.0=pyhd8ed1ab_2
  - gcsfs=2025.3.2=pyhd8ed1ab_0
  - gdal=3.10.3=py312h546fd74_2
  - gdk-pixbuf=2.42.12=hb9ae30d_0
  - geopandas=1.0.1=pyhd8ed1ab_3
  - geopandas-base=1.0.1=pyha770c72_3
  - geos=3.13.1=h97f6797_0
  - geotiff=1.7.4=h239500f_2
  - gflags=2.2.2=h5888daf_1005
  - giflib=5.2.2=hd590300_0
  - gitdb=4.0.12=pyhd8ed1ab_0
  - gitpython=3.1.44=pyhff2d567_0
  - glib-tools=2.84.1=h4833e2c_0
  - glog=0.7.1=hbabe93e_0
  - glpk=5.0=h445213a_0
  - gmp=6.3.0=hac33072_2
  - google-api-core=2.24.2=pyhd8ed1ab_0
  - google-auth=2.38.0=pyhd8ed1ab_0
  - google-auth-oauthlib=1.2.1=pyhd8ed1ab_1
  - google-cloud-core=2.4.3=pyhd8ed1ab_0
  - google-cloud-sdk=516.0.0=py312h7900ff3_0
  - google-cloud-storage=3.1.0=pyhd8ed1ab_0
  - google-crc32c=1.7.1=py312hb42adb9_0
  - google-resumable-media=2.7.2=pyhd8ed1ab_2
  - googleapis-common-protos=1.69.2=pyhd8ed1ab_0
  - gql=3.5.0=pyhd8ed1ab_2
  - gql-with-requests=3.5.0=hd8ed1ab_2
  - graphene=3.4.3=pyhd8ed1ab_1
  - graphite2=1.3.13=h59595ed_1003
  - graphql-core=3.2.6=pyh29332c3_0
  - graphql-relay=3.2.0=pyhd8ed1ab_1
  - graphviz=12.2.1=h5ae0cbf_1
  - greenlet=3.1.1=py312h2ec8cdc_1
  - grpcio=1.71.0=py312h9c3ccc5_0
  - grpcio-health-checking=1.71.0=pyh29332c3_0
  - grpcio-status=1.71.0=pyhd8ed1ab_0
  - gtk3=3.24.43=h0c6a113_5
  - gts=0.7.6=h977cf35_4
  - gunicorn=23.0.0=py312h7900ff3_1
  - h11=0.14.0=pyhd8ed1ab_1
  - h2=4.2.0=pyhd8ed1ab_0
  - h3-py=4.2.2=py312h2ec8cdc_0
  - harfbuzz=11.0.1=h2c12942_0
  - hicolor-icon-theme=0.17=ha770c72_2
  - hpack=4.1.0=pyhd8ed1ab_0
  - httpcore=1.0.7=pyh29332c3_1
  - httptools=0.6.4=py312h66e93f0_0
  - httpx=0.28.1=pyhd8ed1ab_0
  - humanfriendly=10.0=pyh707e725_8
  - humanize=4.12.2=pyhd8ed1ab_0
  - hupper=1.12.1=pyhd8ed1ab_1
  - hyperframe=6.1.0=pyhd8ed1ab_0
  - hypothesis=6.131.0=pyha770c72_0
  - icu=75.1=he02047a_0
  - identify=2.6.9=pyhd8ed1ab_0
  - idna=3.10=pyhd8ed1ab_1
  - imagesize=1.4.1=pyhd8ed1ab_0
  - importlib-metadata=6.10.0=pyha770c72_0
  - importlib_resources=6.5.2=pyhd8ed1ab_0
  - iniconfig=2.0.0=pyhd8ed1ab_1
  - ipykernel=6.29.5=pyh3099207_0
  - ipython=9.1.0=pyhfb0248b_0
  - ipython_pygments_lexers=1.1.1=pyhd8ed1ab_0
  - ipywidgets=8.1.6=pyhd8ed1ab_0
  - isodate=0.6.1=pyhd8ed1ab_0
  - isoduration=20.11.0=pyhd8ed1ab_1
  - itsdangerous=2.2.0=pyhd8ed1ab_1
  - janus=2.0.0=pyhd8ed1ab_0
  - jaraco.classes=3.4.0=pyhd8ed1ab_2
  - jaraco.context=6.0.1=pyhd8ed1ab_0
  - jaraco.functools=4.1.0=pyhd8ed1ab_0
  - jedi=0.19.2=pyhd8ed1ab_1
  - jeepney=0.9.0=pyhd8ed1ab_0
  - jellyfish=1.1.3=py312h12e396e_0
  - jinja2=3.1.6=pyhd8ed1ab_0
  - jmespath=1.0.1=pyhd8ed1ab_1
  - joblib=1.4.2=pyhd8ed1ab_1
  - json-c=0.18=h6688a6e_0
  - json5=0.12.0=pyhd8ed1ab_0
  - jsonpointer=3.0.0=py312h7900ff3_1
  - jsonschema=4.23.0=pyhd8ed1ab_1
  - jsonschema-specifications=2024.10.1=pyhd8ed1ab_1
  - jsonschema-with-format-nongpl=4.23.0=hd8ed1ab_1
  - jupyter=1.1.1=pyhd8ed1ab_1
  - jupyter-lsp=2.2.5=pyhd8ed1ab_1
  - jupyter-resource-usage=1.1.1=pyhd8ed1ab_0
  - jupyter_client=8.6.3=pyhd8ed1ab_1
  - jupyter_console=6.6.3=pyhd8ed1ab_1
  - jupyter_core=5.7.2=pyh31011fe_1
  - jupyter_events=0.12.0=pyh29332c3_0
  - jupyter_server=2.15.0=pyhd8ed1ab_0
  - jupyter_server_terminals=0.5.3=pyhd8ed1ab_1
  - jupyterlab=4.4.0=pyhd8ed1ab_0
  - jupyterlab-lsp=5.1.0=pyhd8ed1ab_3
  - jupyterlab_pygments=0.3.0=pyhd8ed1ab_2
  - jupyterlab_server=2.27.3=pyhd8ed1ab_1
  - jupyterlab_widgets=3.0.14=pyhd8ed1ab_0
  - keyring=25.6.0=pyha804496_0
  - keyutils=1.6.1=h166bdaf_0
  - kiwisolver=1.4.8=py312h84d6215_0
  - krb5=1.21.3=h659f571_0
  - latexcodec=2.0.1=pyh9f0ad1d_0
  - lcms2=2.17=h717163a_0
  - ld_impl_linux-64=2.43=h712a8e2_4
  - leather=0.4.0=pyhd8ed1ab_0
  - lerc=4.0.0=h27087fc_0
  - libabseil=20250127.1=cxx17_hbbce691_0
  - libarchive=3.7.7=h4585015_3
  - libarrow=19.0.1=hb90904d_7_cpu
  - libarrow-acero=19.0.1=hcb10f89_7_cpu
  - libarrow-dataset=19.0.1=hcb10f89_7_cpu
  - libarrow-substrait=19.0.1=h1bed206_7_cpu
  - libblas=3.9.0=31_h59b9bed_openblas
  - libbrotlicommon=1.1.0=hb9d3cd8_2
  - libbrotlidec=1.1.0=hb9d3cd8_2
  - libbrotlienc=1.1.0=hb9d3cd8_2
  - libcblas=3.9.0=31_he106b2a_openblas
  - libcrc32c=1.1.2=h9c3ff4c_0
  - libcups=2.3.3=h4637d8d_4
  - libcurl=8.13.0=h332b0f4_0
  - libdeflate=1.23=h4ddbbb0_0
  - libedit=3.1.20250104=pl5321h7949ede_0
  - libev=4.33=hd590300_2
  - libevent=2.1.12=hf998b51_1
  - libexpat=2.7.0=h5888daf_0
  - libffi=3.4.6=h2dba641_1
  - libgcc=14.2.0=h767d61c_2
  - libgcc-ng=14.2.0=h69a702a_2
  - libgd=2.3.3=h6f5c62b_11
  - libgdal-core=3.10.3=hab2de9c_2
  - libgfortran=14.2.0=h69a702a_2
  - libgfortran5=14.2.0=hf1ad2bd_2
  - libglib=2.84.1=h2ff4ddf_0
  - libgomp=14.2.0=h767d61c_2
  - libgoogle-cloud=2.36.0=hc4361e1_1
  - libgoogle-cloud-storage=2.36.0=h0121fbd_1
  - libgrpc=1.71.0=he753a82_0
  - libiconv=1.18=h4ce23a2_1
  - libjpeg-turbo=3.0.0=hd590300_1
  - libkml=1.3.0=hf539b9f_1021
  - liblapack=3.9.0=31_h7ac8fdf_openblas
  - liblzma=5.8.1=hb9d3cd8_0
  - libnghttp2=1.64.0=h161d5f1_0
  - libnsl=2.0.1=hd590300_0
  - libntlm=1.8=hb9d3cd8_0
  - libopenblas=0.3.29=pthreads_h94d23a6_0
  - libopentelemetry-cpp=1.20.0=hd1b1c89_0
  - libopentelemetry-cpp-headers=1.20.0=ha770c72_0
  - libparquet=19.0.1=h081d1f1_7_cpu
  - libpng=1.6.47=h943b412_0
  - libpq=17.4=h27ae623_1
  - libprotobuf=5.29.3=h501fc15_0
  - libre2-11=2024.07.02=hba17884_3
  - librsvg=2.58.4=he92a37e_3
  - librttopo=1.1.0=hd718a1a_18
  - libsodium=1.0.20=h4ab18f5_0
  - libspatialite=5.1.0=he17ca71_14
  - libsqlite=3.49.1=hee588c1_2
  - libssh2=1.11.1=hf672d98_0
  - libstdcxx=14.2.0=h8f9b012_2
  - libstdcxx-ng=14.2.0=h4852527_2
  - libthrift=0.21.0=h0e7cc3e_0
  - libtiff=4.7.0=hd9ff511_3
  - libutf8proc=2.10.0=h4c51ac1_0
  - libuuid=2.38.1=h0b41bf4_0
  - libuv=1.50.0=hb9d3cd8_0
  - libwebp-base=1.5.0=h851e524_0
  - libxcb=1.17.0=h8a09558_0
  - libxcrypt=4.4.36=hd590300_1
  - libxkbcommon=1.8.1=hc4a0caf_0
  - libxml2=2.13.7=h4bc477f_1
  - libxslt=1.1.39=h76b75d6_0
  - libzlib=1.3.1=hb9d3cd8_2
  - llvmlite=0.44.0=py312h374181b_1
  - locket=1.0.0=pyhd8ed1ab_0
  - lsprotocol=2023.0.1=pyhd8ed1ab_1
  - lxml=5.3.2=py312h68d7fa5_0
  - lz4=4.3.3=py312hf0f0c11_2
  - lz4-c=1.10.0=h5888daf_1
  - lzo=2.10=hd590300_1001
  - mako=1.3.10=pyhd8ed1ab_0
  - mapclassify=2.8.1=pyhd8ed1ab_1
  - markdown=3.6=pyhd8ed1ab_0
  - markdown-it-py=3.0.0=pyhd8ed1ab_1
  - marko=2.1.3=pyhd8ed1ab_0
  - markupsafe=3.0.2=py312h178313f_1
  - mashumaro=3.14=pyhd8ed1ab_0
  - matplotlib-base=3.10.1=py312hd3ec401_0
  - matplotlib-inline=0.1.7=pyhd8ed1ab_1
  - mdurl=0.1.2=pyhd8ed1ab_1
  - mergedeep=1.3.4=pyhd8ed1ab_1
  - minizip=4.0.9=h05a5f5f_0
  - mistune=3.1.3=pyh29332c3_0
  - mlflow=2.21.3=h7900ff3_0
  - mlflow-skinny=2.21.3=h7900ff3_0
  - mlflow-ui=2.21.3=py312h7900ff3_0
  - more-itertools=10.6.0=pyhd8ed1ab_0
  - msgpack-python=1.1.0=py312h68727a3_0
  - multidict=6.3.2=py312h178313f_0
  - munkres=1.1.4=pyh9f0ad1d_0
  - mypy_extensions=1.0.0=pyha770c72_1
  - narwhals=1.34.1=pyhd8ed1ab_0
  - nbclient=0.10.2=pyhd8ed1ab_0
  - nbconvert=7.16.6=hb482800_0
  - nbconvert-core=7.16.6=pyh29332c3_0
  - nbconvert-pandoc=7.16.6=hed9df3c_0
  - nbformat=5.10.4=pyhd8ed1ab_1
  - ncurses=6.5=h2d0b736_3
  - nest-asyncio=1.6.0=pyhd8ed1ab_1
  - networkx=3.4.2=pyh267e887_2
  - nlohmann_json=3.12.0=h3f2d84a_0
  - nodeenv=1.9.1=pyhd8ed1ab_1
  - nodejs=22.13.0=hf235a45_0
  - nomkl=1.0=h5ca1d4c_0
  - notebook=7.4.0=pyhd8ed1ab_0
  - notebook-shim=0.2.4=pyhd8ed1ab_1
  - numba=0.61.2=py312h2e6246c_0
  - numexpr=2.10.2=py312h6a710ac_100
  - numpy=2.2.4=py312h72c5963_0
  - oauthlib=3.2.2=pyhd8ed1ab_1
  - openjpeg=2.5.3=h5fbd93e_0
  - openldap=2.6.9=he970967_0
  - openpyxl=3.1.5=py312h710cb58_1
  - openssl=3.5.0=h7b32b05_0
  - opentelemetry-api=1.32.0=pyhd8ed1ab_0
  - opentelemetry-sdk=1.32.0=pyhd8ed1ab_0
  - opentelemetry-semantic-conventions=0.53b0=pyh3cfb1c2_0
  - orc=2.1.1=h17f744e_1
  - ordered-set=4.1.0=pyhd8ed1ab_1
  - orjson=3.10.16=py312h12e396e_0
  - overrides=7.7.0=pyhd8ed1ab_1
  - packaging=24.2=pyhd8ed1ab_2
  - pandas=2.2.3=py312hf9745cd_3
  - pandera-core=0.23.1=pyhd8ed1ab_0
  - pandoc=3.6.4=ha770c72_0
  - pandocfilters=1.5.0=pyhd8ed1ab_0
  - pango=1.56.3=h9ac818e_1
  - paramiko=3.5.1=pyhd8ed1ab_0
  - parsedatetime=2.4=py_1
  - parso=0.8.4=pyhd8ed1ab_1
  - partd=1.4.2=pyhd8ed1ab_0
  - pathspec=0.12.1=pyhd8ed1ab_1
  - pbr=6.1.1=pyhd8ed1ab_1
  - pcre2=10.44=hba22ea6_2
  - petl=1.7.16=pyhd8ed1ab_0
  - pexpect=4.9.0=pyhd8ed1ab_1
  - pickleshare=0.7.5=pyhd8ed1ab_1004
  - pillow=11.1.0=py312h80c1187_0
  - pip=25.0.1=pyh8b19718_0
  - pixman=0.44.2=h29eaf8c_0
  - pkginfo=1.12.1.2=pyhd8ed1ab_0
  - pkgutil-resolve-name=1.3.10=pyhd8ed1ab_2
  - platformdirs=4.3.7=pyh29332c3_0
  - pluggy=1.5.0=pyhd8ed1ab_1
  - pre-commit=4.2.0=pyha770c72_0
  - prettier=3.5.3=hdfa8007_0
  - proj=9.6.0=h0054346_1
  - prometheus-cpp=1.3.0=ha5d0236_0
  - prometheus_client=0.21.1=pyhd8ed1ab_0
  - prometheus_flask_exporter=0.23.2=pyhd8ed1ab_0
  - prompt-toolkit=3.0.50=pyha770c72_0
  - prompt_toolkit=3.0.50=hd8ed1ab_0
  - propcache=0.3.1=py312h178313f_0
  - proto-plus=1.26.1=pyhd8ed1ab_0
  - protobuf=5.29.3=py312h0f4f066_0
  - psutil=5.9.8=py312h98912ed_0
  - psycopg2=2.9.9=py312hfaedaf9_2
  - psycopg2-binary=2.9.9=pyhd8ed1ab_0
  - pthread-stubs=0.4=hb9d3cd8_1002
  - ptyprocess=0.7.0=pyhd8ed1ab_1
  - pure_eval=0.2.3=pyhd8ed1ab_1
  - pyarrow=19.0.1=py312h7900ff3_0
  - pyarrow-core=19.0.1=py312h01725c0_0_cpu
  - pyasn1=0.6.1=pyhd8ed1ab_2
  - pyasn1-modules=0.4.2=pyhd8ed1ab_0
  - pybtex=0.24.0=pyhd8ed1ab_3
  - pybtex-docutils=1.0.3=py312h7900ff3_2
  - pycparser=2.22=pyh29332c3_1
  - pydantic=2.11.3=pyh3cfb1c2_0
  - pydantic-core=2.33.1=py312h3b7be25_0
  - pydantic-settings=2.8.1=pyh3cfb1c2_0
  - pygls=1.3.1=pyhd8ed1ab_1
  - pygments=2.19.1=pyhd8ed1ab_0
  - pygraphviz=1.14=py312h011e53f_0
  - pyicu=2.15=py312hdab4cef_0
  - pyjwt=2.10.1=pyhd8ed1ab_0
  - pynacl=1.5.0=py312h66e93f0_4
  - pyogrio=0.10.0=py312h02b19dd_1
  - pyopenssl=25.0.0=pyhd8ed1ab_0
  - pyparsing=3.2.3=pyhd8ed1ab_1
  - pyproj=3.7.1=py312h03c6e1f_1
  - pyproject_hooks=1.2.0=pyhd8ed1ab_1
  - pysocks=1.7.1=pyha55dd90_7
  - pytest=8.3.5=pyhd8ed1ab_0
  - pytest-console-scripts=1.4.1=pyhd8ed1ab_1
  - pytest-cov=6.1.1=pyhd8ed1ab_0
  - pytest-mock=3.14.0=pyhd8ed1ab_1
  - pytest-xdist=3.6.1=pyhd8ed1ab_1
  - python=3.12.10=h9e4cc4f_0_cpython
  - python-build=1.2.2.post1=pyhff2d567_1
  - python-calamine=0.3.2=py312h12e396e_0
  - python-dateutil=2.9.0.post0=pyhff2d567_1
  - python-dotenv=1.1.0=pyh29332c3_1
  - python-duckdb=1.2.1=py312h2ec8cdc_0
  - python-fastjsonschema=2.21.1=pyhd8ed1ab_0
  - python-igraph=0.11.8=py312h3262465_0
  - python-installer=0.7.0=pyhff2d567_1
  - python-json-logger=2.0.7=pyhd8ed1ab_0
  - python-multipart=0.0.20=pyhff2d567_0
  - python-slugify=8.0.4=pyhd8ed1ab_1
  - python-tzdata=2025.2=pyhd8ed1ab_0
  - python_abi=3.12=6_cp312
  - pytimeparse=1.1.8=py_0
  - pytz=2025.2=pyhd8ed1ab_0
  - pyu2f=0.1.5=pyhd8ed1ab_1
  - pywin32-on-windows=0.1.0=pyh1179c8e_3
  - pyyaml=6.0.2=py312h178313f_2
  - pyzmq=26.4.0=py312hbf22597_0
  - qhull=2020.2=h434a139_5
  - querystring_parser=1.2.4=pyhd8ed1ab_2
  - re2=2024.07.02=h9925aae_3
  - readline=8.2=h8c095d6_2
  - readthedocs-sphinx-ext=2.2.5=pyhd8ed1ab_1
  - referencing=0.36.2=pyh29332c3_0
  - regex=2024.11.6=py312h66e93f0_0
  - requests=2.32.3=pyhd8ed1ab_1
  - requests-oauthlib=2.0.0=pyhd8ed1ab_1
  - requests-toolbelt=1.0.0=pyhd8ed1ab_1
  - responses=0.25.7=pyhd8ed1ab_0
  - restructuredtext_lint=1.4.0=pyhd8ed1ab_1
  - rfc3339-validator=0.1.4=pyhd8ed1ab_1
  - rfc3986=2.0.0=pyhd8ed1ab_1
  - rfc3986-validator=0.1.1=pyh9f0ad1d_0
  - rich=14.0.0=pyh29332c3_0
  - rich-toolkit=0.11.3=pyh29332c3_0
  - roman-numerals-py=3.1.0=pyhd8ed1ab_0
  - rpds-py=0.24.0=py312h3b7be25_0
  - rsa=4.9=pyhd8ed1ab_1
  - ruamel.yaml=0.18.10=py312h66e93f0_0
  - ruamel.yaml.clib=0.2.8=py312h66e93f0_1
  - ruff=0.11.5=py312h286b59f_0
  - ruff-lsp=0.0.62=pyhd8ed1ab_0
  - s2n=1.5.15=hd830067_0
  - s3fs=2025.3.2=pyhd8ed1ab_0
  - s3transfer=0.11.3=pyhd8ed1ab_0
  - scikit-learn=1.6.1=py312h7a48858_0
  - scipy=1.15.2=py312ha707e6e_0
  - secretstorage=3.3.3=py312h7900ff3_3
  - semver=3.0.4=pyhd8ed1ab_0
  - send2trash=1.8.3=pyh0d859eb_1
  - setuptools=78.1.0=pyhff2d567_0
  - shapely=2.1.0=py312h21f5128_0
  - shellingham=1.5.4=pyhd8ed1ab_1
  - simpleeval=0.9.13=pyhd8ed1ab_1
  - six=1.17.0=pyhd8ed1ab_0
  - smmap=5.0.2=pyhd8ed1ab_0
  - snappy=1.2.1=h8bd8927_1
  - sniffio=1.3.1=pyhd8ed1ab_1
  - snowballstemmer=2.2.0=pyhd8ed1ab_0
  - snowplow-tracker=1.0.4=pyhd8ed1ab_0
  - sortedcontainers=2.4.0=pyhd8ed1ab_1
  - soupsieve=2.5=pyhd8ed1ab_1
  - sphinx=8.2.3=pyhd8ed1ab_0
  - sphinx-autoapi=3.5.0=pyhd8ed1ab_0
  - sphinx-basic-ng=1.0.0b2=pyhd8ed1ab_3
  - sphinx-issues=5.0.1=pyhd8ed1ab_0
  - sphinx-reredirects=0.1.6=pyhd8ed1ab_0
  - sphinxcontrib-applehelp=2.0.0=pyhd8ed1ab_1
  - sphinxcontrib-bibtex=2.6.3=pyhd8ed1ab_1
  - sphinxcontrib-devhelp=2.0.0=pyhd8ed1ab_1
  - sphinxcontrib-googleanalytics=0.4=pyhd8ed1ab_0
  - sphinxcontrib-htmlhelp=2.1.0=pyhd8ed1ab_1
  - sphinxcontrib-jsmath=1.0.1=pyhd8ed1ab_1
  - sphinxcontrib-qthelp=2.0.0=pyhd8ed1ab_1
  - sphinxcontrib-serializinghtml=1.1.10=pyhd8ed1ab_1
  - splink=4.0.7=pyhd8ed1ab_1
  - sqlalchemy=2.0.40=py312h66e93f0_0
  - sqlglot=26.13.0=pyhd8ed1ab_0
  - sqlglot-rs=26.13.0=hd8ed1ab_0
  - sqlglotrs=0.4.0=py312h12e396e_0
  - sqlite=3.49.1=h9eae976_2
  - sqlparse=0.5.3=pyhd8ed1ab_0
  - stack_data=0.6.3=pyhd8ed1ab_1
  - starlette=0.46.1=pyha770c72_0
  - stdlib-list=0.11.1=pyhd8ed1ab_0
  - stevedore=5.4.1=pyhd8ed1ab_0
  - stringcase=1.2.0=pyhd8ed1ab_2
  - structlog=25.2.0=pyhd8ed1ab_0
  - tabulate=0.9.0=pyhd8ed1ab_2
  - tblib=3.1.0=pyhd8ed1ab_0
  - terminado=0.18.1=pyh0d859eb_0
  - terraform=1.11.3=h76a2195_0
  - text-unidecode=1.3=pyhd8ed1ab_2
  - texttable=1.7.0=pyhd8ed1ab_1
  - threadpoolctl=3.6.0=pyhecae5ae_0
  - timezonefinder=6.5.9=py312h66e93f0_0
  - tinycss2=1.4.0=pyhd8ed1ab_0
  - tk=8.6.13=noxft_h4845f30_101
  - toml=0.10.2=pyhd8ed1ab_1
  - tomli=2.2.1=pyhd8ed1ab_1
  - tomlkit=0.13.2=pyha770c72_1
  - toolz=1.0.0=pyhd8ed1ab_1
  - toposort=1.10=pyhd8ed1ab_1
  - tornado=6.4.2=py312h66e93f0_0
  - tqdm=4.67.1=pyhd8ed1ab_1
  - traitlets=5.14.3=pyhd8ed1ab_1
  - trove-classifiers=2025.4.11.15=pyhd8ed1ab_0
  - typeguard=4.4.2=pyhd8ed1ab_0
  - typer=0.15.2=pyhff008b6_0
  - typer-slim=0.15.2=pyh29332c3_0
  - typer-slim-standard=0.15.2=h801b22e_0
  - types-python-dateutil=2.9.0.20241206=pyhd8ed1ab_0
  - types-pyyaml=6.0.12.20250402=pyhd8ed1ab_0
  - types-requests=2.32.0.20250306=pyhd8ed1ab_0
  - typing-extensions=4.13.2=h0e9735f_0
  - typing-inspection=0.4.0=pyhd8ed1ab_0
  - typing_extensions=4.13.2=pyh29332c3_0
  - typing_inspect=0.9.0=pyhd8ed1ab_1
  - typing_utils=0.1.0=pyhd8ed1ab_1
  - tzdata=2025b=h78e105d_0
  - ukkonen=1.0.1=py312h68727a3_5
  - unicodedata2=16.0.0=py312h66e93f0_0
  - universal_pathlib=0.2.6=pyhd8ed1ab_0
  - uri-template=1.3.0=pyhd8ed1ab_1
  - uriparser=0.9.8=hac33072_0
  - urllib3=2.4.0=pyhd8ed1ab_0
  - uvicorn=0.34.0=pyh31011fe_0
  - uvicorn-standard=0.34.0=h31011fe_0
  - uvloop=0.21.0=py312h66e93f0_1
  - validators=0.34.0=pyhd8ed1ab_1
  - virtualenv=20.30.0=pyhd8ed1ab_0
  - watchdog=5.0.3=py312h7900ff3_0
  - watchfiles=0.24.0=py312h12e396e_1
  - wayland=1.23.1=h3e06ad9_0
  - wcwidth=0.2.13=pyhd8ed1ab_1
  - webcolors=24.11.1=pyhd8ed1ab_0
  - webencodings=0.5.1=pyhd8ed1ab_3
  - websocket-client=1.8.0=pyhd8ed1ab_1
  - websockets=11.0.3=py312h98912ed_1
  - werkzeug=3.1.3=pyhd8ed1ab_1
  - wheel=0.45.1=pyhd8ed1ab_1
  - widgetsnbextension=4.0.14=pyhd8ed1ab_0
  - wrapt=1.17.2=py312h66e93f0_0
  - xerces-c=3.2.5=h988505b_2
  - xkeyboard-config=2.43=hb9d3cd8_0
  - xlsxwriter=3.2.2=pyhd8ed1ab_0
  - xorg-libice=1.1.2=hb9d3cd8_0
  - xorg-libsm=1.2.6=he73a12e_0
  - xorg-libx11=1.8.12=h4f16b4b_0
  - xorg-libxau=1.0.12=hb9d3cd8_0
  - xorg-libxcomposite=0.4.6=hb9d3cd8_2
  - xorg-libxcursor=1.2.3=hb9d3cd8_0
  - xorg-libxdamage=1.1.6=hb9d3cd8_0
  - xorg-libxdmcp=1.1.5=hb9d3cd8_0
  - xorg-libxext=1.3.6=hb9d3cd8_0
  - xorg-libxfixes=6.0.1=hb9d3cd8_0
  - xorg-libxi=1.8.2=hb9d3cd8_0
  - xorg-libxinerama=1.1.5=h5888daf_1
  - xorg-libxrandr=1.5.4=hb9d3cd8_0
  - xorg-libxrender=0.9.12=hb9d3cd8_0
  - xorg-libxtst=1.2.5=hb9d3cd8_3
  - xyzservices=2025.1.0=pyhd8ed1ab_0
  - yaml=0.2.5=h7f98852_2
  - yarl=1.18.3=py312h178313f_1
  - zeromq=4.3.5=h3b0a872_7
  - zict=3.0.0=pyhd8ed1ab_1
  - zip=3.0=hd590300_3
  - zipp=3.21.0=pyhd8ed1ab_1
  - zlib=1.3.1=hb9d3cd8_2
  - zstandard=0.23.0=py312h66e93f0_1
  - zstd=1.5.7=hb8e6e7a_2
