# Generated by conda-lock.
# platform: osx-arm64
# input_hash: be69e654cbfa0490502daa5ffce98159d2eae4164bba154ba5c02151b85e78b9

channels:
  - conda-forge
dependencies:
  - adwaita-icon-theme=48.1=unix_0
  - agate=1.9.1=pyh707e725_1
  - aiobotocore=2.23.0=pyhd8ed1ab_0
  - aiofiles=24.1.0=pyhd8ed1ab_1
  - aiohappyeyeballs=2.6.1=pyhd8ed1ab_0
  - aiohttp=3.12.13=py312h998013c_0
  - aioitertools=0.12.0=pyhd8ed1ab_1
  - aiosignal=1.3.2=pyhd8ed1ab_0
  - alabaster=1.0.0=pyhd8ed1ab_1
  - alembic=1.16.2=pyhd8ed1ab_0
  - altair=5.5.0=pyhd8ed1ab_1
  - annotated-types=0.7.0=pyhd8ed1ab_1
  - antlr-python-runtime=4.13.2=pyhd8ed1ab_1
  - anyio=4.9.0=pyh29332c3_0
  - appdirs=1.4.4=pyhd8ed1ab_1
  - appnope=0.1.4=pyhd8ed1ab_1
  - arelle-release=2.37.28=pyhd8ed1ab_0
  - argon2-cffi=25.1.0=pyhd8ed1ab_0
  - argon2-cffi-bindings=21.2.0=py312h024a12e_5
  - arpack=3.9.1=nompi_h1f29f7c_102
  - arrow=1.3.0=pyhd8ed1ab_1
  - asgi-csrf=0.11=pyhff2d567_0
  - asgiref=3.8.1=pyhd8ed1ab_1
  - astroid=3.3.10=py312h81bd7bf_0
  - asttokens=3.0.0=pyhd8ed1ab_1
  - async-lru=2.0.5=pyh29332c3_0
  - atk-1.0=2.38.0=hd03087b_2
  - attrs=25.3.0=pyh71513ae_0
  - aws-c-auth=0.9.0=hb5b73c5_15
  - aws-c-cal=0.9.2=h03444cf_0
  - aws-c-common=0.12.3=h5505292_0
  - aws-c-compression=0.3.1=hca07070_5
  - aws-c-event-stream=0.5.4=h40449bf_12
  - aws-c-http=0.10.2=hb5bd760_2
  - aws-c-io=0.20.1=hf355ecc_0
  - aws-c-mqtt=0.13.1=h923d298_3
  - aws-c-s3=0.8.3=h78ecdd8_0
  - aws-c-sdkutils=0.2.4=hca07070_0
  - aws-checksums=0.2.7=hca07070_1
  - aws-crt-cpp=0.32.10=h8dc2e5d_1
  - aws-sdk-cpp=1.11.510=h83870a5_12
  - azure-core-cpp=1.14.0=hd50102c_0
  - azure-identity-cpp=1.10.0=hc602bab_0
  - azure-storage-blobs-cpp=12.13.0=h7585a09_1
  - azure-storage-common-cpp=12.8.0=h9ca1f76_1
  - azure-storage-files-datalake-cpp=12.12.0=hcdd55da_1
  - babel=2.17.0=pyhd8ed1ab_0
  - backoff=2.2.1=pyhd8ed1ab_1
  - backports=1.0=pyhd8ed1ab_5
  - backports.tarfile=1.2.0=pyhd8ed1ab_1
  - bcrypt=4.3.0=py312hd3c0895_1
  - beautifulsoup4=4.13.4=pyha770c72_0
  - bleach=6.2.0=pyh29332c3_4
  - bleach-with-css=6.2.0=h82add2a_4
  - blinker=1.9.0=pyhff2d567_0
  - blosc=1.21.6=h7dd00d9_1
  - boltons=25.0.0=pyhd8ed1ab_0
  - boto3=1.38.27=pyhd8ed1ab_0
  - botocore=1.38.27=pyge310_1234567_0
  - bottle=0.13.1=pyhd8ed1ab_0
  - bottleneck=1.5.0=py312he0011b7_0
  - branca=0.8.1=pyhd8ed1ab_0
  - brotli=1.1.0=h5505292_3
  - brotli-bin=1.1.0=h5505292_3
  - brotli-python=1.1.0=py312hd8f9ff3_3
  - bzip2=1.0.8=h99b78c6_7
  - c-ares=1.34.5=h5505292_0
  - ca-certificates=2025.6.15=hbd8a1cb_0
  - cachecontrol=0.14.3=pyha770c72_0
  - cachecontrol-with-filecache=0.14.3=pyhd8ed1ab_0
  - cached-property=1.5.2=hd8ed1ab_1
  - cached_property=1.5.2=pyha770c72_1
  - cachetools=5.5.2=pyhd8ed1ab_0
  - cairo=1.18.4=h6a3b0d2_0
  - catalystcoop.dbfread=3.0.0=pyhd8ed1ab_1
  - catalystcoop.ferc_xbrl_extractor=1.6.0=pyhd8ed1ab_0
  - cattrs=25.1.1=pyhd8ed1ab_0
  - certifi=2025.6.15=pyhd8ed1ab_0
  - cffi=1.17.1=py312h0fad829_0
  - cfgv=3.3.1=pyhd8ed1ab_1
  - chardet=5.2.0=pyhd8ed1ab_3
  - charset-normalizer=3.4.2=pyhd8ed1ab_0
  - click=8.1.8=pyh707e725_0
  - click-default-group=1.2.4=pyhd8ed1ab_1
  - cloudpickle=3.1.1=pyhd8ed1ab_0
  - colorama=0.4.6=pyhd8ed1ab_1
  - coloredlogs=14.0=pyhd8ed1ab_3
  - comm=0.2.2=pyhd8ed1ab_1
  - conda-lock=3.0.3=pyhb3ed7dc_1
  - contourpy=1.3.2=py312hb23fbb9_0
  - coverage=7.9.1=py312h998013c_0
  - crashtest=0.4.1=pyhd8ed1ab_1
  - cryptography=45.0.4=py312hf9bd80e_0
  - curl=8.14.1=h73640d1_0
  - cycler=0.12.1=pyhd8ed1ab_1
  - cyrus-sasl=2.1.28=ha1cbb27_0
  - daff=1.4.2=pyhd8ed1ab_0
  - dagster=1.11.0=pyhefa492a_12
  - dagster-dbt=1!0.27.0=pyhe01879c_0
  - dagster-graphql=1.11.0=pyhefa492a_0
  - dagster-pipes=1.11.0=pyhefa492a_0
  - dagster-postgres=1!0.27.0=pyhe01879c_0
  - dagster-shared=1.11.0=pyhefa492a_0
  - dagster-webserver=1.11.0=pyhefa492a_0
  - dask-core=2025.5.1=pyhd8ed1ab_0
  - dask-expr=2.0.0=pyhd8ed1ab_0
  - databricks-sdk=0.56.0=pyhd8ed1ab_0
  - datasette=0.65.1=pyhd8ed1ab_0
  - dbt-adapters=1.16.0=pyhd8ed1ab_0
  - dbt-common=1.24.0=pyhd8ed1ab_0
  - dbt-core=1.10.2=pyhd8ed1ab_0
  - dbt-duckdb=1.9.2=pyhd8ed1ab_0
  - dbt-extractor=0.6.0=py312hcd83bfe_0
  - dbt-protos=1.0.330=pyhe01879c_0
  - dbt-semantic-interfaces=0.8.5=pyh3cfb1c2_0
  - debugpy=1.8.14=py312hd8f9ff3_0
  - decorator=5.2.1=pyhd8ed1ab_0
  - deepdiff=7.0.1=pyhd8ed1ab_0
  - defusedxml=0.7.1=pyhd8ed1ab_0
  - deprecated=1.2.18=pyhd8ed1ab_0
  - distlib=0.3.9=pyhd8ed1ab_1
  - dnspython=2.7.0=pyhff2d567_1
  - doc8=2.0.0=pyhd8ed1ab_0
  - docker-py=7.1.0=pyhd8ed1ab_1
  - docstring_parser=0.16=pyhd8ed1ab_0
  - docutils=0.21.2=pyhd8ed1ab_1
  - dulwich=0.22.8=py312hcd83bfe_0
  - email-validator=2.2.0=pyhd8ed1ab_1
  - email_validator=2.2.0=hd8ed1ab_1
  - ensureconda=1.4.7=pyh29332c3_0
  - epoxy=1.5.10=h1c322ee_1
  - et_xmlfile=2.0.0=pyhd8ed1ab_1
  - exceptiongroup=1.3.0=pyhd8ed1ab_0
  - execnet=2.1.1=pyhd8ed1ab_1
  - executing=2.2.0=pyhd8ed1ab_0
  - fastapi=0.115.14=pyhe01879c_0
  - fastapi-cli=0.0.7=pyhd8ed1ab_0
  - filelock=3.18.0=pyhd8ed1ab_0
  - flask=3.1.1=pyhd8ed1ab_0
  - flexcache=0.3=pyhd8ed1ab_1
  - flexparser=0.4=pyhd8ed1ab_1
  - folium=0.20.0=pyhd8ed1ab_0
  - font-ttf-dejavu-sans-mono=2.37=hab24e00_0
  - font-ttf-inconsolata=3.000=h77eed37_0
  - font-ttf-source-code-pro=2.038=h77eed37_0
  - font-ttf-ubuntu=0.83=h77eed37_3
  - fontconfig=2.15.0=h1383a14_1
  - fonts-conda-ecosystem=1=0
  - fonts-conda-forge=1=0
  - fonttools=4.58.4=py312h998013c_0
  - fqdn=1.5.1=pyhd8ed1ab_1
  - freetype=2.13.3=hce30654_1
  - freexl=2.0.0=h3ab3353_2
  - fribidi=1.0.10=h27ca646_0
  - frictionless=5.18.1=pyhd8ed1ab_1
  - frozenlist=1.6.0=py312hc535dfd_0
  - fsspec=2025.5.1=pyhd8ed1ab_0
  - furo=2024.8.6=pyhd8ed1ab_2
  - future=1.0.0=pyhd8ed1ab_2
  - gcsfs=2025.5.1=pyhd8ed1ab_0
  - gdal=3.11.0=py312hcfce236_4
  - gdk-pixbuf=2.42.12=h7ddc832_0
  - geopandas=1.1.1=pyhd8ed1ab_0
  - geopandas-base=1.1.1=pyha770c72_0
  - geos=3.13.1=hc9a1286_0
  - gflags=2.2.2=hf9b8971_1005
  - giflib=5.2.2=h93a5062_0
  - gitdb=4.0.12=pyhd8ed1ab_0
  - gitpython=3.1.44=pyhff2d567_0
  - glib-tools=2.84.2=h1dc7a0c_0
  - glog=0.7.1=heb240a5_0
  - glpk=5.0=h6d7a090_0
  - gmp=6.3.0=h7bae524_2
  - google-api-core=2.25.1=pyhd8ed1ab_0
  - google-auth=2.40.3=pyhd8ed1ab_0
  - google-auth-oauthlib=1.2.2=pyhd8ed1ab_0
  - google-cloud-core=2.4.3=pyhd8ed1ab_0
  - google-cloud-sdk=528.0.0=py312h81bd7bf_0
  - google-cloud-storage=3.1.1=pyhd8ed1ab_0
  - google-crc32c=1.7.1=py312h8b359ba_0
  - google-resumable-media=2.7.2=pyhd8ed1ab_2
  - googleapis-common-protos=1.70.0=pyhd8ed1ab_0
  - gql=3.5.3=pyhd8ed1ab_0
  - gql-with-requests=3.5.3=hd8ed1ab_0
  - graphene=3.4.3=pyhd8ed1ab_1
  - graphite2=1.3.14=h286801f_0
  - graphql-core=3.2.6=pyh29332c3_0
  - graphql-relay=3.2.0=pyhd8ed1ab_1
  - graphviz=12.2.1=hff64154_1
  - greenlet=3.2.3=py312hd8f9ff3_0
  - grpcio=1.71.0=py312h803e866_1
  - grpcio-health-checking=1.71.0=pyh29332c3_0
  - grpcio-status=1.71.0=pyhd8ed1ab_0
  - gtk3=3.24.43=h07173f4_5
  - gts=0.7.6=he42f4ea_4
  - gunicorn=23.0.0=py312h81bd7bf_1
  - h11=0.16.0=pyhd8ed1ab_0
  - h2=4.2.0=pyhd8ed1ab_0
  - h3-py=4.3.0=py312hd8f9ff3_0
  - harfbuzz=11.2.1=hab40de2_0
  - hicolor-icon-theme=0.17=hce30654_2
  - hpack=4.1.0=pyhd8ed1ab_0
  - httpcore=1.0.9=pyh29332c3_0
  - httptools=0.6.4=py312hea69d52_0
  - httpx=0.28.1=pyhd8ed1ab_0
  - humanfriendly=10.0=pyh707e725_8
  - humanize=4.12.3=pyhd8ed1ab_0
  - hupper=1.12.1=pyhd8ed1ab_1
  - hyperframe=6.1.0=pyhd8ed1ab_0
  - hypothesis=6.135.17=pyha770c72_0
  - icu=75.1=hfee45f7_0
  - identify=2.6.12=pyhd8ed1ab_0
  - idna=3.10=pyhd8ed1ab_1
  - imagesize=1.4.1=pyhd8ed1ab_0
  - importlib-metadata=8.7.0=pyhe01879c_1
  - importlib_resources=6.5.2=pyhd8ed1ab_0
  - iniconfig=2.0.0=pyhd8ed1ab_1
  - ipykernel=6.29.5=pyh57ce528_0
  - ipython=9.3.0=pyhfa0c392_0
  - ipython_pygments_lexers=1.1.1=pyhd8ed1ab_0
  - ipywidgets=8.1.7=pyhd8ed1ab_0
  - isodate=0.6.1=pyhd8ed1ab_0
  - isoduration=20.11.0=pyhd8ed1ab_1
  - itsdangerous=2.2.0=pyhd8ed1ab_1
  - janus=2.0.0=pyhd8ed1ab_0
  - jaraco.classes=3.4.0=pyhd8ed1ab_2
  - jaraco.context=6.0.1=pyhd8ed1ab_0
  - jaraco.functools=4.1.0=pyhd8ed1ab_0
  - jedi=0.19.2=pyhd8ed1ab_1
  - jellyfish=1.1.3=py312hcd83bfe_0
  - jinja2=3.1.6=pyhd8ed1ab_0
  - jmespath=1.0.1=pyhd8ed1ab_1
  - joblib=1.5.1=pyhd8ed1ab_0
  - json-c=0.18=he4178ee_0
  - json5=0.12.0=pyhd8ed1ab_0
  - jsonpointer=3.0.0=py312h81bd7bf_1
  - jsonschema=4.24.0=pyhd8ed1ab_0
  - jsonschema-specifications=2025.4.1=pyh29332c3_0
  - jsonschema-with-format-nongpl=4.24.0=hd8ed1ab_0
  - jupyter=1.1.1=pyhd8ed1ab_1
  - jupyter-lsp=2.2.5=pyhe01879c_2
  - jupyter-resource-usage=1.1.1=pyhd8ed1ab_0
  - jupyter_client=8.6.3=pyhd8ed1ab_1
  - jupyter_console=6.6.3=pyhd8ed1ab_1
  - jupyter_core=5.8.1=pyh31011fe_0
  - jupyter_events=0.12.0=pyh29332c3_0
  - jupyter_server=2.16.0=pyhe01879c_0
  - jupyter_server_terminals=0.5.3=pyhd8ed1ab_1
  - jupyterlab=4.4.4=pyhd8ed1ab_0
  - jupyterlab-lsp=5.1.1=pyhe01879c_1
  - jupyterlab_pygments=0.3.0=pyhd8ed1ab_2
  - jupyterlab_server=2.27.3=pyhd8ed1ab_1
  - jupyterlab_widgets=3.0.15=pyhd8ed1ab_0
  - keyring=25.6.0=pyh534df25_0
  - kiwisolver=1.4.8=py312h2c4a281_0
  - krb5=1.21.3=h237132a_0
  - latexcodec=2.0.1=pyh9f0ad1d_0
  - lcms2=2.17=h7eeda09_0
  - leather=0.4.0=pyhd8ed1ab_0
  - lerc=4.0.0=hd64df32_1
  - libabseil=20250127.1=cxx17_h07bc746_0
  - libarchive=3.7.7=h3c2f2b0_4
  - libarrow=19.0.1=hd5f8272_16_cpu
  - libarrow-acero=19.0.1=hf07054f_16_cpu
  - libarrow-dataset=19.0.1=hf07054f_16_cpu
  - libarrow-substrait=19.0.1=he749cb8_16_cpu
  - libblas=3.9.0=32_h10e41b3_openblas
  - libbrotlicommon=1.1.0=h5505292_3
  - libbrotlidec=1.1.0=h5505292_3
  - libbrotlienc=1.1.0=h5505292_3
  - libcblas=3.9.0=32_hb3479ef_openblas
  - libcrc32c=1.1.2=hbdafb3b_0
  - libcurl=8.14.1=h73640d1_0
  - libcxx=20.1.7=ha82da77_0
  - libdeflate=1.24=h5773f1b_0
  - libedit=3.1.20250104=pl5321hafb1f1b_0
  - libev=4.33=h93a5062_2
  - libevent=2.1.12=h2757513_1
  - libexpat=2.7.0=h286801f_0
  - libffi=3.4.6=h1da3d7d_1
  - libfreetype=2.13.3=hce30654_1
  - libfreetype6=2.13.3=h1d14073_1
  - libgd=2.3.3=hb2c3a21_11
  - libgdal-core=3.11.0=h56abc88_4
  - libgfortran=5.0.0=14_2_0_h6c33f7e_103
  - libgfortran5=14.2.0=h6c33f7e_103
  - libglib=2.84.2=hbec27ea_0
  - libgoogle-cloud=2.36.0=h9484b08_1
  - libgoogle-cloud-storage=2.36.0=h7081f7f_1
  - libgrpc=1.71.0=h857da87_1
  - libhwy=1.2.0=h9a9ea7e_0
  - libiconv=1.18=hfe07756_1
  - libintl=0.24.1=h493aca8_0
  - libjpeg-turbo=3.1.0=h5505292_0
  - libjxl=0.11.1=h72d67bc_2
  - libkml=1.3.0=he250239_1021
  - liblapack=3.9.0=32_hc9a63f6_openblas
  - liblzma=5.8.1=h39f12f2_2
  - libnghttp2=1.64.0=h6d7220d_0
  - libntlm=1.8=h5505292_0
  - libopenblas=0.3.30=openmp_hf332438_0
  - libopentelemetry-cpp=1.21.0=h0181452_0
  - libopentelemetry-cpp-headers=1.21.0=hce30654_0
  - libparquet=19.0.1=h636d7b7_16_cpu
  - libpng=1.6.49=h3783ad8_0
  - libpq=17.5=h6896619_0
  - libprotobuf=5.29.3=hccd9074_1
  - libre2-11=2025.06.26=hd41c47c_0
  - librsvg=2.58.4=h266df6f_3
  - librttopo=1.1.0=h26cc057_18
  - libsodium=1.0.20=h99b78c6_0
  - libspatialite=5.1.0=hea0a7cd_14
  - libsqlite=3.50.2=h6fb428d_0
  - libssh2=1.11.1=h1590b86_0
  - libthrift=0.21.0=h64651cc_0
  - libtiff=4.7.0=h2f21f7c_5
  - libutf8proc=2.10.0=h74a6958_0
  - libuv=1.51.0=h5505292_0
  - libwebp-base=1.5.0=h2471fea_0
  - libxcb=1.17.0=hdb1d25a_0
  - libxml2=2.13.8=h52572c6_0
  - libxslt=1.1.39=h223e5b9_0
  - libzlib=1.3.1=h8359307_2
  - llvm-openmp=20.1.7=hdb05f8b_0
  - llvmlite=0.44.0=py312h728bc31_1
  - locket=1.0.0=pyhd8ed1ab_0
  - lsprotocol=2023.0.1=pyhd8ed1ab_1
  - lxml=5.4.0=py312hc2c121e_0
  - lz4-c=1.10.0=h286801f_1
  - lzo=2.10=h93a5062_1001
  - mako=1.3.10=pyhd8ed1ab_0
  - mapclassify=2.9.0=pyhd8ed1ab_0
  - markdown=3.8.2=pyhd8ed1ab_0
  - markdown-it-py=3.0.0=pyhd8ed1ab_1
  - marko=2.1.4=pyhd8ed1ab_0
  - markupsafe=3.0.2=py312h998013c_1
  - mashumaro=3.14=pyhd8ed1ab_0
  - matplotlib-base=3.10.3=py312hdbc7e53_0
  - matplotlib-inline=0.1.7=pyhd8ed1ab_1
  - mdurl=0.1.2=pyhd8ed1ab_1
  - mergedeep=1.3.4=pyhd8ed1ab_1
  - minizip=4.0.10=hff1a8ea_0
  - mistune=3.1.3=pyh29332c3_0
  - mlflow=3.1.1=py312h81bd7bf_0
  - mlflow-skinny=3.1.1=py312h81bd7bf_0
  - mlflow-ui=3.1.1=py312h81bd7bf_0
  - more-itertools=10.7.0=pyhd8ed1ab_0
  - msgpack-python=1.1.1=py312hb23fbb9_0
  - multidict=6.6.2=py312hdb8e49c_0
  - munkres=1.1.4=pyhd8ed1ab_1
  - muparser=2.3.5=h11e0b38_0
  - mypy_extensions=1.1.0=pyha770c72_0
  - narwhals=1.44.0=pyhe01879c_0
  - nbclient=0.10.2=pyhd8ed1ab_0
  - nbconvert=7.16.6=hb482800_0
  - nbconvert-core=7.16.6=pyh29332c3_0
  - nbconvert-pandoc=7.16.6=hed9df3c_0
  - nbformat=5.10.4=pyhd8ed1ab_1
  - ncurses=6.5=h5e97a16_3
  - nest-asyncio=1.6.0=pyhd8ed1ab_1
  - networkx=3.5=pyhe01879c_0
  - nlohmann_json=3.12.0=ha1acc90_0
  - nodeenv=1.9.1=pyhd8ed1ab_1
  - nodejs=22.13.0=h02a13b7_0
  - notebook=7.4.4=pyhd8ed1ab_0
  - notebook-shim=0.2.4=pyhd8ed1ab_1
  - numba=0.61.2=py312h22bc582_1
  - numexpr=2.10.2=py312hbbbb429_0
  - numpy=2.2.6=py312h7c1f314_0
  - oauthlib=3.3.1=pyhd8ed1ab_0
  - openjpeg=2.5.3=h8a3d83b_0
  - openldap=2.6.10=hbe55e7a_0
  - openpyxl=3.1.5=py312hf6e0af7_1
  - openssl=3.5.0=h81ee809_1
  - opentelemetry-api=1.34.1=pyhd8ed1ab_0
  - opentelemetry-sdk=1.34.1=pyhd8ed1ab_0
  - opentelemetry-semantic-conventions=0.55b1=pyh3cfb1c2_0
  - orc=2.1.2=hd90e43c_0
  - ordered-set=4.1.0=pyhd8ed1ab_1
  - orjson=3.10.18=py312hd60eec9_1
  - overrides=7.7.0=pyhd8ed1ab_1
  - packaging=24.2=pyhd8ed1ab_2
  - pandas=2.3.0=py312hcb1e3ce_0
  - pandera-core=0.23.1=pyhd8ed1ab_0
  - pandoc=3.7.0.2=hce30654_0
  - pandocfilters=1.5.0=pyhd8ed1ab_0
  - pango=1.56.4=h875632e_0
  - paramiko=3.5.1=pyhd8ed1ab_0
  - parsedatetime=2.4=py_1
  - parso=0.8.4=pyhd8ed1ab_1
  - partd=1.4.2=pyhd8ed1ab_0
  - pathspec=0.12.1=pyhd8ed1ab_1
  - pbr=6.1.1=pyhd8ed1ab_1
  - pcre2=10.45=ha881caa_0
  - petl=1.7.16=pyhd8ed1ab_0
  - pexpect=4.9.0=pyhd8ed1ab_1
  - pickleshare=0.7.5=pyhd8ed1ab_1004
  - pillow=11.2.1=py312h50aef2c_0
  - pip=25.1.1=pyh8b19718_0
  - pixman=0.46.2=h2f9eb0b_0
  - pkginfo=1.12.1.2=pyhd8ed1ab_0
  - pkgutil-resolve-name=1.3.10=pyhd8ed1ab_2
  - platformdirs=4.3.8=pyhe01879c_0
  - pluggy=1.6.0=pyhd8ed1ab_0
  - pre-commit=4.2.0=pyha770c72_0
  - prettier=3.6.2=h79221d7_0
  - proj=9.6.2=h1318a7e_0
  - prometheus-cpp=1.3.0=h0967b3e_0
  - prometheus_client=0.22.1=pyhd8ed1ab_0
  - prometheus_flask_exporter=0.23.2=pyhd8ed1ab_0
  - prompt-toolkit=3.0.51=pyha770c72_0
  - prompt_toolkit=3.0.51=hd8ed1ab_0
  - propcache=0.3.1=py312h998013c_0
  - proto-plus=1.26.1=pyhd8ed1ab_0
  - protobuf=5.29.3=py312hbb633d4_0
  - psutil=5.9.8=py312he37b823_0
  - psycopg2=2.9.10=py312h96c7839_1
  - psycopg2-binary=2.9.10=pyhd8ed1ab_1
  - pthread-stubs=0.4=hd74edd7_1002
  - ptyprocess=0.7.0=pyhd8ed1ab_1
  - pure_eval=0.2.3=pyhd8ed1ab_1
  - pyarrow=19.0.1=py312h1f38498_0
  - pyarrow-core=19.0.1=py312hc40f475_0_cpu
  - pyasn1=0.6.1=pyhd8ed1ab_2
  - pyasn1-modules=0.4.2=pyhd8ed1ab_0
  - pybtex=0.25.1=pyhd8ed1ab_0
  - pybtex-docutils=1.0.3=py312h81bd7bf_2
  - pycparser=2.22=pyh29332c3_1
  - pydantic=2.11.7=pyh3cfb1c2_0
  - pydantic-core=2.33.2=py312hd3c0895_0
  - pydantic-settings=2.10.1=pyh3cfb1c2_0
  - pygls=1.3.1=pyhd8ed1ab_1
  - pygments=2.19.2=pyhd8ed1ab_0
  - pygraphviz=1.14=py312h1fbede1_0
  - pyicu=2.15.2=py312ha698559_0
  - pyjwt=2.10.1=pyhd8ed1ab_0
  - pynacl=1.5.0=py312h024a12e_4
  - pyobjc-core=11.1=py312h4c66426_0
  - pyobjc-framework-cocoa=11.1=py312hb9d441b_0
  - pyogrio=0.11.0=py312hf1cabc8_1
  - pyopenssl=25.1.0=pyhd8ed1ab_0
  - pyparsing=3.2.3=pyhd8ed1ab_1
  - pyproj=3.7.1=py312h237c406_1
  - pyproject_hooks=1.2.0=pyhd8ed1ab_1
  - pysocks=1.7.1=pyha55dd90_7
  - pytest=8.4.1=pyhd8ed1ab_0
  - pytest-console-scripts=1.4.1=pyhd8ed1ab_1
  - pytest-cov=6.2.1=pyhd8ed1ab_0
  - pytest-mock=3.14.1=pyhd8ed1ab_0
  - pytest-xdist=3.7.0=pyhd8ed1ab_0
  - python=3.12.11=hc22306f_0_cpython
  - python-build=1.2.2.post1=pyhff2d567_1
  - python-calamine=0.3.2=py312hcd83bfe_0
  - python-dateutil=2.9.0.post0=pyhe01879c_2
  - python-dotenv=1.1.1=pyhe01879c_0
  - python-duckdb=1.3.1=py312hd8f9ff3_0
  - python-fastjsonschema=2.21.1=pyhd8ed1ab_0
  - python-igraph=0.11.9=py312h5b0e81b_0
  - python-installer=0.7.0=pyhff2d567_1
  - python-json-logger=2.0.7=pyhd8ed1ab_0
  - python-multipart=0.0.20=pyhff2d567_0
  - python-slugify=8.0.4=pyhd8ed1ab_1
  - python-tzdata=2025.2=pyhd8ed1ab_0
  - python_abi=3.12=7_cp312
  - pytimeparse=1.1.8=py_0
  - pytz=2025.2=pyhd8ed1ab_0
  - pyu2f=0.1.5=pyhd8ed1ab_1
  - pywin32-on-windows=0.1.0=pyh1179c8e_3
  - pyyaml=6.0.2=py312h998013c_2
  - pyzmq=27.0.0=py312hf4875e0_0
  - qhull=2020.2=h420ef59_5
  - querystring_parser=1.2.4=pyhd8ed1ab_2
  - re2=2025.06.26=h6589ca4_0
  - readline=8.2=h1d1bf99_2
  - readthedocs-sphinx-ext=2.2.5=pyhd8ed1ab_1
  - referencing=0.36.2=pyh29332c3_0
  - regex=2024.11.6=py312hea69d52_0
  - requests=2.32.4=pyhd8ed1ab_0
  - requests-oauthlib=2.0.0=pyhd8ed1ab_1
  - requests-toolbelt=1.0.0=pyhd8ed1ab_1
  - responses=0.25.7=pyhd8ed1ab_0
  - restructuredtext_lint=1.4.0=pyhd8ed1ab_1
  - rfc3339-validator=0.1.4=pyhd8ed1ab_1
  - rfc3986=2.0.0=pyhd8ed1ab_1
  - rfc3986-validator=0.1.1=pyh9f0ad1d_0
  - rich=14.0.0=pyh29332c3_0
  - rich-toolkit=0.11.3=pyh29332c3_0
  - roman-numerals-py=3.1.0=pyhd8ed1ab_0
  - rpds-py=0.25.1=py312hd3c0895_0
  - rsa=4.9.1=pyhd8ed1ab_0
  - ruamel.yaml=0.18.14=py312hea69d52_0
  - ruamel.yaml.clib=0.2.8=py312h0bf5046_1
  - ruff=0.12.1=py312h85b3a38_1
  - ruff-lsp=0.0.62=pyhd8ed1ab_0
  - s3fs=2025.5.1=pyhd8ed1ab_0
  - s3transfer=0.13.0=pyhd8ed1ab_0
  - scikit-learn=1.7.0=py312h39203ce_1
  - scipy=1.16.0=py312hcedbd36_0
  - semver=3.0.4=pyhd8ed1ab_0
  - send2trash=1.8.3=pyh31c8845_1
  - setuptools=80.9.0=pyhff2d567_0
  - shapely=2.1.1=py312hf733f26_0
  - shellingham=1.5.4=pyhd8ed1ab_1
  - simpleeval=0.9.13=pyhd8ed1ab_1
  - six=1.17.0=pyhd8ed1ab_0
  - smmap=5.0.2=pyhd8ed1ab_0
  - snappy=1.2.1=h98b9ce2_1
  - sniffio=1.3.1=pyhd8ed1ab_1
  - snowballstemmer=3.0.1=pyhd8ed1ab_0
  - snowplow-tracker=1.0.4=pyhd8ed1ab_0
  - sortedcontainers=2.4.0=pyhd8ed1ab_1
  - soupsieve=2.7=pyhd8ed1ab_0
  - sphinx=8.2.3=pyhd8ed1ab_0
  - sphinx-autoapi=3.5.0=pyhd8ed1ab_0
  - sphinx-basic-ng=1.0.0b2=pyhd8ed1ab_3
  - sphinx-issues=5.0.1=pyhd8ed1ab_0
  - sphinx-reredirects=1.0.0=pyhd8ed1ab_0
  - sphinxcontrib-applehelp=2.0.0=pyhd8ed1ab_1
  - sphinxcontrib-bibtex=2.6.5=pyhd8ed1ab_0
  - sphinxcontrib-devhelp=2.0.0=pyhd8ed1ab_1
  - sphinxcontrib-googleanalytics=0.5=pyhd8ed1ab_0
  - sphinxcontrib-htmlhelp=2.1.0=pyhd8ed1ab_1
  - sphinxcontrib-jsmath=1.0.1=pyhd8ed1ab_1
  - sphinxcontrib-qthelp=2.0.0=pyhd8ed1ab_1
  - sphinxcontrib-serializinghtml=1.1.10=pyhd8ed1ab_1
  - splink=4.0.8=pyhd8ed1ab_0
  - sqlalchemy=2.0.41=py312hea69d52_0
  - sqlglot=26.30.0=pyhe01879c_0
  - sqlglot-rs=26.30.0=hb3521b2_0
  - sqlglotrs=0.6.1=py312hcd83bfe_0
  - sqlite=3.50.2=hc23dd5f_0
  - sqlparse=0.5.3=pyhd8ed1ab_0
  - stack_data=0.6.3=pyhd8ed1ab_1
  - starlette=0.46.2=pyh81abbef_0
  - stdlib-list=0.11.1=pyhd8ed1ab_0
  - stevedore=5.4.1=pyhd8ed1ab_0
  - stringcase=1.2.0=pyhd8ed1ab_2
  - structlog=25.4.0=pyhd8ed1ab_0
  - tabulate=0.9.0=pyhd8ed1ab_2
  - terminado=0.18.1=pyh31c8845_0
  - terraform=1.12.2=hd02bf31_0
  - text-unidecode=1.3=pyhd8ed1ab_2
  - texttable=1.7.0=pyhd8ed1ab_1
  - threadpoolctl=3.6.0=pyhecae5ae_0
  - timezonefinder=6.5.9=py312hea69d52_0
  - tinycss2=1.4.0=pyhd8ed1ab_0
  - tk=8.6.13=h892fb3f_2
  - toml=0.10.2=pyhd8ed1ab_1
  - tomli=2.2.1=pyhd8ed1ab_1
  - tomlkit=0.13.3=pyha770c72_0
  - toolz=1.0.0=pyhd8ed1ab_1
  - toposort=1.10=pyhd8ed1ab_1
  - tornado=6.5.1=py312hea69d52_0
  - tqdm=4.67.1=pyhd8ed1ab_1
  - traitlets=5.14.3=pyhd8ed1ab_1
  - trove-classifiers=2025.5.9.12=pyhd8ed1ab_0
  - typeguard=4.4.4=pyhd8ed1ab_0
  - typer=0.16.0=pyh167b9f4_0
  - typer-slim=0.16.0=pyhe01879c_0
  - typer-slim-standard=0.16.0=hf964461_0
  - types-python-dateutil=2.9.0.20250516=pyhd8ed1ab_0
  - types-pyyaml=6.0.12.20250516=pyhd8ed1ab_0
  - types-requests=2.32.4.20250611=pyhd8ed1ab_0
  - typing-extensions=4.14.0=h32cad80_0
  - typing-inspection=0.4.1=pyhd8ed1ab_0
  - typing_extensions=4.14.0=pyhe01879c_0
  - typing_inspect=0.9.0=pyhd8ed1ab_1
  - typing_utils=0.1.0=pyhd8ed1ab_1
  - typos=1.33.1=h0716509_0
  - tzdata=2025b=h78e105d_0
  - ukkonen=1.0.1=py312h6142ec9_5
  - unicodedata2=16.0.0=py312hea69d52_0
  - universal-pathlib=0.2.6=hd8ed1ab_1
  - universal_pathlib=0.2.6=pyhd8ed1ab_1
  - uri-template=1.3.0=pyhd8ed1ab_1
  - uriparser=0.9.8=h00cdb27_0
  - urllib3=2.5.0=pyhd8ed1ab_0
  - uvicorn=0.35.0=pyh31011fe_0
  - uvicorn-standard=0.35.0=h31011fe_0
  - uvloop=0.21.0=py312h0bf5046_1
  - validators=0.35.0=pyhd8ed1ab_0
  - virtualenv=20.31.2=pyhd8ed1ab_0
  - watchdog=5.0.3=py312h024a12e_0
  - watchfiles=1.1.0=py312hcd83bfe_0
  - wcwidth=0.2.13=pyhd8ed1ab_1
  - webcolors=24.11.1=pyhd8ed1ab_0
  - webencodings=0.5.1=pyhd8ed1ab_3
  - websocket-client=1.8.0=pyhd8ed1ab_1
  - websockets=11.0.3=py312h02f2b3b_1
  - werkzeug=3.1.3=pyhd8ed1ab_1
  - wheel=0.45.1=pyhd8ed1ab_1
  - widgetsnbextension=4.0.14=pyhd8ed1ab_0
  - wrapt=1.17.2=py312hea69d52_0
  - xattr=1.1.0=py312h024a12e_1
  - xerces-c=3.2.5=h92fc2f4_2
  - xlsxwriter=3.2.5=pyhd8ed1ab_0
  - xorg-libxau=1.0.12=h5505292_0
  - xorg-libxdmcp=1.1.5=hd74edd7_0
  - xyzservices=2025.4.0=pyhd8ed1ab_0
  - yaml=0.2.5=h3422bc3_2
  - yarl=1.20.1=py312h998013c_0
  - zeromq=4.3.5=hc1bb282_7
  - zip=3.0=hb547adb_3
  - zipp=3.23.0=pyhd8ed1ab_0
  - zlib=1.3.1=h8359307_2
  - zstandard=0.23.0=py312hea69d52_2
  - zstd=1.5.7=h6491c7d_2
