# Generated by conda-lock.
# platform: linux-64
# input_hash: c1ed864e3eed9f6346940754a63fe1f5957a0e2d1cfd95d12a856a1ebdbef548

channels:
  - conda-forge
dependencies:
  - _libgcc_mutex=0.1=conda_forge
  - _openmp_mutex=4.5=2_gnu
  - addfips=0.4.2=pyhd8ed1ab_0
  - aiofiles=24.1.0=pyhd8ed1ab_0
  - aiohappyeyeballs=2.4.3=pyhd8ed1ab_0
  - aiohttp=3.11.4=py312h178313f_1
  - aiosignal=1.3.1=pyhd8ed1ab_0
  - alabaster=1.0.0=pyhd8ed1ab_0
  - alembic=1.14.0=pyhd8ed1ab_0
  - altair=5.4.1=pyhd8ed1ab_1
  - annotated-types=0.7.0=pyhd8ed1ab_0
  - anyio=4.6.2.post1=pyhd8ed1ab_0
  - appdirs=1.4.4=pyh9f0ad1d_0
  - arelle-release=2.35.6=pyhd8ed1ab_0
  - argon2-cffi=23.1.0=pyhd8ed1ab_0
  - argon2-cffi-bindings=21.2.0=py312h66e93f0_5
  - arrow=1.3.0=pyhd8ed1ab_0
  - asgi-csrf=0.11=pyhff2d567_0
  - asgiref=3.8.1=pyhd8ed1ab_0
  - astroid=3.3.5=py312h7900ff3_0
  - asttokens=2.4.1=pyhd8ed1ab_0
  - async-lru=2.0.4=pyhd8ed1ab_0
  - atk-1.0=2.38.0=h04ea711_2
  - attrs=24.2.0=pyh71513ae_0
  - aws-c-auth=0.7.31=he1a10d6_2
  - aws-c-cal=0.7.4=hae4d56a_2
  - aws-c-common=0.9.29=hb9d3cd8_0
  - aws-c-compression=0.2.19=h2bff981_2
  - aws-c-event-stream=0.4.3=h19b0707_4
  - aws-c-http=0.8.10=h14a7884_2
  - aws-c-io=0.14.19=hc9e6898_1
  - aws-c-mqtt=0.10.7=hb8d5873_2
  - aws-c-s3=0.6.7=h666547d_0
  - aws-c-sdkutils=0.1.19=h2bff981_4
  - aws-checksums=0.1.20=h2bff981_1
  - aws-crt-cpp=0.28.3=hbe26082_8
  - aws-sdk-cpp=1.11.407=h25d6d5c_1
  - azure-core-cpp=1.13.0=h935415a_0
  - azure-identity-cpp=1.8.0=hd126650_2
  - azure-storage-blobs-cpp=12.12.0=hd2e3451_0
  - azure-storage-common-cpp=12.7.0=h10ac4d7_1
  - azure-storage-files-datalake-cpp=12.11.0=h325d260_1
  - babel=2.16.0=pyhd8ed1ab_0
  - backoff=2.2.1=pyhd8ed1ab_0
  - backports=1.0=pyhd8ed1ab_4
  - backports.tarfile=1.2.0=pyhd8ed1ab_0
  - backports.zoneinfo=0.2.1=py312h7900ff3_9
  - bcrypt=4.2.0=py312h12e396e_1
  - beautifulsoup4=4.12.3=pyha770c72_0
  - bleach=6.2.0=pyhd8ed1ab_0
  - blinker=1.9.0=pyhff2d567_0
  - blosc=1.21.6=hef167b5_0
  - boto3=1.35.64=pyhd8ed1ab_0
  - botocore=1.35.64=pyge310_1234567_0
  - bottleneck=1.4.2=py312hc0a28a1_0
  - branca=0.7.2=pyhd8ed1ab_0
  - brotli=1.1.0=hb9d3cd8_2
  - brotli-bin=1.1.0=hb9d3cd8_2
  - brotli-python=1.1.0=py312h2ec8cdc_2
  - bzip2=1.0.8=h4bc722e_7
  - c-ares=1.34.3=heb4867d_0
  - ca-certificates=2024.8.30=hbcca054_0
  - cachecontrol=0.14.1=pyhd8ed1ab_0
  - cachecontrol-with-filecache=0.14.1=pyhd8ed1ab_0
  - cached-property=1.5.2=hd8ed1ab_1
  - cached_property=1.5.2=pyha770c72_1
  - cachetools=5.5.0=pyhd8ed1ab_0
  - cachy=0.3.0=pyhd8ed1ab_1
  - cairo=1.18.0=hebfffa5_3
  - catalystcoop.dbfread=3.0.0=py_0
  - catalystcoop.ferc_xbrl_extractor=1.5.1=pyhd8ed1ab_0
  - cattrs=24.1.2=pyhd8ed1ab_0
  - certifi=2024.8.30=pyhd8ed1ab_0
  - cffi=1.17.1=py312h06ac9bb_0
  - cfgv=3.3.1=pyhd8ed1ab_0
  - chardet=5.2.0=py312h7900ff3_2
  - charset-normalizer=3.4.0=pyhd8ed1ab_0
  - click=8.1.7=unix_pyh707e725_0
  - click-default-group=1.2.4=pyhd8ed1ab_0
  - clikit=0.6.2=pyhd8ed1ab_2
  - cloudpickle=3.1.0=pyhd8ed1ab_1
  - colorama=0.4.6=pyhd8ed1ab_0
  - coloredlogs=14.0=pyhd8ed1ab_3
  - comm=0.2.2=pyhd8ed1ab_0
  - conda-lock=2.5.7=pyhd8ed1ab_0
  - contourpy=1.3.1=py312h68727a3_0
  - coverage=7.6.7=py312h178313f_0
  - crashtest=0.4.1=pyhd8ed1ab_0
  - croniter=3.0.4=pyhd8ed1ab_0
  - cryptography=43.0.3=py312hda17c39_0
  - curl=8.10.1=hbbe4b11_0
  - cycler=0.12.1=pyhd8ed1ab_0
  - cyrus-sasl=2.1.27=h54b06d7_7
  - dagster=1.9.2=pyhd8ed1ab_12
  - dagster-graphql=1.9.2=pyhd8ed1ab_0
  - dagster-pipes=1.9.2=pyhd8ed1ab_0
  - dagster-postgres=0.25.2=pyhd8ed1ab_0
  - dagster-webserver=1.9.2=pyhd8ed1ab_0
  - dask-core=2024.11.2=pyhff2d567_1
  - dask-expr=1.1.19=pyhd8ed1ab_0
  - databricks-sdk=0.38.0=pyhd8ed1ab_0
  - datasette=0.65=pyhd8ed1ab_0
  - dbus=1.13.6=h5008d03_3
  - debugpy=1.8.8=py312h2ec8cdc_0
  - decorator=5.1.1=pyhd8ed1ab_0
  - defusedxml=0.7.1=pyhd8ed1ab_0
  - deprecated=1.2.15=pyhff2d567_0
  - distlib=0.3.9=pyhd8ed1ab_0
  - dnspython=2.7.0=pyhff2d567_0
  - doc8=1.1.2=pyhd8ed1ab_1
  - docker-py=7.1.0=pyhd8ed1ab_0
  - docstring_parser=0.16=pyhd8ed1ab_0
  - docutils=0.21.2=pyhd8ed1ab_0
  - email-validator=2.2.0=pyhd8ed1ab_0
  - ensureconda=1.4.4=pyhd8ed1ab_0
  - entrypoints=0.4=pyhd8ed1ab_0
  - et_xmlfile=2.0.0=pyhd8ed1ab_0
  - exceptiongroup=1.2.2=pyhd8ed1ab_0
  - execnet=2.1.1=pyhd8ed1ab_0
  - executing=2.1.0=pyhd8ed1ab_0
  - expat=2.6.4=h5888daf_0
  - filelock=3.16.1=pyhd8ed1ab_0
  - flask=3.1.0=pyhff2d567_0
  - flexcache=0.3=pyhd8ed1ab_0
  - flexparser=0.4=pyhd8ed1ab_0
  - folium=0.18.0=pyhd8ed1ab_0
  - font-ttf-dejavu-sans-mono=2.37=hab24e00_0
  - font-ttf-inconsolata=3.000=h77eed37_0
  - font-ttf-source-code-pro=2.038=h77eed37_0
  - font-ttf-ubuntu=0.83=h77eed37_3
  - fontconfig=2.15.0=h7e30c49_1
  - fonts-conda-ecosystem=1=0
  - fonts-conda-forge=1=0
  - fonttools=4.55.0=py312h178313f_0
  - fqdn=1.5.1=pyhd8ed1ab_0
  - freetype=2.12.1=h267a509_2
  - freexl=2.0.0=h743c826_0
  - fribidi=1.0.10=h36c2ea0_0
  - frictionless=5.18.0=pyhff2d567_0
  - frozenlist=1.5.0=py312h66e93f0_0
  - fsspec=2024.10.0=pyhff2d567_0
  - furo=2024.8.6=pyhd8ed1ab_1
  - gcsfs=2024.10.0=pyhd8ed1ab_0
  - gdal=3.9.3=py312h22e8dc9_3
  - gdk-pixbuf=2.42.12=hb9ae30d_0
  - geopandas=1.0.1=pyhd8ed1ab_1
  - geopandas-base=1.0.1=pyha770c72_1
  - geos=3.13.0=h5888daf_0
  - geotiff=1.7.3=h77b800c_3
  - gflags=2.2.2=h5888daf_1005
  - giflib=5.2.2=hd590300_0
  - gitdb=4.0.11=pyhd8ed1ab_0
  - gitpython=3.1.43=pyhd8ed1ab_0
  - glog=0.7.1=hbabe93e_0
  - google-api-core=2.22.0=pyhd8ed1ab_0
  - google-auth=2.36.0=pyhff2d567_0
  - google-auth-oauthlib=1.2.1=pyhd8ed1ab_0
  - google-cloud-core=2.4.1=pyhd8ed1ab_0
  - google-cloud-sdk=501.0.0=py312h7900ff3_1
  - google-cloud-storage=2.18.2=pyhff2d567_0
  - google-crc32c=1.1.2=py312hb42adb9_6
  - google-resumable-media=2.7.2=pyhd8ed1ab_1
  - googleapis-common-protos=1.66.0=pyhff2d567_0
  - gql=3.5.0=pyhd8ed1ab_1
  - gql-with-requests=3.5.0=pyhd8ed1ab_1
  - graphene=3.4.3=pyhd8ed1ab_0
  - graphite2=1.3.13=h59595ed_1003
  - graphql-core=3.2.5=pyhd8ed1ab_0
  - graphql-relay=3.2.0=pyhd8ed1ab_0
  - graphviz=12.0.0=hba01fac_0
  - greenlet=3.1.1=py312h2ec8cdc_0
  - grpcio=1.62.2=py312hb06c811_0
  - grpcio-health-checking=1.62.2=pyhd8ed1ab_0
  - grpcio-status=1.62.2=pyhd8ed1ab_0
  - gtk2=2.24.33=h6470451_5
  - gts=0.7.6=h977cf35_4
  - gunicorn=22.0.0=py312h7900ff3_0
  - h11=0.14.0=pyhd8ed1ab_0
  - h2=4.1.0=pyhd8ed1ab_0
  - h3-py=4.1.1=py312h2ec8cdc_1
  - harfbuzz=9.0.0=hda332d3_1
  - hpack=4.0.0=pyh9f0ad1d_0
  - html5lib=1.1=pyhd8ed1ab_1
  - httpcore=1.0.7=pyh29332c3_1
  - httptools=0.6.1=py312h66e93f0_1
  - httpx=0.27.2=pyhd8ed1ab_0
  - humanfriendly=10.0=pyhd81877a_7
  - humanize=4.11.0=pyhd8ed1ab_0
  - hupper=1.12.1=pyhd8ed1ab_0
  - hyperframe=6.0.1=pyhd8ed1ab_0
  - hypothesis=6.119.3=pyha770c72_0
  - icu=75.1=he02047a_0
  - identify=2.6.2=pyhd8ed1ab_0
  - idna=3.10=pyhd8ed1ab_0
  - imagesize=1.4.1=pyhd8ed1ab_0
  - importlib-metadata=8.5.0=pyha770c72_0
  - importlib_resources=6.4.5=pyhd8ed1ab_0
  - iniconfig=2.0.0=pyhd8ed1ab_0
  - ipykernel=6.29.5=pyh3099207_0
  - ipython=8.29.0=pyh707e725_0
  - ipython_genutils=0.2.0=pyhd8ed1ab_1
  - ipywidgets=8.1.5=pyhd8ed1ab_0
  - isodate=0.7.2=pyhd8ed1ab_0
  - isoduration=20.11.0=pyhd8ed1ab_0
  - itsdangerous=2.2.0=pyhd8ed1ab_0
  - janus=1.1.0=pyhd8ed1ab_0
  - jaraco.classes=3.4.0=pyhd8ed1ab_1
  - jaraco.context=5.3.0=pyhd8ed1ab_1
  - jaraco.functools=4.0.0=pyhd8ed1ab_0
  - jedi=0.19.2=pyhff2d567_0
  - jeepney=0.8.0=pyhd8ed1ab_0
  - jellyfish=1.1.0=py312h12e396e_1
  - jinja2=3.1.4=pyhd8ed1ab_0
  - jmespath=1.0.1=pyhd8ed1ab_0
  - joblib=1.4.2=pyhd8ed1ab_0
  - json-c=0.18=h6688a6e_0
  - json5=0.9.28=pyhff2d567_0
  - jsonpointer=3.0.0=py312h7900ff3_1
  - jsonschema=4.23.0=pyhd8ed1ab_0
  - jsonschema-specifications=2024.10.1=pyhd8ed1ab_0
  - jsonschema-with-format-nongpl=4.23.0=hd8ed1ab_0
  - jupyter=1.1.1=pyhd8ed1ab_0
  - jupyter-lsp=2.2.5=pyhd8ed1ab_0
  - jupyter-resource-usage=1.1.0=pyhd8ed1ab_0
  - jupyter_client=7.4.9=pyhd8ed1ab_0
  - jupyter_console=6.6.3=pyhd8ed1ab_0
  - jupyter_core=5.7.2=pyh31011fe_1
  - jupyter_events=0.10.0=pyhd8ed1ab_0
  - jupyter_server=2.14.2=pyhd8ed1ab_0
  - jupyter_server_terminals=0.5.3=pyhd8ed1ab_0
  - jupyterlab=4.3.1=pyhff2d567_0
  - jupyterlab-lsp=5.1.0=pyhd8ed1ab_2
  - jupyterlab_pygments=0.3.0=pyhd8ed1ab_1
  - jupyterlab_server=2.27.3=pyhd8ed1ab_0
  - jupyterlab_widgets=3.0.13=pyhd8ed1ab_0
  - keyring=25.5.0=pyha804496_0
  - keyutils=1.6.1=h166bdaf_0
  - kiwisolver=1.4.7=py312h68727a3_0
  - krb5=1.21.3=h659f571_0
  - latexcodec=2.0.1=pyh9f0ad1d_0
  - lcms2=2.16=hb7c19ff_0
  - ld_impl_linux-64=2.43=h712a8e2_2
  - lerc=4.0.0=h27087fc_0
  - libabseil=20240116.2=cxx17_he02047a_1
  - libarchive=3.7.4=hfca40fe_0
  - libarrow=17.0.0=had3b6fe_16_cpu
  - libarrow-acero=17.0.0=h5888daf_16_cpu
  - libarrow-dataset=17.0.0=h5888daf_16_cpu
  - libarrow-substrait=17.0.0=hf54134d_16_cpu
  - libblas=3.9.0=25_linux64_openblas
  - libbrotlicommon=1.1.0=hb9d3cd8_2
  - libbrotlidec=1.1.0=hb9d3cd8_2
  - libbrotlienc=1.1.0=hb9d3cd8_2
  - libcblas=3.9.0=25_linux64_openblas
  - libcrc32c=1.1.2=h9c3ff4c_0
  - libcurl=8.10.1=hbbe4b11_0
  - libdeflate=1.22=hb9d3cd8_0
  - libedit=3.1.20191231=he28a2e2_2
  - libev=4.33=hd590300_2
  - libevent=2.1.12=hf998b51_1
  - libexpat=2.6.4=h5888daf_0
  - libffi=3.4.2=h7f98852_5
  - libgcc=14.2.0=h77fa898_1
  - libgcc-ng=14.2.0=h69a702a_1
  - libgd=2.3.3=hd3e95f3_10
  - libgdal-core=3.9.3=hef9eae6_3
  - libgfortran=14.2.0=h69a702a_1
  - libgfortran5=14.2.0=hd5240d6_1
  - libglib=2.82.2=h2ff4ddf_0
  - libgomp=14.2.0=h77fa898_1
  - libgoogle-cloud=2.29.0=h435de7b_0
  - libgoogle-cloud-storage=2.29.0=h0121fbd_0
  - libgrpc=1.62.2=h15f2491_0
  - libiconv=1.17=hd590300_2
  - libjpeg-turbo=3.0.0=hd590300_1
  - libkml=1.3.0=hf539b9f_1021
  - liblapack=3.9.0=25_linux64_openblas
  - libllvm14=14.0.6=hcd5def8_4
  - libnghttp2=1.64.0=h161d5f1_0
  - libnsl=2.0.1=hd590300_0
  - libntlm=1.4=h7f98852_1002
  - libopenblas=0.3.28=pthreads_h94d23a6_1
  - libparquet=17.0.0=h39682fd_16_cpu
  - libpng=1.6.44=hadc24fc_0
  - libpq=17.1=h04577a9_0
  - libprotobuf=4.25.3=hd5b35b9_1
  - libre2-11=2023.09.01=h5a48ba9_2
  - librsvg=2.58.4=hc0ffecb_0
  - librttopo=1.1.0=h97f6797_17
  - libsodium=1.0.20=h4ab18f5_0
  - libspatialite=5.1.0=h1b4f908_11
  - libsqlite=3.47.0=hadc24fc_1
  - libssh2=1.11.0=h0841786_0
  - libstdcxx=14.2.0=hc0a3c3a_1
  - libstdcxx-ng=14.2.0=h4852527_1
  - libthrift=0.20.0=h0e7cc3e_1
  - libtiff=4.7.0=he137b08_1
  - libutf8proc=2.8.0=h166bdaf_0
  - libuuid=2.38.1=h0b41bf4_0
  - libuv=1.49.2=hb9d3cd8_0
  - libwebp-base=1.4.0=hd590300_0
  - libxcb=1.17.0=h8a09558_0
  - libxcrypt=4.4.36=hd590300_1
  - libxml2=2.13.5=hb346dea_0
  - libxslt=1.1.39=h76b75d6_0
  - libzlib=1.3.1=hb9d3cd8_2
  - llvmlite=0.43.0=py312h374181b_1
  - locket=1.0.0=pyhd8ed1ab_0
  - lsprotocol=2023.0.1=pyhd8ed1ab_0
  - lxml=5.3.0=py312he28fd5a_2
  - lz4-c=1.9.4=hcb278e6_0
  - lzo=2.10=hd590300_1001
  - mako=1.3.6=pyhff2d567_0
  - mapclassify=2.8.1=pyhd8ed1ab_0
  - markdown=3.6=pyhd8ed1ab_0
  - markdown-it-py=3.0.0=pyhd8ed1ab_0
  - marko=2.1.2=pyhd8ed1ab_0
  - markupsafe=3.0.2=py312h178313f_0
  - matplotlib-base=3.9.2=py312hd3ec401_2
  - matplotlib-inline=0.1.7=pyhd8ed1ab_0
  - mdurl=0.1.2=pyhd8ed1ab_0
  - mergedeep=1.3.4=pyhd8ed1ab_0
  - minizip=4.0.7=h401b404_0
  - mistune=3.0.2=pyhd8ed1ab_0
  - mlflow=2.18.0=h7900ff3_0
  - mlflow-skinny=2.18.0=py312h7900ff3_0
  - mlflow-ui=2.18.0=py312h7900ff3_0
  - more-itertools=10.5.0=pyhd8ed1ab_0
  - msgpack-python=1.1.0=py312h68727a3_0
  - multidict=6.1.0=py312h178313f_1
  - multimethod=1.9.1=pyhd8ed1ab_0
  - munkres=1.1.4=pyh9f0ad1d_0
  - mypy_extensions=1.0.0=pyha770c72_0
  - narwhals=1.14.1=pyhff2d567_0
  - nbclassic=1.1.0=pyhd8ed1ab_0
  - nbclient=0.10.0=pyhd8ed1ab_0
  - nbconvert=7.16.4=hd8ed1ab_1
  - nbconvert-core=7.16.4=pyhd8ed1ab_1
  - nbconvert-pandoc=7.16.4=hd8ed1ab_1
  - nbformat=5.10.4=pyhd8ed1ab_0
  - ncurses=6.5=he02047a_1
  - nest-asyncio=1.6.0=pyhd8ed1ab_0
  - networkx=3.4.2=pyh267e887_2
  - nodeenv=1.9.1=pyhd8ed1ab_0
  - nodejs=22.11.0=hf235a45_0
  - nomkl=1.0=h5ca1d4c_0
  - notebook=6.5.7=pyha770c72_0
  - notebook-shim=0.2.4=pyhd8ed1ab_0
  - numba=0.60.0=py312h83e6fd3_0
  - numexpr=2.10.1=py312h6a710ac_103
  - numpy=2.0.2=py312h58c1407_0
  - oauthlib=3.2.2=pyhd8ed1ab_0
  - openjpeg=2.5.2=h488ebb8_0
  - openldap=2.6.8=hedd0468_0
  - openpyxl=3.1.5=py312h710cb58_1
  - openssl=3.4.0=hb9d3cd8_0
  - opentelemetry-api=1.16.0=pyhd8ed1ab_0
  - opentelemetry-sdk=1.16.0=pyhd8ed1ab_0
  - opentelemetry-semantic-conventions=0.37b0=pyhd8ed1ab_0
  - orc=2.0.2=h669347b_0
  - overrides=7.7.0=pyhd8ed1ab_0
  - packaging=24.2=pyhff2d567_1
  - pandas=2.2.3=py312hf9745cd_1
  - pandera-core=0.20.4=pyhd8ed1ab_0
  - pandoc=3.5=ha770c72_0
  - pandocfilters=1.5.0=pyhd8ed1ab_0
  - pango=1.54.0=h4c5309f_1
  - paramiko=3.5.0=pyhd8ed1ab_0
  - parso=0.8.4=pyhd8ed1ab_0
  - partd=1.4.2=pyhd8ed1ab_0
  - pastel=0.2.1=pyhd8ed1ab_0
  - pbr=6.1.0=pyhd8ed1ab_0
  - pcre2=10.44=hba22ea6_2
  - petl=1.7.15=pyhd8ed1ab_0
  - pexpect=4.9.0=pyhd8ed1ab_0
  - pickleshare=0.7.5=py_1003
  - pillow=11.0.0=py312h7b63e92_0
  - pip=24.3.1=pyh8b19718_0
  - pixman=0.43.2=h59595ed_0
  - pkginfo=1.11.2=pyhd8ed1ab_0
  - pkgutil-resolve-name=1.3.10=pyhd8ed1ab_1
  - platformdirs=4.3.6=pyhd8ed1ab_0
  - pluggy=1.5.0=pyhd8ed1ab_0
  - pre-commit=4.0.1=pyha770c72_0
  - prettier=3.3.3=hdfa8007_0
  - proj=9.5.0=h12925eb_0
  - prometheus_client=0.21.0=pyhd8ed1ab_0
  - prometheus_flask_exporter=0.23.1=pyhd8ed1ab_0
  - prompt-toolkit=3.0.48=pyha770c72_0
  - prompt_toolkit=3.0.48=hd8ed1ab_0
  - propcache=0.2.0=py312h66e93f0_2
  - proto-plus=1.25.0=pyhd8ed1ab_0
  - protobuf=4.25.3=py312h83439f5_1
  - psutil=5.9.8=py312h98912ed_0
  - psycopg2=2.9.9=py312hfaedaf9_2
  - psycopg2-binary=2.9.9=pyhd8ed1ab_0
  - pthread-stubs=0.4=hb9d3cd8_1002
  - ptyprocess=0.7.0=pyhd3deb0d_0
  - pure_eval=0.2.3=pyhd8ed1ab_0
  - pyarrow=17.0.0=py312h9cebb41_2
  - pyarrow-core=17.0.0=py312h01725c0_2_cpu
  - pyasn1=0.6.1=pyhd8ed1ab_1
  - pyasn1-modules=0.4.1=pyhd8ed1ab_0
  - pybtex=0.24.0=pyhd8ed1ab_2
  - pybtex-docutils=1.0.3=py312h7900ff3_2
  - pycparser=2.22=pyhd8ed1ab_0
  - pydantic=2.9.2=pyhd8ed1ab_0
  - pydantic-core=2.23.4=py312h12e396e_0
  - pydantic-settings=2.6.1=pyh3cfb1c2_0
  - pygls=1.3.1=pyhd8ed1ab_0
  - pygments=2.18.0=pyhd8ed1ab_0
  - pygraphviz=1.14=py312h011e53f_0
  - pyjwt=2.10.0=pyhff2d567_0
  - pylev=1.4.0=pyhd8ed1ab_0
  - pynacl=1.5.0=py312h66e93f0_4
  - pyogrio=0.10.0=py312he8b4914_0
  - pyopenssl=24.2.1=pyhd8ed1ab_2
  - pyparsing=3.2.0=pyhd8ed1ab_1
  - pyproj=3.7.0=py312he630544_0
  - pyproject_hooks=1.2.0=pyh7850678_0
  - pysocks=1.7.1=pyha2e5f31_6
  - pytest=8.3.3=pyhd8ed1ab_0
  - pytest-console-scripts=1.4.1=pyhd8ed1ab_0
  - pytest-cov=6.0.0=pyhd8ed1ab_0
  - pytest-mock=3.14.0=pyhd8ed1ab_0
  - pytest-xdist=3.6.1=pyhd8ed1ab_0
  - python=3.12.7=hc5c86c4_0_cpython
  - python-build=1.2.2.post1=pyhff2d567_0
  - python-calamine=0.3.1=py312h12e396e_0
  - python-dateutil=2.9.0.post0=pyhff2d567_0
  - python-dotenv=1.0.1=pyhd8ed1ab_0
  - python-duckdb=1.1.3=py312h2ec8cdc_0
  - python-fastjsonschema=2.20.0=pyhd8ed1ab_0
  - python-json-logger=2.0.7=pyhd8ed1ab_0
  - python-multipart=0.0.17=pyhff2d567_0
  - python-slugify=8.0.4=pyhd8ed1ab_0
  - python-tzdata=2024.2=pyhd8ed1ab_0
  - python_abi=3.12=5_cp312
  - pytz=2024.1=pyhd8ed1ab_0
  - pyu2f=0.1.5=pyhd8ed1ab_0
  - pywin32-on-windows=0.1.0=pyh1179c8e_3
  - pyyaml=6.0.2=py312h66e93f0_1
  - pyzmq=26.2.0=py312hbf22597_3
  - qhull=2020.2=h434a139_5
  - querystring_parser=1.2.4=pyhd8ed1ab_1
  - re2=2023.09.01=h7f4b329_2
  - readline=8.2=h8228510_1
  - readthedocs-sphinx-ext=2.2.5=pyhd8ed1ab_0
  - referencing=0.35.1=pyhd8ed1ab_0
  - regex=2024.11.6=py312h66e93f0_0
  - requests=2.32.3=pyhd8ed1ab_0
  - requests-oauthlib=2.0.0=pyhd8ed1ab_0
  - requests-toolbelt=1.0.0=pyhd8ed1ab_0
  - responses=0.25.3=pyhd8ed1ab_0
  - restructuredtext_lint=1.4.0=pyhd8ed1ab_0
  - rfc3339-validator=0.1.4=pyhd8ed1ab_0
  - rfc3986=2.0.0=pyhd8ed1ab_0
  - rfc3986-validator=0.1.1=pyh9f0ad1d_0
  - rich=13.9.4=pyhd8ed1ab_0
  - rpds-py=0.21.0=py312h12e396e_0
  - rsa=4.9=pyhd8ed1ab_0
  - ruamel.yaml=0.18.6=py312h66e93f0_1
  - ruamel.yaml.clib=0.2.8=py312h66e93f0_1
  - ruff=0.7.4=py312h2156523_0
  - ruff-lsp=0.0.58=pyhd8ed1ab_0
  - s2n=1.5.5=h3931f03_0
  - s3transfer=0.10.3=pyhd8ed1ab_0
  - scikit-learn=1.5.2=py312h7a48858_1
  - scipy=1.14.1=py312h62794b6_1
  - secretstorage=3.3.3=py312h7900ff3_3
  - send2trash=1.8.3=pyh0d859eb_0
  - setuptools=75.5.0=pyhff2d567_0
  - shapely=2.0.6=py312h391bc85_2
  - shellingham=1.5.4=pyhd8ed1ab_0
  - simpleeval=0.9.13=pyhd8ed1ab_1
  - six=1.16.0=pyh6c4a22f_0
  - smmap=5.0.0=pyhd8ed1ab_0
  - snappy=1.2.1=ha2e4443_0
  - sniffio=1.3.1=pyhd8ed1ab_0
  - snowballstemmer=2.2.0=pyhd8ed1ab_0
  - sortedcontainers=2.4.0=pyhd8ed1ab_0
  - soupsieve=2.5=pyhd8ed1ab_1
  - sphinx=8.1.3=pyhd8ed1ab_0
  - sphinx-autoapi=3.3.3=pyhd8ed1ab_0
  - sphinx-basic-ng=1.0.0b2=pyhd8ed1ab_2
  - sphinx-issues=5.0.0=pyhd8ed1ab_0
  - sphinx-reredirects=0.1.5=pyhd8ed1ab_0
  - sphinxcontrib-applehelp=2.0.0=pyhd8ed1ab_0
  - sphinxcontrib-bibtex=2.6.3=pyhd8ed1ab_0
  - sphinxcontrib-devhelp=2.0.0=pyhd8ed1ab_0
  - sphinxcontrib-googleanalytics=0.4=pyhd8ed1ab_0
  - sphinxcontrib-htmlhelp=2.1.0=pyhd8ed1ab_0
  - sphinxcontrib-jsmath=1.0.1=pyhd8ed1ab_0
  - sphinxcontrib-qthelp=2.0.0=pyhd8ed1ab_0
  - sphinxcontrib-serializinghtml=1.1.10=pyhd8ed1ab_0
  - splink=4.0.5=pyhd8ed1ab_0
  - sqlalchemy=2.0.36=py312h66e93f0_0
  - sqlglot=25.31.4=pyhff2d567_0
  - sqlite=3.47.0=h9eae976_1
  - sqlparse=0.5.2=pyhff2d567_0
  - stack_data=0.6.2=pyhd8ed1ab_0
  - starlette=0.41.3=pyh7900ff3_0
  - stevedore=5.3.0=pyhd8ed1ab_0
  - stringcase=1.2.0=pyhd8ed1ab_1
  - structlog=24.4.0=pyhd8ed1ab_0
  - tabulate=0.9.0=pyhd8ed1ab_1
  - terminado=0.18.1=pyh0d859eb_0
  - terraform=1.9.8=h76a2195_0
  - text-unidecode=1.3=pyhd8ed1ab_1
  - threadpoolctl=3.5.0=pyhc1e730c_0
  - timezonefinder=6.5.4=py312h66e93f0_0
  - tinycss2=1.4.0=pyhd8ed1ab_0
  - tk=8.6.13=noxft_h4845f30_101
  - toml=0.10.2=pyhd8ed1ab_0
  - tomli=2.1.0=pyhff2d567_0
  - tomlkit=0.13.2=pyha770c72_0
  - toolz=0.12.1=pyhd8ed1ab_0
  - toposort=1.10=pyhd8ed1ab_0
  - tornado=6.4.1=py312h66e93f0_1
  - tqdm=4.67.0=pyhd8ed1ab_0
  - traitlets=5.14.3=pyhd8ed1ab_0
  - typeguard=4.4.1=pyhd8ed1ab_0
  - typer=0.13.0=pyhd8ed1ab_0
  - typer-slim=0.13.0=pyhff2d567_0
  - typer-slim-standard=0.13.0=hd8ed1ab_0
  - types-python-dateutil=2.9.0.20241003=pyhff2d567_0
  - types-pyyaml=6.0.12.20240917=pyhd8ed1ab_0
  - typing-extensions=4.12.2=hd8ed1ab_0
  - typing_extensions=4.12.2=pyha770c72_0
  - typing_inspect=0.9.0=pyhd8ed1ab_0
  - typing_utils=0.1.0=pyhd8ed1ab_0
  - tzdata=2024b=hc8b5060_0
  - ukkonen=1.0.1=py312h68727a3_5
  - unicodedata2=15.1.0=py312h66e93f0_1
  - universal_pathlib=0.2.5=pyhd8ed1ab_0
  - uri-template=1.3.0=pyhd8ed1ab_0
  - uriparser=0.9.8=hac33072_0
  - urllib3=1.26.19=pyhd8ed1ab_0
  - uvicorn=0.32.0=pyh31011fe_1
  - uvicorn-standard=0.32.0=h31011fe_1
  - uvloop=0.21.0=py312h66e93f0_1
  - validators=0.34.0=pyhd8ed1ab_0
  - virtualenv=20.27.1=pyhd8ed1ab_0
  - watchdog=5.0.3=py312h7900ff3_0
  - watchfiles=0.24.0=py312h12e396e_1
  - wcwidth=0.2.13=pyhd8ed1ab_0
  - webcolors=24.8.0=pyhd8ed1ab_0
  - webencodings=0.5.1=pyhd8ed1ab_2
  - websocket-client=1.8.0=pyhd8ed1ab_0
  - websockets=11.0.3=py312h98912ed_1
  - werkzeug=3.1.3=pyhff2d567_0
  - wheel=0.45.0=pyhd8ed1ab_0
  - widgetsnbextension=4.0.13=pyhd8ed1ab_0
  - wrapt=1.16.0=py312h66e93f0_1
  - xerces-c=3.2.5=h988505b_2
  - xlsxwriter=3.2.0=pyhd8ed1ab_0
  - xorg-libice=1.1.1=hb9d3cd8_1
  - xorg-libsm=1.2.4=he73a12e_1
  - xorg-libx11=1.8.10=h4f16b4b_0
  - xorg-libxau=1.0.11=hb9d3cd8_1
  - xorg-libxdmcp=1.1.5=hb9d3cd8_0
  - xorg-libxext=1.3.6=hb9d3cd8_0
  - xorg-libxrender=0.9.11=hb9d3cd8_1
  - xorg-xorgproto=2024.1=hb9d3cd8_1
  - xyzservices=2024.9.0=pyhd8ed1ab_0
  - xz=5.2.6=h166bdaf_0
  - yaml=0.2.5=h7f98852_2
  - yarl=1.17.2=py312h66e93f0_0
  - zeromq=4.3.5=h3b0a872_7
  - zip=3.0=hd590300_3
  - zipp=3.21.0=pyhd8ed1ab_0
  - zlib=1.3.1=hb9d3cd8_2
  - zstd=1.5.6=ha6fb4c9_0
