# Generated by conda-lock.
# platform: linux-64
# input_hash: d8baa96e6d44c57dc38a4d6f7a0cedc8899a3fb8e8564b2db665466240fe1448

channels:
  - conda-forge
dependencies:
  - _libgcc_mutex=0.1=conda_forge
  - _openmp_mutex=4.5=2_gnu
  - _python_abi3_support=1.0=hd8ed1ab_2
  - adwaita-icon-theme=49.0=unix_0
  - agate=1.9.1=pyh707e725_1
  - aiobotocore=2.25.2=pyhcf101f3_0
  - aiohappyeyeballs=2.6.1=pyhd8ed1ab_0
  - aiohttp=3.13.2=py313h321d83c_0
  - aioitertools=0.12.0=pyhd8ed1ab_1
  - aiosignal=1.4.0=pyhd8ed1ab_0
  - alabaster=1.0.0=pyhd8ed1ab_1
  - alembic=1.17.2=pyhd8ed1ab_0
  - altair=6.0.0=pyhd8ed1ab_1
  - annotated-doc=0.0.4=pyhcf101f3_0
  - annotated-types=0.7.0=pyhd8ed1ab_1
  - antlr-python-runtime=4.13.2=pyhd8ed1ab_1
  - anyio=4.12.0=pyhcf101f3_0
  - appdirs=1.4.4=pyhd8ed1ab_1
  - arelle-release=2.37.75=pyhd8ed1ab_0
  - argon2-cffi=25.1.0=pyhd8ed1ab_0
  - argon2-cffi-bindings=25.1.0=py313h07c4f96_2
  - arpack=3.9.1=nompi_hf03ea27_102
  - arrow=1.4.0=pyhcf101f3_0
  - astroid=4.0.2=py313h78bf25f_0
  - asttokens=3.0.1=pyhd8ed1ab_0
  - async-lru=2.0.5=pyh29332c3_0
  - at-spi2-atk=2.38.0=h0630a04_3
  - at-spi2-core=2.40.3=h0630a04_0
  - atk-1.0=2.38.0=h04ea711_2
  - attrs=25.4.0=pyhcf101f3_1
  - aws-c-auth=0.9.1=h194c533_5
  - aws-c-cal=0.9.8=h346e085_0
  - aws-c-common=0.12.5=hb03c661_1
  - aws-c-compression=0.3.1=h7e655bb_8
  - aws-c-event-stream=0.5.6=h1deb5b9_4
  - aws-c-http=0.10.7=had4b759_1
  - aws-c-io=0.23.2=hbff472d_2
  - aws-c-mqtt=0.13.3=h8ba2272_8
  - aws-c-s3=0.8.6=h493c25d_7
  - aws-c-sdkutils=0.2.4=h7e655bb_3
  - aws-checksums=0.2.7=h7e655bb_4
  - aws-crt-cpp=0.35.0=h719b17a_2
  - aws-sdk-cpp=1.11.606=h522d481_6
  - azure-core-cpp=1.16.1=h3a458e0_0
  - azure-identity-cpp=1.13.2=h3a5f585_1
  - azure-storage-blobs-cpp=12.15.0=h2a74896_1
  - azure-storage-common-cpp=12.11.0=h3d7a050_1
  - azure-storage-files-datalake-cpp=12.13.0=hf38f1be_1
  - babel=2.17.0=pyhd8ed1ab_0
  - backoff=2.2.1=pyhd8ed1ab_1
  - backports=1.0=pyhd8ed1ab_5
  - backports.tarfile=1.2.0=pyhd8ed1ab_1
  - bcrypt=5.0.0=py313h843e2db_1
  - beautifulsoup4=4.14.3=pyha770c72_0
  - bleach=6.3.0=pyhcf101f3_0
  - bleach-with-css=6.3.0=h5f6438b_0
  - blinker=1.9.0=pyhff2d567_0
  - blosc=1.21.6=he440d0b_1
  - boltons=25.0.0=pyhd8ed1ab_0
  - boto3=1.40.70=pyhd8ed1ab_0
  - botocore=1.40.70=pyhd8ed1ab_0
  - bottle=0.13.4=pyhe01879c_0
  - bottleneck=1.6.0=np2py313hc18bace_3
  - branca=0.8.2=pyhd8ed1ab_0
  - brotli=1.1.0=hb03c661_4
  - brotli-bin=1.1.0=hb03c661_4
  - brotli-python=1.1.0=py313h7033f15_4
  - bzip2=1.0.8=hda65f42_8
  - c-ares=1.34.5=hb9d3cd8_0
  - ca-certificates=2025.11.12=hbd8a1cb_0
  - cachecontrol=0.14.3=pyha770c72_0
  - cachecontrol-with-filecache=0.14.3=pyhd8ed1ab_0
  - cached-property=1.5.2=hd8ed1ab_1
  - cached_property=1.5.2=pyha770c72_1
  - cachetools=6.2.2=pyhd8ed1ab_0
  - cairo=1.18.4=h3394656_0
  - catalystcoop.dbfread=3.0.0=pyhd8ed1ab_1
  - catalystcoop.ferc_xbrl_extractor=1.7.3=pyhd8ed1ab_0
  - cattrs=25.3.0=pyhd8ed1ab_0
  - certifi=2025.11.12=pyhd8ed1ab_0
  - cffi=2.0.0=py313hf01b4d8_0
  - cfgv=3.5.0=pyhd8ed1ab_0
  - chardet=5.2.0=pyhd8ed1ab_3
  - charset-normalizer=3.4.4=pyhd8ed1ab_0
  - click=8.1.8=pyh707e725_0
  - click-default-group=1.2.4=pyhd8ed1ab_1
  - cloudpickle=3.1.2=pyhd8ed1ab_0
  - colorama=0.4.6=pyhd8ed1ab_1
  - coloredlogs=14.0=pyhd8ed1ab_3
  - comm=0.2.3=pyhe01879c_0
  - conda-lock=3.0.4=pyh367d9c9_1
  - conda-package-streaming=0.12.0=pyhd8ed1ab_0
  - contourpy=1.3.3=py313h7037e92_3
  - coverage=7.13.0=py313h3dea7bd_0
  - cpython=3.13.11=py313hd8ed1ab_100
  - crashtest=0.4.1=pyhd8ed1ab_1
  - cryptography=46.0.3=py313heb322e3_1
  - curl=8.17.0=h4e3cde8_0
  - cycler=0.12.1=pyhcf101f3_2
  - cyrus-sasl=2.1.28=hd9c7081_0
  - daff=1.4.2=pyhcf101f3_1
  - dagster=1.12.4=pyh742d864_0
  - dagster-dbt=1!0.28.4=pyhcf101f3_0
  - dagster-graphql=1.12.4=pyh742d864_0
  - dagster-pipes=1.12.4=pyh742d864_0
  - dagster-postgres=1!0.28.4=pyhcf101f3_0
  - dagster-shared=1.12.4=pyh742d864_0
  - dagster-webserver=1.12.4=pyh742d864_0
  - databricks-sdk=0.73.0=pyhd8ed1ab_0
  - dbt-adapters=1.20.1=pyhd8ed1ab_0
  - dbt-common=1.36.0=pyhd8ed1ab_0
  - dbt-core=1.10.15=pyhd8ed1ab_0
  - dbt-duckdb=1.9.4=pyhd8ed1ab_0
  - dbt-extractor=0.6.0=py313h5c7d99a_1
  - dbt-protos=1.0.402=pyhcf101f3_0
  - dbt-semantic-interfaces=0.9.2=pyh3cfb1c2_0
  - dbus=1.16.2=h3c4dab8_0
  - debugpy=1.8.17=py313h5d5ffb9_1
  - decorator=5.2.1=pyhd8ed1ab_0
  - deepdiff=8.6.1=pyhcf101f3_0
  - defusedxml=0.7.1=pyhd8ed1ab_0
  - deprecated=1.3.1=pyhd8ed1ab_0
  - distlib=0.4.0=pyhd8ed1ab_0
  - dnspython=2.8.0=pyhcf101f3_0
  - doc8=2.0.0=pyhd8ed1ab_0
  - docker-py=7.1.0=pyhd8ed1ab_1
  - docstring_parser=0.17.0=pyhd8ed1ab_0
  - docutils=0.21.2=pyhd8ed1ab_1
  - dulwich=0.22.8=py313h920b4c0_0
  - elfutils=0.193=h849f50c_0
  - email-validator=2.3.0=pyhd8ed1ab_0
  - email_validator=2.3.0=hd8ed1ab_0
  - ensureconda=1.6.0=pyhcf101f3_0
  - epoxy=1.5.10=hb03c661_2
  - et_xmlfile=2.0.0=pyhd8ed1ab_1
  - exceptiongroup=1.3.1=pyhd8ed1ab_0
  - execnet=2.1.2=pyhd8ed1ab_0
  - executing=2.2.1=pyhd8ed1ab_0
  - fastapi=0.124.0=hefef5aa_0
  - fastapi-cli=0.0.16=pyhcf101f3_1
  - fastapi-core=0.124.0=pyhcf101f3_0
  - filelock=3.20.0=pyhd8ed1ab_0
  - flask=3.1.2=pyhd8ed1ab_0
  - flask-cors=6.0.1=pyhe01879c_0
  - folium=0.20.0=pyhd8ed1ab_0
  - font-ttf-dejavu-sans-mono=2.37=hab24e00_0
  - font-ttf-inconsolata=3.000=h77eed37_0
  - font-ttf-source-code-pro=2.038=h77eed37_0
  - font-ttf-ubuntu=0.83=h77eed37_3
  - fontconfig=2.15.0=h7e30c49_1
  - fonts-conda-ecosystem=1=0
  - fonts-conda-forge=1=hc364b38_1
  - fonttools=4.61.0=py313h3dea7bd_0
  - fqdn=1.5.1=pyhd8ed1ab_1
  - freetype=2.14.1=ha770c72_0
  - freexl=2.0.0=h9dce30a_2
  - fribidi=1.0.16=hb03c661_0
  - frictionless=5.18.1=pyhd8ed1ab_1
  - frozenlist=1.7.0=py313h6b9daa2_0
  - fsspec=2025.10.0=pyhd8ed1ab_0
  - furo=2024.8.6=pyhd8ed1ab_2
  - future=1.0.0=pyhd8ed1ab_2
  - gcsfs=2025.10.0=pyhd8ed1ab_0
  - gdal=3.12.0=py313h60f829d_2
  - gdk-pixbuf=2.44.4=h2b0a6b4_0
  - geoarrow-c=0.3.1=py313h7033f15_0
  - geoarrow-pyarrow=0.2.0=pyhd8ed1ab_1
  - geoarrow-types=0.3.0=pyhd8ed1ab_0
  - geopandas=1.1.1=pyhd8ed1ab_1
  - geopandas-base=1.1.1=pyha770c72_1
  - geos=3.14.1=h480dda7_0
  - gflags=2.2.2=h5888daf_1005
  - giflib=5.2.2=hd590300_0
  - gitdb=4.0.12=pyhd8ed1ab_0
  - gitpython=3.1.45=pyhff2d567_0
  - glib-tools=2.86.0=hf516916_0
  - glog=0.7.1=hbabe93e_0
  - glpk=5.0=h445213a_0
  - gmp=6.3.0=hac33072_2
  - gnutls=3.8.9=h86084c0_1
  - google-api-core=2.28.1=pyhd8ed1ab_0
  - google-auth=2.41.1=pyhd8ed1ab_0
  - google-auth-oauthlib=1.2.3=pyhd8ed1ab_1
  - google-cloud-core=2.5.0=pyhd8ed1ab_0
  - google-cloud-sdk=548.0.0=py313h78bf25f_0
  - google-cloud-storage=3.6.0=pyhcf101f3_0
  - google-crc32c=1.7.1=py313h74173ec_1
  - google-resumable-media=2.8.0=pyhd8ed1ab_0
  - googleapis-common-protos=1.72.0=pyhd8ed1ab_0
  - gql=3.5.0=pyhd8ed1ab_2
  - gql-with-requests=3.5.0=hd8ed1ab_2
  - graphene=3.4.3=pyhd8ed1ab_1
  - graphite2=1.3.14=hecca717_2
  - graphql-core=3.2.7=pyhcf101f3_0
  - graphql-relay=3.2.0=pyhd8ed1ab_1
  - graphviz=13.1.2=h87b6fe6_0
  - greenlet=3.3.0=py313h7033f15_0
  - grpcio=1.73.1=py313h2b3948d_1
  - grpcio-health-checking=1.73.1=pyhe01879c_0
  - grpcio-status=1.73.1=pyhd8ed1ab_0
  - gtk3=3.24.43=h993cebd_6
  - gts=0.7.6=h977cf35_4
  - gunicorn=23.0.0=py313h78bf25f_3
  - h11=0.16.0=pyhd8ed1ab_0
  - h2=4.3.0=pyhcf101f3_0
  - h3=4.3.0=h3e4d06c_1
  - h3-py=4.3.0=py313h5d5ffb9_3
  - harfbuzz=12.1.0=h15599e2_0
  - hicolor-icon-theme=0.17=ha770c72_2
  - hpack=4.1.0=pyhd8ed1ab_0
  - httpcore=1.0.9=pyh29332c3_0
  - httptools=0.7.1=py313h07c4f96_1
  - httpx=0.28.1=pyhd8ed1ab_0
  - huey=2.5.5=pyhcf101f3_0
  - humanfriendly=10.0=pyh707e725_8
  - humanize=4.14.0=pyhd8ed1ab_0
  - hyperframe=6.1.0=pyhd8ed1ab_0
  - hypothesis=6.148.7=pyha770c72_0
  - icu=75.1=he02047a_0
  - identify=2.6.15=pyhd8ed1ab_0
  - idna=3.11=pyhd8ed1ab_0
  - igraph=1.0.0=hfe3e89f_0
  - imagesize=1.4.1=pyhd8ed1ab_0
  - importlib-metadata=8.7.0=pyhe01879c_1
  - importlib_resources=6.5.2=pyhd8ed1ab_0
  - iniconfig=2.3.0=pyhd8ed1ab_0
  - invoke=2.2.1=pyhd8ed1ab_0
  - ipykernel=7.1.0=pyha191276_0
  - ipython=9.8.0=pyh53cf698_0
  - ipython_pygments_lexers=1.1.1=pyhd8ed1ab_0
  - ipywidgets=8.1.8=pyhd8ed1ab_0
  - isodate=0.6.1=pyhd8ed1ab_0
  - isoduration=20.11.0=pyhd8ed1ab_1
  - itsdangerous=2.2.0=pyhd8ed1ab_1
  - jaconv=0.4.1=pyhd8ed1ab_0
  - jaraco.classes=3.4.0=pyhd8ed1ab_2
  - jaraco.context=6.0.1=pyhd8ed1ab_0
  - jaraco.functools=4.3.0=pyhd8ed1ab_0
  - jedi=0.19.2=pyhd8ed1ab_1
  - jeepney=0.9.0=pyhd8ed1ab_0
  - jellyfish=1.2.1=py313h5c7d99a_1
  - jinja2=3.1.6=pyhcf101f3_1
  - jmespath=1.0.1=pyhd8ed1ab_1
  - joblib=1.5.2=pyhd8ed1ab_0
  - json-c=0.18=h6688a6e_0
  - json5=0.12.1=pyhd8ed1ab_0
  - jsonpointer=3.0.0=pyhcf101f3_3
  - jsonschema=4.25.1=pyhe01879c_0
  - jsonschema-specifications=2025.9.1=pyhcf101f3_0
  - jsonschema-with-format-nongpl=4.25.1=he01879c_0
  - jupyter=1.1.1=pyhd8ed1ab_1
  - jupyter-lsp=2.3.0=pyhcf101f3_0
  - jupyter-resource-usage=1.2.0=pyhd8ed1ab_0
  - jupyter_client=8.6.3=pyhd8ed1ab_1
  - jupyter_console=6.6.3=pyhd8ed1ab_1
  - jupyter_core=5.9.1=pyhc90fa1f_0
  - jupyter_events=0.12.0=pyh29332c3_0
  - jupyter_server=2.17.0=pyhcf101f3_0
  - jupyter_server_terminals=0.5.3=pyhd8ed1ab_1
  - jupyterlab=4.5.0=pyhd8ed1ab_0
  - jupyterlab-lsp=5.2.0=pyhcf101f3_1
  - jupyterlab_pygments=0.3.0=pyhd8ed1ab_2
  - jupyterlab_server=2.28.0=pyhcf101f3_0
  - jupyterlab_widgets=3.0.16=pyhcf101f3_1
  - keyring=25.7.0=pyha804496_0
  - keyutils=1.6.3=hb9d3cd8_0
  - kiwisolver=1.4.9=py313hc8edb43_2
  - krb5=1.21.3=h659f571_0
  - lark=1.3.1=pyhd8ed1ab_0
  - latexcodec=2.0.1=pyh9f0ad1d_0
  - lcms2=2.17=h717163a_0
  - ld_impl_linux-64=2.45=default_hbd61a6d_104
  - leather=0.4.0=pyhd8ed1ab_0
  - legacy-cgi=2.6.4=pyh742d864_0
  - lerc=4.0.0=h0aef613_1
  - libabseil=20250512.1=cxx17_hba17884_0
  - libarchive=3.8.2=gpl_h7be2006_100
  - libarrow=20.0.0=h1c4d41a_27_cpu
  - libarrow-acero=20.0.0=h635bf11_27_cpu
  - libarrow-dataset=20.0.0=h635bf11_27_cpu
  - libarrow-substrait=20.0.0=h3f74fd7_27_cpu
  - libblas=3.11.0=4_h4a7cf45_openblas
  - libbrotlicommon=1.1.0=hb03c661_4
  - libbrotlidec=1.1.0=hb03c661_4
  - libbrotlienc=1.1.0=hb03c661_4
  - libcblas=3.11.0=4_h0358290_openblas
  - libcrc32c=1.1.2=h9c3ff4c_0
  - libcups=2.3.3=hb8b1518_5
  - libcurl=8.17.0=h4e3cde8_0
  - libcxx=21.1.7=ha0f52bf_0
  - libcxxabi=21.1.7=h9fd08b6_0
  - libdeflate=1.25=h17f619e_0
  - libdrm=2.4.125=hb03c661_1
  - libedit=3.1.20250104=pl5321h7949ede_0
  - libegl=1.7.0=ha4b6fd6_2
  - libegl-devel=1.7.0=ha4b6fd6_2
  - libev=4.33=hd590300_2
  - libevent=2.1.12=hf998b51_1
  - libexpat=2.7.3=hecca717_0
  - libffi=3.4.6=h2dba641_1
  - libfreetype=2.14.1=ha770c72_0
  - libfreetype6=2.14.1=h73754d4_0
  - libgcc=15.2.0=he0feb66_15
  - libgcc-ng=15.2.0=h69a702a_15
  - libgd=2.3.3=h6f5c62b_11
  - libgdal-core=3.12.0=habacd5f_0
  - libgfortran=15.2.0=h69a702a_15
  - libgfortran5=15.2.0=h68bc16d_15
  - libgl=1.7.0=ha4b6fd6_2
  - libgl-devel=1.7.0=ha4b6fd6_2
  - libglib=2.86.0=h1fed272_0
  - libglvnd=1.7.0=ha4b6fd6_2
  - libglx=1.7.0=ha4b6fd6_2
  - libglx-devel=1.7.0=ha4b6fd6_2
  - libgomp=15.2.0=he0feb66_15
  - libgoogle-cloud=2.39.0=hdb79228_0
  - libgoogle-cloud-storage=2.39.0=hdbdcf42_0
  - libgrpc=1.73.1=h3288cfb_1
  - libhwy=1.3.0=h4c17acf_1
  - libiconv=1.18=h3b78370_2
  - libidn2=2.3.8=hfac485b_1
  - libjpeg-turbo=3.1.2=hb03c661_0
  - libjxl=0.11.1=h6cb5226_4
  - libkml=1.3.0=haa4a5bd_1022
  - liblapack=3.11.0=4_h47877c9_openblas
  - liblzma=5.8.1=hb9d3cd8_2
  - libmicrohttpd=1.0.2=hc2fc477_0
  - libmpdec=4.0.0=hb9d3cd8_0
  - libnghttp2=1.67.0=had1ee68_0
  - libnsl=2.0.1=hb9d3cd8_1
  - libntlm=1.8=hb9d3cd8_0
  - libopenblas=0.3.30=pthreads_h94d23a6_4
  - libopentelemetry-cpp=1.21.0=hb9b0907_1
  - libopentelemetry-cpp-headers=1.21.0=ha770c72_1
  - libparquet=20.0.0=h7376487_27_cpu
  - libpciaccess=0.18=hb9d3cd8_0
  - libpng=1.6.53=h421ea60_0
  - libpq=18.1=h5c52fec_2
  - libprotobuf=6.31.1=h49aed37_2
  - libre2-11=2025.11.05=h7b12aa8_0
  - librsvg=2.60.0=h61e6d4b_0
  - librttopo=1.1.0=h46dd2a8_20
  - libsodium=1.0.20=h4ab18f5_0
  - libspatialite=5.1.0=gpl_h2abfd87_119
  - libsqlite=3.51.1=h0c1763c_0
  - libssh2=1.11.1=hcf80075_0
  - libstdcxx=15.2.0=h934c35e_15
  - libstdcxx-ng=15.2.0=hdf11a46_15
  - libtasn1=4.20.0=hb03c661_1
  - libthrift=0.22.0=h454ac66_1
  - libtiff=4.7.1=h9d88235_1
  - libunistring=0.9.10=h7f98852_0
  - libunwind=1.8.3=h65a8314_0
  - libutf8proc=2.11.2=hfe17d71_0
  - libuuid=2.41.2=h5347b49_1
  - libuv=1.51.0=hb03c661_1
  - libwebp-base=1.6.0=hd42ef1d_0
  - libxcb=1.17.0=h8a09558_0
  - libxcrypt=4.4.36=hd590300_1
  - libxkbcommon=1.13.1=hca5e8e5_0
  - libxml2=2.15.1=h26afc86_0
  - libxml2-16=2.15.1=ha9997c6_0
  - libxml2-devel=2.15.1=h26afc86_0
  - libxslt=1.1.43=h711ed8c_1
  - libzlib=1.3.1=hb9d3cd8_2
  - linkify-it-py=2.0.3=pyhd8ed1ab_1
  - llvmlite=0.45.1=py313hdd307be_0
  - lsprotocol=2023.0.1=pyhd8ed1ab_1
  - lxml=6.0.2=py313h4a16004_2
  - lz4-c=1.10.0=h5888daf_1
  - lzo=2.10=h280c20c_1002
  - mako=1.3.10=pyhcf101f3_1
  - mapclassify=2.10.0=pyhd8ed1ab_1
  - markdown-it-py=4.0.0=pyhd8ed1ab_0
  - marko=2.2.1=pyhd8ed1ab_0
  - markupsafe=3.0.3=py313h3dea7bd_0
  - mashumaro=3.14=pyhd8ed1ab_0
  - matplotlib-base=3.10.8=py313h683a580_0
  - matplotlib-inline=0.2.1=pyhd8ed1ab_0
  - mdit-py-plugins=0.5.0=pyhd8ed1ab_0
  - mdurl=0.1.2=pyhd8ed1ab_1
  - memray=1.19.1=py313ha1c29dc_1
  - minizip=4.0.10=h05a5f5f_0
  - mistune=3.1.4=pyhcf101f3_0
  - mlflow=3.7.0=pyh707e725_0
  - mlflow-skinny=3.7.0=pyh707e725_0
  - mlflow-ui=3.7.0=pyh707e725_0
  - more-itertools=10.8.0=pyhcf101f3_1
  - msgpack-python=1.1.2=py313h7037e92_1
  - multidict=6.6.3=py313h8060acc_0
  - munkres=1.1.4=pyhd8ed1ab_1
  - muparser=2.3.5=h5888daf_0
  - mypy_extensions=1.1.0=pyha770c72_0
  - narwhals=2.13.0=pyhcf101f3_0
  - nbclient=0.10.2=pyhd8ed1ab_0
  - nbconvert=7.16.6=hc388f54_1
  - nbconvert-core=7.16.6=pyhcf101f3_1
  - nbconvert-pandoc=7.16.6=h7d6f222_1
  - nbformat=5.10.4=pyhd8ed1ab_1
  - ncurses=6.5=h2d0b736_3
  - nest-asyncio=1.6.0=pyhd8ed1ab_1
  - nettle=3.10.1=h4a9d5aa_0
  - networkx=3.6=pyhcf101f3_0
  - nlohmann_json=3.12.0=h54a6638_1
  - nodeenv=1.9.1=pyhd8ed1ab_1
  - nodejs=24.10.0=h8c692ec_1
  - nomkl=1.0=h5ca1d4c_0
  - notebook=7.5.0=pyhcf101f3_0
  - notebook-shim=0.2.4=pyhd8ed1ab_1
  - numba=0.62.1=py313h7afe1cf_1
  - numexpr=2.14.1=py313h24ae7f9_101
  - numpy=2.3.5=py313hf6604e3_0
  - oauthlib=3.3.1=pyhd8ed1ab_0
  - openjpeg=2.5.4=h55fea9a_0
  - openldap=2.6.10=he970967_0
  - openpyxl=3.1.5=py313ha4be090_2
  - openssl=3.6.0=h26f9b46_0
  - opentelemetry-api=1.39.0=pyhd8ed1ab_0
  - opentelemetry-proto=1.39.0=pyhd8ed1ab_0
  - opentelemetry-sdk=1.39.0=pyhd8ed1ab_0
  - opentelemetry-semantic-conventions=0.60b0=pyhd8ed1ab_0
  - orc=2.2.1=hd747db4_0
  - orderly-set=5.5.0=pyhe01879c_0
  - orjson=3.11.4=py313h843e2db_1
  - overrides=7.7.0=pyhd8ed1ab_1
  - p11-kit=0.24.1=hc5aa10d_0
  - packaging=25.0=pyh29332c3_1
  - pandas=2.3.3=py313h08cd8bf_2
  - pandera-core=0.27.0=pyhd8ed1ab_0
  - pandoc=3.8.3=ha770c72_0
  - pandocfilters=1.5.0=pyhd8ed1ab_0
  - pango=1.56.4=hadf4263_0
  - parallel=20251122=ha770c72_0
  - paramiko=4.0.0=pyhd8ed1ab_0
  - parsedatetime=2.4=py_1
  - parso=0.8.5=pyhcf101f3_0
  - pathlib-abc=0.5.2=pyh9692d8f_0
  - pathspec=0.12.1=pyhd8ed1ab_1
  - pbr=7.0.3=pyhd8ed1ab_0
  - pcre2=10.46=h1321c63_0
  - perl=5.32.1=7_hd590300_perl5
  - petl=1.7.17=pyhd8ed1ab_0
  - pexpect=4.9.0=pyhd8ed1ab_1
  - pillow=11.3.0=py313ha492abd_3
  - pip=25.3=pyh145f28c_0
  - pixman=0.46.4=h54a6638_1
  - pkginfo=1.12.1.2=pyhd8ed1ab_0
  - platformdirs=4.5.1=pyhcf101f3_0
  - pluggy=1.6.0=pyhf9edf01_1
  - polars=1.35.2=pyh6a1acc5_0
  - polars-runtime-32=1.35.2=py310hffdcd12_0
  - pre-commit=4.5.0=pyha770c72_0
  - prettier=3.7.4=h7e4c9f4_0
  - proj=9.7.1=h99ae125_0
  - prometheus-cpp=1.3.0=ha5d0236_0
  - prometheus_client=0.23.1=pyhd8ed1ab_0
  - prometheus_flask_exporter=0.23.2=pyhd8ed1ab_0
  - prompt-toolkit=3.0.52=pyha770c72_0
  - prompt_toolkit=3.0.52=hd8ed1ab_0
  - propcache=0.3.1=py313h8060acc_0
  - proto-plus=1.26.1=pyhd8ed1ab_0
  - protobuf=6.31.1=py313h8c92afc_2
  - psutil=7.1.3=py313h54dd161_0
  - psycopg2=2.9.10=py313hdc942f6_4
  - psycopg2-binary=2.9.10=pyhd8ed1ab_1
  - pthread-stubs=0.4=hb9d3cd8_1002
  - ptyprocess=0.7.0=pyhd8ed1ab_1
  - pure_eval=0.2.3=pyhd8ed1ab_1
  - pyarrow=20.0.0=py313h78bf25f_0
  - pyarrow-core=20.0.0=py313he5f92c8_0_cpu
  - pyasn1=0.6.1=pyhd8ed1ab_2
  - pyasn1-modules=0.4.2=pyhd8ed1ab_0
  - pybtex=0.25.1=pyhd8ed1ab_0
  - pybtex-docutils=1.0.3=py313h78bf25f_3
  - pycparser=2.22=pyh29332c3_1
  - pydantic=2.12.5=pyhcf101f3_1
  - pydantic-core=2.41.5=py313h843e2db_1
  - pydantic-settings=2.12.0=pyh3cfb1c2_0
  - pygls=1.3.1=pyhd8ed1ab_1
  - pygments=2.19.2=pyhd8ed1ab_0
  - pygraphviz=1.14=py313h45fd7b0_2
  - pyicu=2.16=py313h1d0e8f4_0
  - pyjwt=2.10.1=pyhd8ed1ab_0
  - pynacl=1.6.1=py313h07c4f96_0
  - pyogrio=0.12.1=py313hae45665_0
  - pyopenssl=25.3.0=pyhd8ed1ab_0
  - pyparsing=3.2.5=pyhcf101f3_0
  - pyproj=3.7.2=py313h77f6078_2
  - pyproject_hooks=1.2.0=pyhd8ed1ab_1
  - pysocks=1.7.1=pyha55dd90_7
  - pytest=9.0.2=pyhcf101f3_0
  - pytest-console-scripts=1.4.1=pyhd8ed1ab_1
  - pytest-cov=7.0.0=pyhcf101f3_1
  - pytest-mock=3.15.1=pyhd8ed1ab_0
  - pytest-order=1.3.0=pyh29332c3_2
  - pytest-xdist=3.8.0=pyhd8ed1ab_0
  - python=3.13.9=h2b335a9_100_cp313
  - python-build=1.3.0=pyhff2d567_0
  - python-calamine=0.6.1=py313h5c7d99a_0
  - python-dateutil=2.9.0.post0=pyhe01879c_2
  - python-dotenv=1.2.1=pyhcf101f3_0
  - python-duckdb=1.4.2=py313h7033f15_0
  - python-fastjsonschema=2.21.2=pyhe01879c_0
  - python-flatbuffers=25.9.23=pyh1e1bc0e_0
  - python-gil=3.13.11=h4df99d1_100
  - python-igraph=1.0.0=py313h7033f15_0
  - python-installer=0.7.0=pyhff2d567_1
  - python-json-logger=2.0.7=pyhd8ed1ab_0
  - python-multipart=0.0.20=pyhff2d567_0
  - python-slugify=8.0.4=pyhd8ed1ab_1
  - python-tzdata=2025.2=pyhd8ed1ab_0
  - python_abi=3.13=8_cp313
  - pytimeparse=1.1.8=py_0
  - pytz=2025.2=pyhd8ed1ab_0
  - pyu2f=0.1.5=pyhd8ed1ab_1
  - pywin32-on-windows=0.1.0=pyh1179c8e_3
  - pyyaml=6.0.3=py313h3dea7bd_0
  - pyzmq=27.1.0=py312hfb55c3c_0
  - qhull=2020.2=h434a139_5
  - querystring_parser=1.2.4=pyhd8ed1ab_2
  - re2=2025.11.05=h5301d42_0
  - readline=8.2=h8c095d6_2
  - readthedocs-sphinx-ext=2.2.5=pyhd8ed1ab_1
  - referencing=0.37.0=pyhcf101f3_0
  - regex=2025.11.3=py313h07c4f96_1
  - requests=2.32.5=pyhd8ed1ab_0
  - requests-oauthlib=2.0.0=pyhd8ed1ab_1
  - requests-toolbelt=1.0.0=pyhd8ed1ab_1
  - responses=0.25.8=pyhd8ed1ab_0
  - restructuredtext_lint=2.0.2=pyhd8ed1ab_0
  - rfc3339-validator=0.1.4=pyhd8ed1ab_1
  - rfc3986=2.0.0=pyhd8ed1ab_1
  - rfc3986-validator=0.1.1=pyh9f0ad1d_0
  - rfc3987-syntax=1.1.0=pyhe01879c_1
  - rich=14.2.0=pyhcf101f3_0
  - rich-toolkit=0.17.0=pyhcf101f3_0
  - roman-numerals-py=3.1.0=pyhd8ed1ab_0
  - rpds-py=0.30.0=py313h843e2db_0
  - rsa=4.9.1=pyhd8ed1ab_0
  - ruamel.yaml=0.18.16=py313h07c4f96_0
  - ruamel.yaml.clib=0.2.14=py313h07c4f96_0
  - ruff=0.14.8=h813ae00_0
  - ruff-lsp=0.0.62=pyhd8ed1ab_0
  - s2n=1.6.0=h8399546_1
  - s3fs=2025.10.0=pyhd8ed1ab_0
  - s3transfer=0.14.0=pyhd8ed1ab_0
  - scikit-learn=1.7.2=py313h06d4379_0
  - scipy=1.16.3=py313h11c21cd_1
  - secretstorage=3.4.1=py313h78bf25f_0
  - semver=3.0.4=pyhd8ed1ab_0
  - send2trash=1.8.3=pyh0d859eb_1
  - setuptools=80.9.0=pyhff2d567_0
  - shapely=2.1.2=py313had47c43_2
  - shellingham=1.5.4=pyhd8ed1ab_2
  - simpleeval=1.0.3=pyhd8ed1ab_0
  - six=1.17.0=pyhe01879c_1
  - smmap=5.0.2=pyhd8ed1ab_0
  - snappy=1.2.2=h03e3b7b_1
  - sniffio=1.3.1=pyhd8ed1ab_2
  - snowballstemmer=3.0.1=pyhd8ed1ab_0
  - snowplow-tracker=1.0.4=pyhd8ed1ab_0
  - sortedcontainers=2.4.0=pyhd8ed1ab_1
  - soupsieve=2.8=pyhd8ed1ab_0
  - sphinx=8.2.3=pyhd8ed1ab_0
  - sphinx-autoapi=3.6.1=pyhd8ed1ab_0
  - sphinx-basic-ng=1.0.0b2=pyhd8ed1ab_3
  - sphinx-issues=5.0.1=pyhd8ed1ab_0
  - sphinx-reredirects=1.0.0=pyhd8ed1ab_0
  - sphinx-tabs=3.4.1=pyhd8ed1ab_1
  - sphinxcontrib-applehelp=2.0.0=pyhd8ed1ab_1
  - sphinxcontrib-bibtex=2.6.5=pyhd8ed1ab_0
  - sphinxcontrib-devhelp=2.0.0=pyhd8ed1ab_1
  - sphinxcontrib-googleanalytics=0.5=pyhd8ed1ab_0
  - sphinxcontrib-htmlhelp=2.1.0=pyhd8ed1ab_1
  - sphinxcontrib-jsmath=1.0.1=pyhd8ed1ab_1
  - sphinxcontrib-qthelp=2.0.0=pyhd8ed1ab_1
  - sphinxcontrib-serializinghtml=1.1.10=pyhd8ed1ab_1
  - splink=4.0.11=pyhd8ed1ab_0
  - sqlalchemy=2.0.44=py313h07c4f96_0
  - sqlglot=28.0.0=pyhcf101f3_0
  - sqlglot-rs=28.0.0=h5602114_0
  - sqlglotrs=0.7.3=py313h5a021e7_0
  - sqlite=3.51.1=hbc0de68_0
  - sqlparse=0.5.4=pyhcf101f3_1
  - stack_data=0.6.3=pyhd8ed1ab_1
  - starlette=0.50.0=pyhfdc7a7d_0
  - stdlib-list=0.12.0=pyhd8ed1ab_0
  - stevedore=5.6.0=pyhd8ed1ab_0
  - stringcase=1.2.0=pyhd8ed1ab_2
  - structlog=25.5.0=pyhcf101f3_0
  - tabulate=0.9.0=pyhcf101f3_3
  - terminado=0.18.1=pyh0d859eb_0
  - terraform=1.14.1=h76a2195_0
  - text-unidecode=1.3=pyhd8ed1ab_2
  - texttable=1.7.0=pyhd8ed1ab_1
  - textual=6.8.0=pyhd8ed1ab_0
  - threadpoolctl=3.6.0=pyhecae5ae_0
  - timezonefinder=8.1.0=py313h07c4f96_0
  - tinycss2=1.5.1=pyhcf101f3_0
  - tk=8.6.13=noxft_ha0e22de_103
  - tomli=2.3.0=pyhcf101f3_0
  - tomlkit=0.13.3=pyha770c72_0
  - toposort=1.10=pyhd8ed1ab_1
  - tornado=6.5.2=py313h07c4f96_2
  - tqdm=4.67.1=pyhd8ed1ab_1
  - traitlets=5.14.3=pyhd8ed1ab_1
  - trove-classifiers=2025.12.1.14=pyhd8ed1ab_0
  - truststore=0.10.3=pyhe01879c_0
  - typeguard=4.4.4=pyhd8ed1ab_0
  - typer=0.20.0=pyhefaf540_1
  - typer-slim=0.20.0=pyhcf101f3_1
  - typer-slim-standard=0.20.0=h4daf872_1
  - types-pyyaml=6.0.12.20250915=pyhd8ed1ab_1
  - types-requests=2.32.4.20250913=pyhd8ed1ab_1
  - typing-extensions=4.15.0=h396c80c_0
  - typing-inspection=0.4.2=pyhd8ed1ab_1
  - typing_extensions=4.15.0=pyhcf101f3_0
  - typing_inspect=0.9.0=pyhd8ed1ab_1
  - typing_utils=0.1.0=pyhd8ed1ab_1
  - typos=1.40.0=hdab8a38_0
  - tzdata=2025b=h78e105d_0
  - uc-micro-py=1.0.3=pyhd8ed1ab_1
  - ukkonen=1.0.1=py313h7037e92_6
  - universal-pathlib=0.3.7=hd8ed1ab_0
  - universal_pathlib=0.3.7=pyhd8ed1ab_0
  - uri-template=1.3.0=pyhd8ed1ab_1
  - uriparser=0.9.8=hac33072_0
  - urllib3=2.5.0=pyhd8ed1ab_0
  - uvicorn=0.38.0=pyh31011fe_0
  - uvicorn-standard=0.38.0=h31011fe_0
  - uvloop=0.22.1=py313h07c4f96_1
  - validators=0.35.0=pyhd8ed1ab_0
  - virtualenv=20.35.4=pyhd8ed1ab_0
  - watchdog=6.0.0=py313h78bf25f_2
  - watchfiles=1.1.1=py313h5c7d99a_0
  - wayland=1.24.0=h3e06ad9_0
  - wcwidth=0.2.14=pyhd8ed1ab_0
  - webcolors=25.10.0=pyhd8ed1ab_0
  - webencodings=0.5.1=pyhd8ed1ab_3
  - websocket-client=1.9.0=pyhd8ed1ab_0
  - websockets=11.0.3=py313h54dd161_2
  - werkzeug=3.1.4=pyhcf101f3_0
  - widgetsnbextension=4.0.15=pyhd8ed1ab_0
  - wrapt=1.17.3=py313h07c4f96_1
  - xerces-c=3.3.0=h988505b_0
  - xkeyboard-config=2.46=hb03c661_0
  - xlsxwriter=3.2.9=pyhd8ed1ab_0
  - xorg-libice=1.1.2=hb9d3cd8_0
  - xorg-libsm=1.2.6=he73a12e_0
  - xorg-libx11=1.8.12=h4f16b4b_0
  - xorg-libxau=1.0.12=hb03c661_1
  - xorg-libxcomposite=0.4.6=hb9d3cd8_2
  - xorg-libxcursor=1.2.3=hb9d3cd8_0
  - xorg-libxdamage=1.1.6=hb9d3cd8_0
  - xorg-libxdmcp=1.1.5=hb03c661_1
  - xorg-libxext=1.3.6=hb9d3cd8_0
  - xorg-libxfixes=6.0.2=hb03c661_0
  - xorg-libxi=1.8.2=hb9d3cd8_0
  - xorg-libxinerama=1.1.5=h5888daf_1
  - xorg-libxrandr=1.5.4=hb9d3cd8_0
  - xorg-libxrender=0.9.12=hb9d3cd8_0
  - xorg-libxtst=1.2.5=hb9d3cd8_3
  - xorg-libxxf86vm=1.1.6=hb9d3cd8_0
  - xorg-xorgproto=2024.1=hb9d3cd8_1
  - xyzservices=2025.11.0=pyhd8ed1ab_0
  - yaml=0.2.5=h280c20c_3
  - yarl=1.22.0=py313h3dea7bd_0
  - zeromq=4.3.5=h387f397_9
  - zip=3.0=hd590300_3
  - zipp=3.23.0=pyhcf101f3_1
  - zlib=1.3.1=hb9d3cd8_2
  - zstandard=0.25.0=py313h54dd161_1
  - zstd=1.5.7=hb78ec9c_6
