# Generated by conda-lock.
# platform: osx-arm64
# input_hash: c12f143a2bec8a54bb1a30b281a6a09ed3b544d195e94414fb72318c65e5e967

channels:
  - conda-forge
dependencies:
  - _openmp_mutex=4.5=7_kmp_llvm
  - _python_abi3_support=1.0=hd8ed1ab_2
  - adwaita-icon-theme=49.0=unix_0
  - agate=1.9.1=pyh707e725_1
  - aiobotocore=2.25.2=pyhcf101f3_0
  - aiohappyeyeballs=2.6.1=pyhd8ed1ab_0
  - aiohttp=3.13.2=py313h2082a12_0
  - aioitertools=0.12.0=pyhd8ed1ab_1
  - aiosignal=1.4.0=pyhd8ed1ab_0
  - alabaster=1.0.0=pyhd8ed1ab_1
  - alembic=1.17.2=pyhd8ed1ab_0
  - altair=6.0.0=pyhd8ed1ab_1
  - annotated-doc=0.0.4=pyhcf101f3_0
  - annotated-types=0.7.0=pyhd8ed1ab_1
  - antlr-python-runtime=4.13.2=pyhd8ed1ab_1
  - anyio=4.12.0=pyhcf101f3_0
  - appdirs=1.4.4=pyhd8ed1ab_1
  - appnope=0.1.4=pyhd8ed1ab_1
  - arelle-release=2.37.75=pyhd8ed1ab_0
  - argon2-cffi=25.1.0=pyhd8ed1ab_0
  - argon2-cffi-bindings=25.1.0=py313h6535dbc_2
  - arpack=3.9.1=nompi_h1f29f7c_102
  - arrow=1.4.0=pyhcf101f3_0
  - astroid=4.0.2=py313h8f79df9_0
  - asttokens=3.0.1=pyhd8ed1ab_0
  - async-lru=2.0.5=pyh29332c3_0
  - atk-1.0=2.38.0=hd03087b_2
  - attrs=25.4.0=pyhcf101f3_1
  - aws-c-auth=0.9.3=h1ddaa69_0
  - aws-c-cal=0.9.13=h6ee9776_1
  - aws-c-common=0.12.6=hc919400_0
  - aws-c-compression=0.3.1=h16f91aa_9
  - aws-c-event-stream=0.5.7=h9ae9c55_1
  - aws-c-http=0.10.7=h5928ca5_5
  - aws-c-io=0.23.3=hbe03c90_5
  - aws-c-mqtt=0.13.3=haf5c5c8_11
  - aws-c-s3=0.11.3=h8da9771_1
  - aws-c-sdkutils=0.2.4=h16f91aa_4
  - aws-checksums=0.2.7=h16f91aa_5
  - aws-crt-cpp=0.35.2=h74951b9_6
  - aws-sdk-cpp=1.11.606=h061c114_9
  - azure-core-cpp=1.16.1=h88fedcc_0
  - azure-identity-cpp=1.13.2=h853621b_1
  - azure-storage-blobs-cpp=12.15.0=h10d327b_1
  - azure-storage-common-cpp=12.11.0=h7e4aa5d_1
  - azure-storage-files-datalake-cpp=12.13.0=hb288d13_1
  - babel=2.17.0=pyhd8ed1ab_0
  - backoff=2.2.1=pyhd8ed1ab_1
  - backports=1.0=pyhd8ed1ab_5
  - backports.tarfile=1.2.0=pyhd8ed1ab_1
  - backports.zstd=1.2.0=py313hf42fe89_0
  - bcrypt=5.0.0=py313h2c089d5_1
  - beautifulsoup4=4.14.3=pyha770c72_0
  - bleach=6.3.0=pyhcf101f3_0
  - bleach-with-css=6.3.0=h5f6438b_0
  - blinker=1.9.0=pyhff2d567_0
  - blosc=1.21.6=h7dd00d9_1
  - boltons=25.0.0=pyhd8ed1ab_0
  - boto3=1.40.70=pyhd8ed1ab_0
  - botocore=1.40.70=pyhd8ed1ab_0
  - bottle=0.13.4=pyhe01879c_0
  - bottleneck=1.6.0=np2py313hc22c943_3
  - branca=0.8.2=pyhd8ed1ab_0
  - brotli=1.2.0=h7d5ae5b_1
  - brotli-bin=1.2.0=hc919400_1
  - brotli-python=1.2.0=py313hde1f3bb_1
  - bzip2=1.0.8=hd037594_8
  - c-ares=1.34.5=h5505292_0
  - ca-certificates=2025.11.12=hbd8a1cb_0
  - cachecontrol=0.14.3=pyha770c72_0
  - cachecontrol-with-filecache=0.14.3=pyhd8ed1ab_0
  - cached-property=1.5.2=hd8ed1ab_1
  - cached_property=1.5.2=pyha770c72_1
  - cachetools=6.2.2=pyhd8ed1ab_0
  - cairo=1.18.4=h6a3b0d2_0
  - catalystcoop.dbfread=3.0.0=pyhd8ed1ab_1
  - catalystcoop.ferc_xbrl_extractor=1.7.3=pyhd8ed1ab_0
  - cattrs=25.3.0=pyhd8ed1ab_0
  - certifi=2025.11.12=pyhd8ed1ab_0
  - cffi=2.0.0=py313h224173a_1
  - cfgv=3.5.0=pyhd8ed1ab_0
  - chardet=5.2.0=pyhd8ed1ab_3
  - charset-normalizer=3.4.4=pyhd8ed1ab_0
  - click=8.1.8=pyh707e725_0
  - click-default-group=1.2.4=pyhd8ed1ab_1
  - cloudpickle=3.1.2=pyhd8ed1ab_0
  - colorama=0.4.6=pyhd8ed1ab_1
  - coloredlogs=14.0=pyhd8ed1ab_3
  - comm=0.2.3=pyhe01879c_0
  - conda-lock=3.0.4=pyhb3ed7dc_1
  - conda-package-streaming=0.12.0=pyhd8ed1ab_0
  - contourpy=1.3.3=py313ha61f8ec_3
  - coverage=7.13.0=py313h7d74516_0
  - cpython=3.13.11=py313hd8ed1ab_100
  - crashtest=0.4.1=pyhd8ed1ab_1
  - cryptography=46.0.3=py313h76c770c_1
  - curl=8.17.0=hdece5d2_0
  - cycler=0.12.1=pyhcf101f3_2
  - cyrus-sasl=2.1.28=ha1cbb27_0
  - daff=1.4.2=pyhcf101f3_1
  - dagster=1.12.4=pyh742d864_0
  - dagster-dbt=1!0.28.4=pyhcf101f3_0
  - dagster-graphql=1.12.4=pyh742d864_0
  - dagster-pipes=1.12.4=pyh742d864_0
  - dagster-postgres=1!0.28.4=pyhcf101f3_0
  - dagster-shared=1.12.4=pyh742d864_0
  - dagster-webserver=1.12.4=pyh742d864_0
  - databricks-sdk=0.73.0=pyhd8ed1ab_0
  - dbt-adapters=1.20.1=pyhd8ed1ab_0
  - dbt-common=1.36.0=pyhd8ed1ab_0
  - dbt-core=1.10.15=pyhd8ed1ab_0
  - dbt-duckdb=1.9.4=pyhd8ed1ab_0
  - dbt-extractor=0.6.0=py313h6e3aefc_1
  - dbt-protos=1.0.402=pyhcf101f3_0
  - dbt-semantic-interfaces=0.9.2=pyh3cfb1c2_0
  - debugpy=1.8.17=py313hc37fe24_1
  - decorator=5.2.1=pyhd8ed1ab_0
  - deepdiff=8.6.1=pyhcf101f3_0
  - defusedxml=0.7.1=pyhd8ed1ab_0
  - deprecated=1.3.1=pyhd8ed1ab_0
  - distlib=0.4.0=pyhd8ed1ab_0
  - dnspython=2.8.0=pyhcf101f3_0
  - doc8=2.0.0=pyhd8ed1ab_0
  - docker-py=7.1.0=pyhd8ed1ab_1
  - docstring_parser=0.17.0=pyhd8ed1ab_0
  - docutils=0.21.2=pyhd8ed1ab_1
  - dulwich=0.22.8=py313hdde674f_0
  - email-validator=2.3.0=pyhd8ed1ab_0
  - email_validator=2.3.0=hd8ed1ab_0
  - ensureconda=1.6.0=pyhcf101f3_0
  - epoxy=1.5.10=hc919400_2
  - et_xmlfile=2.0.0=pyhd8ed1ab_1
  - exceptiongroup=1.3.1=pyhd8ed1ab_0
  - execnet=2.1.2=pyhd8ed1ab_0
  - executing=2.2.1=pyhd8ed1ab_0
  - fastapi=0.124.0=hefef5aa_0
  - fastapi-cli=0.0.16=pyhcf101f3_1
  - fastapi-core=0.124.0=pyhcf101f3_0
  - filelock=3.20.0=pyhd8ed1ab_0
  - flask=3.1.2=pyhd8ed1ab_0
  - flask-cors=6.0.1=pyhe01879c_0
  - folium=0.20.0=pyhd8ed1ab_0
  - font-ttf-dejavu-sans-mono=2.37=hab24e00_0
  - font-ttf-inconsolata=3.000=h77eed37_0
  - font-ttf-source-code-pro=2.038=h77eed37_0
  - font-ttf-ubuntu=0.83=h77eed37_3
  - fontconfig=2.15.0=h1383a14_1
  - fonts-conda-ecosystem=1=0
  - fonts-conda-forge=1=hc364b38_1
  - fonttools=4.61.0=py313h7d74516_0
  - fqdn=1.5.1=pyhd8ed1ab_1
  - freetype=2.14.1=hce30654_0
  - freexl=2.0.0=h3ab3353_2
  - fribidi=1.0.16=hc919400_0
  - frictionless=5.18.1=pyhd8ed1ab_1
  - frozenlist=1.7.0=py313hf28abc0_0
  - fsspec=2025.10.0=pyhd8ed1ab_0
  - furo=2024.8.6=pyhd8ed1ab_2
  - future=1.0.0=pyhd8ed1ab_2
  - gcsfs=2025.10.0=pyhd8ed1ab_0
  - gdal=3.12.0=py313h976e3e5_2
  - gdk-pixbuf=2.44.4=h7542897_0
  - geoarrow-c=0.3.1=py313h0e822ff_0
  - geoarrow-pyarrow=0.2.0=pyhd8ed1ab_1
  - geoarrow-types=0.3.0=pyhd8ed1ab_0
  - geopandas=1.1.1=pyhd8ed1ab_1
  - geopandas-base=1.1.1=pyha770c72_1
  - geos=3.14.1=h5afe852_0
  - gflags=2.2.2=hf9b8971_1005
  - giflib=5.2.2=h93a5062_0
  - gitdb=4.0.12=pyhd8ed1ab_0
  - gitpython=3.1.45=pyhff2d567_0
  - glib-tools=2.86.2=hb9d6e3a_1
  - glog=0.7.1=heb240a5_0
  - glpk=5.0=h6d7a090_0
  - gmp=6.3.0=h7bae524_2
  - google-api-core=2.28.1=pyhd8ed1ab_0
  - google-auth=2.43.0=pyhd8ed1ab_0
  - google-auth-oauthlib=1.2.2=pyhd8ed1ab_0
  - google-cloud-core=2.5.0=pyhd8ed1ab_0
  - google-cloud-sdk=548.0.0=py313h8f79df9_0
  - google-cloud-storage=3.6.0=pyhcf101f3_0
  - google-crc32c=1.7.1=py313h7962f2b_1
  - google-resumable-media=2.8.0=pyhd8ed1ab_0
  - googleapis-common-protos=1.72.0=pyhd8ed1ab_0
  - gql=3.5.0=pyhd8ed1ab_2
  - gql-with-requests=3.5.0=hd8ed1ab_2
  - graphene=3.4.3=pyhd8ed1ab_1
  - graphite2=1.3.14=hec049ff_2
  - graphql-core=3.2.7=pyhcf101f3_0
  - graphql-relay=3.2.0=pyhd8ed1ab_1
  - graphviz=13.1.2=hcd33d8b_0
  - greenlet=3.3.0=py313h0e822ff_0
  - grpcio=1.73.1=py313hb057f1c_1
  - grpcio-health-checking=1.73.1=pyhe01879c_0
  - grpcio-status=1.73.1=pyhd8ed1ab_0
  - gtk3=3.24.43=h5febe37_6
  - gts=0.7.6=he42f4ea_4
  - gunicorn=23.0.0=py313h8f79df9_3
  - h11=0.16.0=pyhd8ed1ab_0
  - h2=4.3.0=pyhcf101f3_0
  - h3=4.3.0=hc039f4b_1
  - h3-py=4.3.0=py313hc37fe24_3
  - harfbuzz=12.2.0=haf38c7b_0
  - hicolor-icon-theme=0.17=hce30654_2
  - hpack=4.1.0=pyhd8ed1ab_0
  - httpcore=1.0.9=pyh29332c3_0
  - httptools=0.7.1=py313h6535dbc_1
  - httpx=0.28.1=pyhd8ed1ab_0
  - huey=2.5.5=pyhcf101f3_0
  - humanfriendly=10.0=pyh707e725_8
  - humanize=4.14.0=pyhd8ed1ab_0
  - hyperframe=6.1.0=pyhd8ed1ab_0
  - hypothesis=6.148.7=pyha770c72_0
  - icu=75.1=hfee45f7_0
  - identify=2.6.15=pyhd8ed1ab_0
  - idna=3.11=pyhd8ed1ab_0
  - igraph=1.0.0=h73cadaf_0
  - imagesize=1.4.1=pyhd8ed1ab_0
  - importlib-metadata=8.7.0=pyhe01879c_1
  - importlib_resources=6.5.2=pyhd8ed1ab_0
  - iniconfig=2.3.0=pyhd8ed1ab_0
  - invoke=2.2.1=pyhd8ed1ab_0
  - ipykernel=7.1.0=pyh5552912_0
  - ipython=9.8.0=pyh53cf698_0
  - ipython_pygments_lexers=1.1.1=pyhd8ed1ab_0
  - ipywidgets=8.1.8=pyhd8ed1ab_0
  - isodate=0.6.1=pyhd8ed1ab_0
  - isoduration=20.11.0=pyhd8ed1ab_1
  - itsdangerous=2.2.0=pyhd8ed1ab_1
  - jaconv=0.4.1=pyhd8ed1ab_0
  - jaraco.classes=3.4.0=pyhd8ed1ab_2
  - jaraco.context=6.0.1=pyhd8ed1ab_0
  - jaraco.functools=4.3.0=pyhd8ed1ab_0
  - jedi=0.19.2=pyhd8ed1ab_1
  - jellyfish=1.2.1=py313h0b74987_1
  - jinja2=3.1.6=pyhcf101f3_1
  - jmespath=1.0.1=pyhd8ed1ab_1
  - joblib=1.5.2=pyhd8ed1ab_0
  - json-c=0.18=he4178ee_0
  - json5=0.12.1=pyhd8ed1ab_0
  - jsonpointer=3.0.0=pyhcf101f3_3
  - jsonschema=4.25.1=pyhe01879c_0
  - jsonschema-specifications=2025.9.1=pyhcf101f3_0
  - jsonschema-with-format-nongpl=4.25.1=he01879c_0
  - jupyter=1.1.1=pyhd8ed1ab_1
  - jupyter-lsp=2.3.0=pyhcf101f3_0
  - jupyter-resource-usage=1.2.0=pyhd8ed1ab_0
  - jupyter_client=8.6.3=pyhd8ed1ab_1
  - jupyter_console=6.6.3=pyhd8ed1ab_1
  - jupyter_core=5.9.1=pyhc90fa1f_0
  - jupyter_events=0.12.0=pyh29332c3_0
  - jupyter_server=2.17.0=pyhcf101f3_0
  - jupyter_server_terminals=0.5.3=pyhd8ed1ab_1
  - jupyterlab=4.5.0=pyhd8ed1ab_0
  - jupyterlab-lsp=5.2.0=pyhcf101f3_1
  - jupyterlab_pygments=0.3.0=pyhd8ed1ab_2
  - jupyterlab_server=2.28.0=pyhcf101f3_0
  - jupyterlab_widgets=3.0.16=pyhcf101f3_1
  - keyring=25.7.0=pyh534df25_0
  - kiwisolver=1.4.9=py313h7add70c_2
  - krb5=1.21.3=h237132a_0
  - lark=1.3.1=pyhd8ed1ab_0
  - latexcodec=2.0.1=pyh9f0ad1d_0
  - lcms2=2.17=h7eeda09_0
  - leather=0.4.0=pyhd8ed1ab_0
  - legacy-cgi=2.6.4=pyh742d864_0
  - lerc=4.0.0=hd64df32_1
  - libabseil=20250512.1=cxx17_hd41c47c_0
  - libarchive=3.8.2=gpl_h46575ef_100
  - libarrow=20.0.0=ha66524f_29_cpu
  - libarrow-acero=20.0.0=hc317990_29_cpu
  - libarrow-dataset=20.0.0=hc317990_29_cpu
  - libarrow-substrait=20.0.0=h144af7f_29_cpu
  - libblas=3.11.0=4_h51639a9_openblas
  - libbrotlicommon=1.2.0=hc919400_1
  - libbrotlidec=1.2.0=hc919400_1
  - libbrotlienc=1.2.0=hc919400_1
  - libcblas=3.11.0=4_hb0561ab_openblas
  - libcrc32c=1.1.2=hbdafb3b_0
  - libcurl=8.17.0=hdece5d2_0
  - libcxx=21.1.7=hf598326_0
  - libdeflate=1.25=hc11a715_0
  - libedit=3.1.20250104=pl5321hafb1f1b_0
  - libev=4.33=h93a5062_2
  - libevent=2.1.12=h2757513_1
  - libexpat=2.7.3=haf25636_0
  - libffi=3.5.2=he5f378a_0
  - libfreetype=2.14.1=hce30654_0
  - libfreetype6=2.14.1=h6da58f4_0
  - libgcc=15.2.0=hcbb3090_15
  - libgd=2.3.3=hb2c3a21_11
  - libgdal-core=3.12.0=hd6dfbec_2
  - libgfortran=15.2.0=h07b0088_15
  - libgfortran5=15.2.0=hdae7583_15
  - libglib=2.86.2=hfe11c1f_1
  - libgoogle-cloud=2.39.0=head0a95_0
  - libgoogle-cloud-storage=2.39.0=hfa3a374_0
  - libgrpc=1.73.1=h3063b79_1
  - libhwy=1.3.0=h48b13b8_1
  - libiconv=1.18=h23cfdf5_2
  - libintl=0.25.1=h493aca8_0
  - libjpeg-turbo=3.1.2=hc919400_0
  - libjxl=0.11.1=h3dcb153_5
  - libkml=1.3.0=hc33e383_1022
  - liblapack=3.11.0=4_hd9741b5_openblas
  - liblzma=5.8.1=h39f12f2_2
  - libmpdec=4.0.0=h5505292_0
  - libnghttp2=1.67.0=hc438710_0
  - libntlm=1.8=h5505292_0
  - libopenblas=0.3.30=openmp_ha158390_3
  - libopentelemetry-cpp=1.21.0=he15edb5_1
  - libopentelemetry-cpp-headers=1.21.0=hce30654_1
  - libparquet=20.0.0=h0ac143b_29_cpu
  - libpng=1.6.53=hfab5511_0
  - libpq=18.1=h944245b_2
  - libprotobuf=6.31.1=h658db43_2
  - libre2-11=2025.11.05=h91c62da_0
  - librsvg=2.60.0=h5c55ec3_0
  - librttopo=1.1.0=ha909e78_20
  - libsodium=1.0.20=h99b78c6_0
  - libspatialite=5.1.0=gpl_ha239c29_119
  - libsqlite=3.51.1=h9a5124b_0
  - libssh2=1.11.1=h1590b86_0
  - libthrift=0.22.0=h14a376c_1
  - libtiff=4.7.1=h4030677_1
  - libutf8proc=2.11.2=hd2415e0_0
  - libuv=1.51.0=h6caf38d_1
  - libwebp-base=1.6.0=h07db88b_0
  - libxcb=1.17.0=hdb1d25a_0
  - libxml2=2.15.1=h9329255_0
  - libxml2-16=2.15.1=h0ff4647_0
  - libxml2-devel=2.15.1=h9329255_0
  - libxslt=1.1.43=hb2570ba_1
  - libzlib=1.3.1=h8359307_2
  - linkify-it-py=2.0.3=pyhd8ed1ab_1
  - llvm-openmp=21.1.7=h4a912ad_0
  - llvmlite=0.45.1=py313he297ed2_0
  - lsprotocol=2023.0.1=pyhd8ed1ab_1
  - lxml=6.0.2=py313he6cafaa_2
  - lz4-c=1.10.0=h286801f_1
  - lzo=2.10=h925e9cb_1002
  - mako=1.3.10=pyhcf101f3_1
  - mapclassify=2.10.0=pyhd8ed1ab_1
  - markdown-it-py=4.0.0=pyhd8ed1ab_0
  - marko=2.2.1=pyhd8ed1ab_0
  - markupsafe=3.0.3=py313h7d74516_0
  - mashumaro=3.14=pyhd8ed1ab_0
  - matplotlib-base=3.10.8=py313h58042b9_0
  - matplotlib-inline=0.2.1=pyhd8ed1ab_0
  - mdit-py-plugins=0.5.0=pyhd8ed1ab_0
  - mdurl=0.1.2=pyhd8ed1ab_1
  - memray=1.19.1=py313habfbdd3_1
  - minizip=4.0.10=hff1a8ea_0
  - mistune=3.1.4=pyhcf101f3_0
  - mlflow=3.7.0=pyh707e725_0
  - mlflow-skinny=3.7.0=pyh707e725_0
  - mlflow-ui=3.7.0=pyh707e725_0
  - more-itertools=10.8.0=pyhcf101f3_1
  - msgpack-python=1.1.2=py313ha61f8ec_1
  - multidict=6.6.3=py313h6347b5a_0
  - munkres=1.1.4=pyhd8ed1ab_1
  - muparser=2.3.5=h11e0b38_0
  - mypy_extensions=1.1.0=pyha770c72_0
  - narwhals=2.13.0=pyhcf101f3_0
  - nbclient=0.10.2=pyhd8ed1ab_0
  - nbconvert=7.16.6=hc388f54_1
  - nbconvert-core=7.16.6=pyhcf101f3_1
  - nbconvert-pandoc=7.16.6=h7d6f222_1
  - nbformat=5.10.4=pyhd8ed1ab_1
  - ncurses=6.5=h5e97a16_3
  - nest-asyncio=1.6.0=pyhd8ed1ab_1
  - networkx=3.6=pyhcf101f3_0
  - nlohmann_json=3.12.0=h248ca61_1
  - nodeenv=1.9.1=pyhd8ed1ab_1
  - nodejs=24.10.0=h64c5147_2
  - notebook=7.5.0=pyhcf101f3_0
  - notebook-shim=0.2.4=pyhd8ed1ab_1
  - numba=0.62.1=py313h616ae7d_1
  - numexpr=2.14.1=py313h73ed539_1
  - numpy=2.3.5=py313h9771d21_0
  - oauthlib=3.3.1=pyhd8ed1ab_0
  - openjpeg=2.5.4=hbfb3c88_0
  - openldap=2.6.10=hbe55e7a_0
  - openpyxl=3.1.5=py313h6fd2323_2
  - openssl=3.6.0=h5503f6c_0
  - opentelemetry-api=1.39.0=pyhd8ed1ab_0
  - opentelemetry-proto=1.39.0=pyhd8ed1ab_0
  - opentelemetry-sdk=1.39.0=pyhd8ed1ab_0
  - opentelemetry-semantic-conventions=0.60b0=pyhd8ed1ab_0
  - orc=2.2.1=h4fd0076_0
  - orderly-set=5.5.0=pyhe01879c_0
  - orjson=3.11.4=py313h2c089d5_1
  - overrides=7.7.0=pyhd8ed1ab_1
  - packaging=25.0=pyh29332c3_1
  - pandas=2.3.3=py313h7d16b84_2
  - pandera-core=0.27.0=pyhd8ed1ab_0
  - pandoc=3.8.3=hce30654_0
  - pandocfilters=1.5.0=pyhd8ed1ab_0
  - pango=1.56.4=h875632e_0
  - parallel=20251122=hce30654_0
  - paramiko=4.0.0=pyhd8ed1ab_0
  - parsedatetime=2.4=py_1
  - parso=0.8.5=pyhcf101f3_0
  - pathlib-abc=0.5.2=pyh9692d8f_0
  - pathspec=0.12.1=pyhd8ed1ab_1
  - pbr=7.0.3=pyhd8ed1ab_0
  - pcre2=10.47=h30297fc_0
  - perl=5.32.1=7_h4614cfb_perl5
  - petl=1.7.17=pyhd8ed1ab_0
  - pexpect=4.9.0=pyhd8ed1ab_1
  - pillow=11.3.0=py313he4c6d0d_3
  - pip=25.3=pyh145f28c_0
  - pixman=0.46.4=h81086ad_1
  - pkginfo=1.12.1.2=pyhd8ed1ab_0
  - platformdirs=4.5.1=pyhcf101f3_0
  - pluggy=1.6.0=pyhf9edf01_1
  - polars=1.35.2=pyh6a1acc5_0
  - polars-runtime-32=1.35.2=py310h34bb384_0
  - pre-commit=4.5.0=pyha770c72_0
  - prettier=3.7.4=h9907cc9_0
  - proj=9.7.1=h46dec42_0
  - prometheus-cpp=1.3.0=h0967b3e_0
  - prometheus_client=0.23.1=pyhd8ed1ab_0
  - prometheus_flask_exporter=0.23.2=pyhd8ed1ab_0
  - prompt-toolkit=3.0.52=pyha770c72_0
  - prompt_toolkit=3.0.52=hd8ed1ab_0
  - propcache=0.3.1=py313ha9b7d5b_0
  - proto-plus=1.26.1=pyhd8ed1ab_0
  - protobuf=6.31.1=py313he4076bf_2
  - psutil=7.1.3=py313h9734d34_0
  - psycopg2=2.9.10=py313h85ad9ef_4
  - psycopg2-binary=2.9.10=pyhd8ed1ab_1
  - pthread-stubs=0.4=hd74edd7_1002
  - ptyprocess=0.7.0=pyhd8ed1ab_1
  - pure_eval=0.2.3=pyhd8ed1ab_1
  - pyarrow=20.0.0=py313h39782a4_0
  - pyarrow-core=20.0.0=py313hf9431ad_0_cpu
  - pyasn1=0.6.1=pyhd8ed1ab_2
  - pyasn1-modules=0.4.2=pyhd8ed1ab_0
  - pybtex=0.25.1=pyhd8ed1ab_0
  - pybtex-docutils=1.0.3=py313h8f79df9_3
  - pycparser=2.22=pyh29332c3_1
  - pydantic=2.12.5=pyhcf101f3_1
  - pydantic-core=2.41.5=py313h2c089d5_1
  - pydantic-settings=2.12.0=pyh3cfb1c2_0
  - pygls=1.3.1=pyhd8ed1ab_1
  - pygments=2.19.2=pyhd8ed1ab_0
  - pygraphviz=1.14=py313hbf151f7_2
  - pyicu=2.16=py313h9415d38_0
  - pyjwt=2.10.1=pyhd8ed1ab_0
  - pynacl=1.6.1=py313h6535dbc_0
  - pyobjc-core=12.1=py313h40b429f_0
  - pyobjc-framework-cocoa=12.1=py313hcc5defa_0
  - pyogrio=0.12.1=py313he6d61f9_0
  - pyopenssl=25.3.0=pyhd8ed1ab_0
  - pyparsing=3.2.5=pyhcf101f3_0
  - pyproj=3.7.2=py313h698103d_2
  - pyproject_hooks=1.2.0=pyhd8ed1ab_1
  - pysocks=1.7.1=pyha55dd90_7
  - pytest=9.0.2=pyhcf101f3_0
  - pytest-console-scripts=1.4.1=pyhd8ed1ab_1
  - pytest-cov=7.0.0=pyhcf101f3_1
  - pytest-mock=3.15.1=pyhd8ed1ab_0
  - pytest-order=1.3.0=pyh29332c3_2
  - pytest-xdist=3.8.0=pyhd8ed1ab_0
  - python=3.13.11=hfc2f54d_100_cp313
  - python-build=1.3.0=pyhff2d567_0
  - python-calamine=0.6.1=py313h0b74987_0
  - python-dateutil=2.9.0.post0=pyhe01879c_2
  - python-dotenv=1.2.1=pyhcf101f3_0
  - python-duckdb=1.4.2=py313h0e822ff_0
  - python-fastjsonschema=2.21.2=pyhe01879c_0
  - python-flatbuffers=25.9.23=pyh1e1bc0e_0
  - python-gil=3.13.11=h4df99d1_100
  - python-igraph=1.0.0=py313h0e822ff_0
  - python-installer=0.7.0=pyhff2d567_1
  - python-json-logger=2.0.7=pyhd8ed1ab_0
  - python-multipart=0.0.20=pyhff2d567_0
  - python-slugify=8.0.4=pyhd8ed1ab_1
  - python-tzdata=2025.2=pyhd8ed1ab_0
  - python_abi=3.13=8_cp313
  - pytimeparse=1.1.8=py_0
  - pytz=2025.2=pyhd8ed1ab_0
  - pyu2f=0.1.5=pyhd8ed1ab_1
  - pywin32-on-windows=0.1.0=pyh1179c8e_3
  - pyyaml=6.0.3=py313h7d74516_0
  - pyzmq=27.1.0=py312hd65ceae_0
  - qhull=2020.2=h420ef59_5
  - querystring_parser=1.2.4=pyhd8ed1ab_2
  - re2=2025.11.05=h64b956e_0
  - readline=8.2=h1d1bf99_2
  - readthedocs-sphinx-ext=2.2.5=pyhd8ed1ab_1
  - referencing=0.37.0=pyhcf101f3_0
  - regex=2025.11.3=py313h6535dbc_1
  - requests=2.32.5=pyhd8ed1ab_0
  - requests-oauthlib=2.0.0=pyhd8ed1ab_1
  - requests-toolbelt=1.0.0=pyhd8ed1ab_1
  - responses=0.25.8=pyhd8ed1ab_0
  - restructuredtext_lint=2.0.2=pyhd8ed1ab_0
  - rfc3339-validator=0.1.4=pyhd8ed1ab_1
  - rfc3986=2.0.0=pyhd8ed1ab_1
  - rfc3986-validator=0.1.1=pyh9f0ad1d_0
  - rfc3987-syntax=1.1.0=pyhe01879c_1
  - rich=14.2.0=pyhcf101f3_0
  - rich-toolkit=0.17.0=pyhcf101f3_0
  - roman-numerals-py=3.1.0=pyhd8ed1ab_0
  - rpds-py=0.30.0=py313h2c089d5_0
  - rsa=4.9.1=pyhd8ed1ab_0
  - ruamel.yaml=0.18.16=py313h6535dbc_0
  - ruamel.yaml.clib=0.2.14=py313h6535dbc_0
  - ruff=0.14.8=h382de68_0
  - ruff-lsp=0.0.62=pyhd8ed1ab_0
  - s3fs=2025.10.0=pyhd8ed1ab_0
  - s3transfer=0.14.0=pyhd8ed1ab_0
  - scikit-learn=1.7.2=py313h6eea1c5_0
  - scipy=1.16.3=py313h0d10b07_1
  - semver=3.0.4=pyhd8ed1ab_0
  - send2trash=1.8.3=pyh31c8845_1
  - setuptools=80.9.0=pyhff2d567_0
  - shapely=2.1.2=py313h10b2fc2_2
  - shellingham=1.5.4=pyhd8ed1ab_2
  - simpleeval=1.0.3=pyhd8ed1ab_0
  - six=1.17.0=pyhe01879c_1
  - smmap=5.0.2=pyhd8ed1ab_0
  - snappy=1.2.2=hada39a4_1
  - sniffio=1.3.1=pyhd8ed1ab_2
  - snowballstemmer=3.0.1=pyhd8ed1ab_0
  - snowplow-tracker=1.0.4=pyhd8ed1ab_0
  - sortedcontainers=2.4.0=pyhd8ed1ab_1
  - soupsieve=2.8=pyhd8ed1ab_0
  - sphinx=8.2.3=pyhd8ed1ab_0
  - sphinx-autoapi=3.6.1=pyhd8ed1ab_0
  - sphinx-basic-ng=1.0.0b2=pyhd8ed1ab_3
  - sphinx-issues=5.0.1=pyhd8ed1ab_0
  - sphinx-reredirects=1.0.0=pyhd8ed1ab_0
  - sphinx-tabs=3.4.1=pyhd8ed1ab_1
  - sphinxcontrib-applehelp=2.0.0=pyhd8ed1ab_1
  - sphinxcontrib-bibtex=2.6.5=pyhd8ed1ab_0
  - sphinxcontrib-devhelp=2.0.0=pyhd8ed1ab_1
  - sphinxcontrib-googleanalytics=0.5=pyhd8ed1ab_0
  - sphinxcontrib-htmlhelp=2.1.0=pyhd8ed1ab_1
  - sphinxcontrib-jsmath=1.0.1=pyhd8ed1ab_1
  - sphinxcontrib-qthelp=2.0.0=pyhd8ed1ab_1
  - sphinxcontrib-serializinghtml=1.1.10=pyhd8ed1ab_1
  - splink=4.0.11=pyhd8ed1ab_0
  - sqlalchemy=2.0.44=py313h6535dbc_0
  - sqlglot=28.0.0=pyhcf101f3_0
  - sqlglot-rs=28.0.0=h5602114_0
  - sqlglotrs=0.7.3=py313hb4875b5_0
  - sqlite=3.51.1=he8f07e4_0
  - sqlparse=0.5.4=pyhcf101f3_1
  - stack_data=0.6.3=pyhd8ed1ab_1
  - starlette=0.50.0=pyhfdc7a7d_0
  - stdlib-list=0.12.0=pyhd8ed1ab_0
  - stevedore=5.6.0=pyhd8ed1ab_0
  - stringcase=1.2.0=pyhd8ed1ab_2
  - structlog=25.5.0=pyhcf101f3_0
  - tabulate=0.9.0=pyhcf101f3_3
  - terminado=0.18.1=pyh31c8845_0
  - terraform=1.14.1=h4e0460a_0
  - text-unidecode=1.3=pyhd8ed1ab_2
  - texttable=1.7.0=pyhd8ed1ab_1
  - textual=6.8.0=pyhd8ed1ab_0
  - threadpoolctl=3.6.0=pyhecae5ae_0
  - timezonefinder=8.1.0=py313h6535dbc_0
  - tinycss2=1.5.1=pyhcf101f3_0
  - tk=8.6.13=h892fb3f_3
  - tomli=2.3.0=pyhcf101f3_0
  - tomlkit=0.13.3=pyha770c72_0
  - toposort=1.10=pyhd8ed1ab_1
  - tornado=6.5.2=py313h6535dbc_2
  - tqdm=4.67.1=pyhd8ed1ab_1
  - traitlets=5.14.3=pyhd8ed1ab_1
  - trove-classifiers=2025.12.1.14=pyhd8ed1ab_0
  - truststore=0.10.3=pyhe01879c_0
  - typeguard=4.4.4=pyhd8ed1ab_0
  - typer=0.20.0=pyhefaf540_1
  - typer-slim=0.20.0=pyhcf101f3_1
  - typer-slim-standard=0.20.0=h4daf872_1
  - types-pyyaml=6.0.12.20250915=pyhd8ed1ab_1
  - types-requests=2.32.4.20250913=pyhd8ed1ab_1
  - typing-extensions=4.15.0=h396c80c_0
  - typing-inspection=0.4.2=pyhd8ed1ab_1
  - typing_extensions=4.15.0=pyhcf101f3_0
  - typing_inspect=0.9.0=pyhd8ed1ab_1
  - typing_utils=0.1.0=pyhd8ed1ab_1
  - typos=1.40.0=hd1458d2_0
  - tzdata=2025b=h78e105d_0
  - uc-micro-py=1.0.3=pyhd8ed1ab_1
  - ukkonen=1.0.1=py313hc50a443_6
  - universal-pathlib=0.3.7=hd8ed1ab_0
  - universal_pathlib=0.3.7=pyhd8ed1ab_0
  - uri-template=1.3.0=pyhd8ed1ab_1
  - uriparser=0.9.8=h00cdb27_0
  - urllib3=2.6.0=pyhd8ed1ab_0
  - uvicorn=0.38.0=pyh31011fe_0
  - uvicorn-standard=0.38.0=h31011fe_0
  - uvloop=0.22.1=py313h6535dbc_1
  - validators=0.35.0=pyhd8ed1ab_0
  - virtualenv=20.35.4=pyhd8ed1ab_0
  - watchdog=6.0.0=py313h6535dbc_2
  - watchfiles=1.1.1=py313h0b74987_0
  - wcwidth=0.2.14=pyhd8ed1ab_0
  - webcolors=25.10.0=pyhd8ed1ab_0
  - webencodings=0.5.1=pyhd8ed1ab_3
  - websocket-client=1.9.0=pyhd8ed1ab_0
  - websockets=11.0.3=py313h5b5ffa7_2
  - werkzeug=3.1.4=pyhcf101f3_0
  - widgetsnbextension=4.0.15=pyhd8ed1ab_0
  - wrapt=1.17.3=py313hcdf3177_1
  - xattr=1.3.0=py313h41b806d_1
  - xerces-c=3.3.0=hd62221f_0
  - xlsxwriter=3.2.9=pyhd8ed1ab_0
  - xorg-libxau=1.0.12=hc919400_1
  - xorg-libxdmcp=1.1.5=hc919400_1
  - xyzservices=2025.11.0=pyhd8ed1ab_0
  - yaml=0.2.5=h925e9cb_3
  - yarl=1.22.0=py313h7d74516_0
  - zeromq=4.3.5=h888dc83_9
  - zip=3.0=hb547adb_3
  - zipp=3.23.0=pyhcf101f3_1
  - zlib=1.3.1=h8359307_2
  - zstandard=0.25.0=py313h9734d34_1
  - zstd=1.5.7=hbf9d68e_6
