# Generated by conda-lock.
# platform: osx-64
# input_hash: 348901bd0120a40ad276a6fd1be3220ddcfcbf3a0b10da3c5559000d4373ab31

channels:
  - conda-forge
dependencies:
  - _openmp_mutex=4.5=7_kmp_llvm
  - _python_abi3_support=1.0=hd8ed1ab_2
  - adwaita-icon-theme=49.0=unix_0
  - agate=1.9.1=pyh707e725_1
  - aiobotocore=2.25.2=pyhcf101f3_0
  - aiohappyeyeballs=2.6.1=pyhd8ed1ab_0
  - aiohttp=3.13.2=py313h89a8a44_0
  - aioitertools=0.12.0=pyhd8ed1ab_1
  - aiosignal=1.4.0=pyhd8ed1ab_0
  - alabaster=1.0.0=pyhd8ed1ab_1
  - alembic=1.17.2=pyhd8ed1ab_0
  - altair=6.0.0=pyhd8ed1ab_1
  - annotated-doc=0.0.4=pyhcf101f3_0
  - annotated-types=0.7.0=pyhd8ed1ab_1
  - antlr-python-runtime=4.13.2=pyhd8ed1ab_1
  - anyio=4.12.0=pyhcf101f3_0
  - appdirs=1.4.4=pyhd8ed1ab_1
  - appnope=0.1.4=pyhd8ed1ab_1
  - arelle-release=2.37.75=pyhd8ed1ab_0
  - argon2-cffi=25.1.0=pyhd8ed1ab_0
  - argon2-cffi-bindings=25.1.0=py313hf050af9_2
  - arpack=3.9.1=nompi_hdfe9103_102
  - arrow=1.4.0=pyhcf101f3_0
  - astroid=4.0.2=py313habf4b1d_0
  - asttokens=3.0.1=pyhd8ed1ab_0
  - async-lru=2.0.5=pyh29332c3_0
  - atk-1.0=2.38.0=h4bec284_2
  - attrs=25.4.0=pyhcf101f3_1
  - aws-c-auth=0.9.3=hdff831d_0
  - aws-c-cal=0.9.13=hea39f9f_1
  - aws-c-common=0.12.6=h8616949_0
  - aws-c-compression=0.3.1=h901532c_9
  - aws-c-event-stream=0.5.7=ha05da6a_1
  - aws-c-http=0.10.7=h924c446_5
  - aws-c-io=0.23.3=hf559bb5_5
  - aws-c-mqtt=0.13.3=ha72ff4e_11
  - aws-c-s3=0.11.3=he30762a_1
  - aws-c-sdkutils=0.2.4=h901532c_4
  - aws-checksums=0.2.7=h901532c_5
  - aws-crt-cpp=0.35.2=h7484968_6
  - aws-sdk-cpp=1.11.606=hffd60a0_9
  - azure-core-cpp=1.16.1=he2a98a9_0
  - azure-identity-cpp=1.13.2=h0e8e1c8_1
  - azure-storage-blobs-cpp=12.15.0=h388f2e7_1
  - azure-storage-common-cpp=12.11.0=h56a711b_1
  - azure-storage-files-datalake-cpp=12.13.0=h1984e67_1
  - babel=2.17.0=pyhd8ed1ab_0
  - backoff=2.2.1=pyhd8ed1ab_1
  - backports=1.0=pyhd8ed1ab_5
  - backports.tarfile=1.2.0=pyhd8ed1ab_1
  - backports.zstd=1.2.0=py313hb9db9f5_0
  - bcrypt=5.0.0=py313hcc225dc_1
  - beautifulsoup4=4.14.3=pyha770c72_0
  - bleach=6.3.0=pyhcf101f3_0
  - bleach-with-css=6.3.0=h5f6438b_0
  - blinker=1.9.0=pyhff2d567_0
  - blosc=1.21.6=hd145fbb_1
  - boltons=25.0.0=pyhd8ed1ab_0
  - boto3=1.40.70=pyhd8ed1ab_0
  - botocore=1.40.70=pyhd8ed1ab_0
  - bottle=0.13.4=pyhe01879c_0
  - bottleneck=1.6.0=np2py313h4e95564_3
  - branca=0.8.2=pyhd8ed1ab_0
  - brotli=1.2.0=hf139dec_1
  - brotli-bin=1.2.0=h8616949_1
  - brotli-python=1.2.0=py313h8d69aa9_1
  - bzip2=1.0.8=h500dc9f_8
  - c-ares=1.34.5=hf13058a_0
  - ca-certificates=2025.11.12=hbd8a1cb_0
  - cachecontrol=0.14.3=pyha770c72_0
  - cachecontrol-with-filecache=0.14.3=pyhd8ed1ab_0
  - cached-property=1.5.2=hd8ed1ab_1
  - cached_property=1.5.2=pyha770c72_1
  - cachetools=6.2.2=pyhd8ed1ab_0
  - cairo=1.18.4=h950ec3b_0
  - catalystcoop.dbfread=3.0.0=pyhd8ed1ab_1
  - catalystcoop.ferc_xbrl_extractor=1.7.3=pyhd8ed1ab_0
  - cattrs=25.3.0=pyhd8ed1ab_0
  - certifi=2025.11.12=pyhd8ed1ab_0
  - cffi=2.0.0=py313hf57695f_1
  - cfgv=3.5.0=pyhd8ed1ab_0
  - chardet=5.2.0=pyhd8ed1ab_3
  - charset-normalizer=3.4.4=pyhd8ed1ab_0
  - click=8.1.8=pyh707e725_0
  - click-default-group=1.2.4=pyhd8ed1ab_1
  - cloudpickle=3.1.2=pyhd8ed1ab_0
  - colorama=0.4.6=pyhd8ed1ab_1
  - coloredlogs=14.0=pyhd8ed1ab_3
  - comm=0.2.3=pyhe01879c_0
  - conda-lock=3.0.4=pyhb3ed7dc_1
  - conda-package-streaming=0.12.0=pyhd8ed1ab_0
  - contourpy=1.3.3=py313h5eff275_3
  - coverage=7.13.0=py313h0f4d31d_0
  - cpython=3.13.11=py313hd8ed1ab_100
  - crashtest=0.4.1=pyhd8ed1ab_1
  - cryptography=46.0.3=py313h36c3d76_1
  - curl=8.17.0=h7dd4100_0
  - cycler=0.12.1=pyhcf101f3_2
  - cyrus-sasl=2.1.28=h610c526_0
  - daff=1.4.2=pyhcf101f3_1
  - dagster=1.12.4=pyh742d864_0
  - dagster-dbt=1!0.28.4=pyhcf101f3_0
  - dagster-graphql=1.12.4=pyh742d864_0
  - dagster-pipes=1.12.4=pyh742d864_0
  - dagster-postgres=1!0.28.4=pyhcf101f3_0
  - dagster-shared=1.12.4=pyh742d864_0
  - dagster-webserver=1.12.4=pyh742d864_0
  - databricks-sdk=0.73.0=pyhd8ed1ab_0
  - dbt-adapters=1.20.1=pyhd8ed1ab_0
  - dbt-common=1.36.0=pyhd8ed1ab_0
  - dbt-core=1.10.15=pyhd8ed1ab_0
  - dbt-duckdb=1.9.4=pyhd8ed1ab_0
  - dbt-extractor=0.6.0=py313h35a1e28_1
  - dbt-protos=1.0.402=pyhcf101f3_0
  - dbt-semantic-interfaces=0.9.2=pyh3cfb1c2_0
  - debugpy=1.8.17=py313hff8d55d_1
  - decorator=5.2.1=pyhd8ed1ab_0
  - deepdiff=8.6.1=pyhcf101f3_0
  - defusedxml=0.7.1=pyhd8ed1ab_0
  - deprecated=1.3.1=pyhd8ed1ab_0
  - distlib=0.4.0=pyhd8ed1ab_0
  - dnspython=2.8.0=pyhcf101f3_0
  - doc8=2.0.0=pyhd8ed1ab_0
  - docker-py=7.1.0=pyhd8ed1ab_1
  - docstring_parser=0.17.0=pyhd8ed1ab_0
  - docutils=0.21.2=pyhd8ed1ab_1
  - dulwich=0.22.8=py313h3c055b9_0
  - email-validator=2.3.0=pyhd8ed1ab_0
  - email_validator=2.3.0=hd8ed1ab_0
  - ensureconda=1.6.0=pyhcf101f3_0
  - epoxy=1.5.10=h8616949_2
  - et_xmlfile=2.0.0=pyhd8ed1ab_1
  - exceptiongroup=1.3.1=pyhd8ed1ab_0
  - execnet=2.1.2=pyhd8ed1ab_0
  - executing=2.2.1=pyhd8ed1ab_0
  - fastapi=0.124.0=hefef5aa_0
  - fastapi-cli=0.0.16=pyhcf101f3_1
  - fastapi-core=0.124.0=pyhcf101f3_0
  - filelock=3.20.0=pyhd8ed1ab_0
  - flask=3.1.2=pyhd8ed1ab_0
  - flask-cors=6.0.1=pyhe01879c_0
  - folium=0.20.0=pyhd8ed1ab_0
  - font-ttf-dejavu-sans-mono=2.37=hab24e00_0
  - font-ttf-inconsolata=3.000=h77eed37_0
  - font-ttf-source-code-pro=2.038=h77eed37_0
  - font-ttf-ubuntu=0.83=h77eed37_3
  - fontconfig=2.15.0=h37eeddb_1
  - fonts-conda-ecosystem=1=0
  - fonts-conda-forge=1=hc364b38_1
  - fonttools=4.61.0=py313h0f4d31d_0
  - fqdn=1.5.1=pyhd8ed1ab_1
  - freetype=2.14.1=h694c41f_0
  - freexl=2.0.0=h3183152_2
  - fribidi=1.0.16=h8616949_0
  - frictionless=5.18.1=pyhd8ed1ab_1
  - frozenlist=1.7.0=py313haf29b43_0
  - fsspec=2025.10.0=pyhd8ed1ab_0
  - furo=2024.8.6=pyhd8ed1ab_2
  - future=1.0.0=pyhd8ed1ab_2
  - gcsfs=2025.10.0=pyhd8ed1ab_0
  - gdal=3.12.0=py313hbd68796_2
  - gdk-pixbuf=2.44.4=h07555a4_0
  - geoarrow-c=0.3.1=py313hc4a83b5_0
  - geoarrow-pyarrow=0.2.0=pyhd8ed1ab_1
  - geoarrow-types=0.3.0=pyhd8ed1ab_0
  - geopandas=1.1.1=pyhd8ed1ab_1
  - geopandas-base=1.1.1=pyha770c72_1
  - geos=3.14.1=he483b9e_0
  - gflags=2.2.2=hac325c4_1005
  - giflib=5.2.2=h10d778d_0
  - gitdb=4.0.12=pyhd8ed1ab_0
  - gitpython=3.1.45=pyhff2d567_0
  - glib-tools=2.86.2=h8650975_1
  - glog=0.7.1=h2790a97_0
  - glpk=5.0=h3cb5acd_0
  - gmp=6.3.0=hf036a51_2
  - google-api-core=2.28.1=pyhd8ed1ab_0
  - google-auth=2.43.0=pyhd8ed1ab_0
  - google-auth-oauthlib=1.2.2=pyhd8ed1ab_0
  - google-cloud-core=2.5.0=pyhd8ed1ab_0
  - google-cloud-sdk=548.0.0=py313habf4b1d_0
  - google-cloud-storage=3.6.0=pyhcf101f3_0
  - google-crc32c=1.7.1=py313hff33f76_1
  - google-resumable-media=2.8.0=pyhd8ed1ab_0
  - googleapis-common-protos=1.72.0=pyhd8ed1ab_0
  - gql=3.5.0=pyhd8ed1ab_2
  - gql-with-requests=3.5.0=hd8ed1ab_2
  - graphene=3.4.3=pyhd8ed1ab_1
  - graphite2=1.3.14=h21dd04a_2
  - graphql-core=3.2.7=pyhcf101f3_0
  - graphql-relay=3.2.0=pyhd8ed1ab_1
  - graphviz=13.1.2=h42bfd48_0
  - greenlet=3.3.0=py313hc4a83b5_0
  - grpcio=1.73.1=py313ha22d4e2_1
  - grpcio-health-checking=1.73.1=pyhe01879c_0
  - grpcio-status=1.73.1=pyhd8ed1ab_0
  - gtk3=3.24.43=h5e629aa_6
  - gts=0.7.6=h53e17e3_4
  - gunicorn=23.0.0=py313habf4b1d_3
  - h11=0.16.0=pyhd8ed1ab_0
  - h2=4.3.0=pyhcf101f3_0
  - h3=4.3.0=h913da3b_1
  - h3-py=4.3.0=py313hff8d55d_3
  - harfbuzz=12.2.0=hc5d3ef4_0
  - hicolor-icon-theme=0.17=h694c41f_2
  - hpack=4.1.0=pyhd8ed1ab_0
  - httpcore=1.0.9=pyh29332c3_0
  - httptools=0.7.1=py313hf050af9_1
  - httpx=0.28.1=pyhd8ed1ab_0
  - huey=2.5.5=pyhcf101f3_0
  - humanfriendly=10.0=pyh707e725_8
  - humanize=4.14.0=pyhd8ed1ab_0
  - hyperframe=6.1.0=pyhd8ed1ab_0
  - hypothesis=6.148.7=pyha770c72_0
  - icu=75.1=h120a0e1_0
  - identify=2.6.15=pyhd8ed1ab_0
  - idna=3.11=pyhd8ed1ab_0
  - igraph=1.0.0=h88b1ca6_0
  - imagesize=1.4.1=pyhd8ed1ab_0
  - importlib-metadata=8.7.0=pyhe01879c_1
  - importlib_resources=6.5.2=pyhd8ed1ab_0
  - iniconfig=2.3.0=pyhd8ed1ab_0
  - invoke=2.2.1=pyhd8ed1ab_0
  - ipykernel=7.1.0=pyh5552912_0
  - ipython=9.8.0=pyh53cf698_0
  - ipython_pygments_lexers=1.1.1=pyhd8ed1ab_0
  - ipywidgets=8.1.8=pyhd8ed1ab_0
  - isodate=0.6.1=pyhd8ed1ab_0
  - isoduration=20.11.0=pyhd8ed1ab_1
  - itsdangerous=2.2.0=pyhd8ed1ab_1
  - jaconv=0.4.1=pyhd8ed1ab_0
  - jaraco.classes=3.4.0=pyhd8ed1ab_2
  - jaraco.context=6.0.1=pyhd8ed1ab_0
  - jaraco.functools=4.3.0=pyhd8ed1ab_0
  - jedi=0.19.2=pyhd8ed1ab_1
  - jellyfish=1.2.1=py313ha265c4a_1
  - jinja2=3.1.6=pyhcf101f3_1
  - jmespath=1.0.1=pyhd8ed1ab_1
  - joblib=1.5.2=pyhd8ed1ab_0
  - json-c=0.18=hc62ec3d_0
  - json5=0.12.1=pyhd8ed1ab_0
  - jsonpointer=3.0.0=pyhcf101f3_3
  - jsonschema=4.25.1=pyhe01879c_0
  - jsonschema-specifications=2025.9.1=pyhcf101f3_0
  - jsonschema-with-format-nongpl=4.25.1=he01879c_0
  - jupyter=1.1.1=pyhd8ed1ab_1
  - jupyter-lsp=2.3.0=pyhcf101f3_0
  - jupyter-resource-usage=1.2.0=pyhd8ed1ab_0
  - jupyter_client=8.6.3=pyhd8ed1ab_1
  - jupyter_console=6.6.3=pyhd8ed1ab_1
  - jupyter_core=5.9.1=pyhc90fa1f_0
  - jupyter_events=0.12.0=pyh29332c3_0
  - jupyter_server=2.17.0=pyhcf101f3_0
  - jupyter_server_terminals=0.5.3=pyhd8ed1ab_1
  - jupyterlab=4.5.0=pyhd8ed1ab_0
  - jupyterlab-lsp=5.2.0=pyhcf101f3_1
  - jupyterlab_pygments=0.3.0=pyhd8ed1ab_2
  - jupyterlab_server=2.28.0=pyhcf101f3_0
  - jupyterlab_widgets=3.0.16=pyhcf101f3_1
  - keyring=25.7.0=pyh534df25_0
  - kiwisolver=1.4.9=py313ha1c5e85_2
  - krb5=1.21.3=h37d8d59_0
  - lark=1.3.1=pyhd8ed1ab_0
  - latexcodec=2.0.1=pyh9f0ad1d_0
  - lcms2=2.17=h72f5680_0
  - leather=0.4.0=pyhd8ed1ab_0
  - legacy-cgi=2.6.4=pyh742d864_0
  - lerc=4.0.0=hcca01a6_1
  - libabseil=20250512.1=cxx17_hfc00f1c_0
  - libarchive=3.8.2=gpl_h889603c_100
  - libarrow=20.0.0=h180ff25_29_cpu
  - libarrow-acero=20.0.0=h2db2d7d_29_cpu
  - libarrow-dataset=20.0.0=h2db2d7d_29_cpu
  - libarrow-substrait=20.0.0=h4653b8a_29_cpu
  - libblas=3.11.0=4_he492b99_openblas
  - libbrotlicommon=1.2.0=h8616949_1
  - libbrotlidec=1.2.0=h8616949_1
  - libbrotlienc=1.2.0=h8616949_1
  - libcblas=3.11.0=4_h9b27e0a_openblas
  - libcrc32c=1.1.2=he49afe7_0
  - libcurl=8.17.0=h7dd4100_0
  - libcxx=21.1.7=h3d58e20_0
  - libdeflate=1.25=h517ebb2_0
  - libedit=3.1.20250104=pl5321ha958ccf_0
  - libev=4.33=h10d778d_2
  - libevent=2.1.12=ha90c15b_1
  - libexpat=2.7.3=heffb93a_0
  - libffi=3.5.2=h750e83c_0
  - libfreetype=2.14.1=h694c41f_0
  - libfreetype6=2.14.1=h6912278_0
  - libgcc=15.2.0=h08519bb_15
  - libgd=2.3.3=h8555400_11
  - libgdal-core=3.12.0=hfd904f9_2
  - libgfortran=15.2.0=h7e5c614_15
  - libgfortran5=15.2.0=hd16e46c_15
  - libglib=2.86.2=hf241ffe_1
  - libgoogle-cloud=2.39.0=hed66dea_0
  - libgoogle-cloud-storage=2.39.0=h8ac052b_0
  - libgrpc=1.73.1=h451496d_1
  - libhwy=1.3.0=hab838a1_1
  - libiconv=1.18=h57a12c2_2
  - libintl=0.25.1=h3184127_1
  - libjpeg-turbo=3.1.2=h8616949_0
  - libjxl=0.11.1=h4ee1b5b_5
  - libkml=1.3.0=h450b6c2_1022
  - liblapack=3.11.0=4_h859234e_openblas
  - liblzma=5.8.1=hd471939_2
  - libmpdec=4.0.0=h6e16a3a_0
  - libnghttp2=1.67.0=h3338091_0
  - libntlm=1.8=h6e16a3a_0
  - libopenblas=0.3.30=openmp_h6006d49_4
  - libopentelemetry-cpp=1.21.0=h7d3f41d_1
  - libopentelemetry-cpp-headers=1.21.0=h694c41f_1
  - libparquet=20.0.0=habb56ca_29_cpu
  - libpng=1.6.53=h380d223_0
  - libpq=18.1=h1e038c5_2
  - libprotobuf=6.31.1=h03562ea_2
  - libre2-11=2025.11.05=h554ac88_0
  - librsvg=2.60.0=h2da6fc3_0
  - librttopo=1.1.0=h16cd5d8_20
  - libsodium=1.0.20=hfdf4475_0
  - libspatialite=5.1.0=gpl_hb921464_119
  - libsqlite=3.51.1=h6cc646a_0
  - libssh2=1.11.1=hed3591d_0
  - libthrift=0.22.0=h687e942_1
  - libtiff=4.7.1=ha0a348c_1
  - libutf8proc=2.11.2=h7983711_0
  - libuv=1.51.0=h58003a5_1
  - libwebp-base=1.6.0=hb807250_0
  - libxcb=1.17.0=hf1f96e2_0
  - libxml2=2.15.1=h7b7ecba_0
  - libxml2-16=2.15.1=ha1d9b0f_0
  - libxml2-devel=2.15.1=h7b7ecba_0
  - libxslt=1.1.43=h486b42e_1
  - libzlib=1.3.1=hd23fc13_2
  - linkify-it-py=2.0.3=pyhd8ed1ab_1
  - llvm-openmp=21.1.7=h472b3d1_0
  - llvmlite=0.45.1=py313h590e1ab_0
  - lsprotocol=2023.0.1=pyhd8ed1ab_1
  - lxml=6.0.2=py313h00bd3da_2
  - lz4-c=1.10.0=h240833e_1
  - lzo=2.10=h4132b18_1002
  - mako=1.3.10=pyhcf101f3_1
  - mapclassify=2.10.0=pyhd8ed1ab_1
  - markdown-it-py=4.0.0=pyhd8ed1ab_0
  - marko=2.2.1=pyhd8ed1ab_0
  - markupsafe=3.0.3=py313h0f4d31d_0
  - mashumaro=3.14=pyhd8ed1ab_0
  - matplotlib-base=3.10.8=py313h4ad75b8_0
  - matplotlib-inline=0.2.1=pyhd8ed1ab_0
  - mdit-py-plugins=0.5.0=pyhd8ed1ab_0
  - mdurl=0.1.2=pyhd8ed1ab_1
  - memray=1.19.1=py313hd0731cc_1
  - minizip=4.0.10=hfb7a1ec_0
  - mistune=3.1.4=pyhcf101f3_0
  - mlflow=3.7.0=pyh707e725_0
  - mlflow-skinny=3.7.0=pyh707e725_0
  - mlflow-ui=3.7.0=pyh707e725_0
  - more-itertools=10.8.0=pyhcf101f3_1
  - msgpack-python=1.1.2=py313h5eff275_1
  - multidict=6.6.3=py313h797cdad_0
  - munkres=1.1.4=pyhd8ed1ab_1
  - muparser=2.3.5=hb996559_0
  - mypy_extensions=1.1.0=pyha770c72_0
  - narwhals=2.13.0=pyhcf101f3_0
  - nbclient=0.10.2=pyhd8ed1ab_0
  - nbconvert=7.16.6=hc388f54_1
  - nbconvert-core=7.16.6=pyhcf101f3_1
  - nbconvert-pandoc=7.16.6=h7d6f222_1
  - nbformat=5.10.4=pyhd8ed1ab_1
  - ncurses=6.5=h0622a9a_3
  - nest-asyncio=1.6.0=pyhd8ed1ab_1
  - networkx=3.6=pyhcf101f3_0
  - nlohmann_json=3.12.0=h53ec75d_1
  - nodeenv=1.9.1=pyhd8ed1ab_1
  - nodejs=24.10.0=hb2861ea_2
  - notebook=7.5.0=pyhcf101f3_0
  - notebook-shim=0.2.4=pyhd8ed1ab_1
  - numba=0.62.1=py313h6620193_1
  - numexpr=2.14.1=py313h821d116_1
  - numpy=2.3.5=py313ha99c057_0
  - oauthlib=3.3.1=pyhd8ed1ab_0
  - openjpeg=2.5.4=h87e8dc5_0
  - openldap=2.6.10=hd8a590d_0
  - openpyxl=3.1.5=py313h693d0ac_2
  - openssl=3.6.0=h230baf5_0
  - opentelemetry-api=1.39.0=pyhd8ed1ab_0
  - opentelemetry-proto=1.39.0=pyhd8ed1ab_0
  - opentelemetry-sdk=1.39.0=pyhd8ed1ab_0
  - opentelemetry-semantic-conventions=0.60b0=pyhd8ed1ab_0
  - orc=2.2.1=hd1b02dc_0
  - orderly-set=5.5.0=pyhe01879c_0
  - orjson=3.11.4=py313hcc225dc_1
  - overrides=7.7.0=pyhd8ed1ab_1
  - packaging=25.0=pyh29332c3_1
  - pandas=2.3.3=py313h2f264a9_1
  - pandera-core=0.27.0=pyhd8ed1ab_0
  - pandoc=3.8.3=h694c41f_0
  - pandocfilters=1.5.0=pyhd8ed1ab_0
  - pango=1.56.4=h6ef8af8_0
  - parallel=20251122=h694c41f_0
  - paramiko=4.0.0=pyhd8ed1ab_0
  - parsedatetime=2.4=py_1
  - parso=0.8.5=pyhcf101f3_0
  - pathlib-abc=0.5.2=pyh9692d8f_0
  - pathspec=0.12.1=pyhd8ed1ab_1
  - pbr=7.0.3=pyhd8ed1ab_0
  - pcre2=10.47=h13923f0_0
  - perl=5.32.1=7_h10d778d_perl5
  - petl=1.7.17=pyhd8ed1ab_0
  - pexpect=4.9.0=pyhd8ed1ab_1
  - pillow=11.3.0=py313hcfd0557_3
  - pip=25.3=pyh145f28c_0
  - pixman=0.46.4=ha059160_1
  - pkginfo=1.12.1.2=pyhd8ed1ab_0
  - platformdirs=4.5.1=pyhcf101f3_0
  - pluggy=1.6.0=pyhf9edf01_1
  - polars=1.35.2=pyh6a1acc5_0
  - polars-runtime-32=1.35.2=py310hfb6bc98_0
  - pre-commit=4.5.0=pyha770c72_0
  - prettier=3.7.4=h07b0e94_0
  - proj=9.7.0=h3124640_0
  - prometheus-cpp=1.3.0=h7802330_0
  - prometheus_client=0.23.1=pyhd8ed1ab_0
  - prometheus_flask_exporter=0.23.2=pyhd8ed1ab_0
  - prompt-toolkit=3.0.52=pyha770c72_0
  - prompt_toolkit=3.0.52=hd8ed1ab_0
  - propcache=0.3.1=py313h717bdf5_0
  - proto-plus=1.26.1=pyhd8ed1ab_0
  - protobuf=6.31.1=py313hc85ccdc_2
  - psutil=7.1.3=py313hcb05632_0
  - psycopg2=2.9.10=py313h250ff00_4
  - psycopg2-binary=2.9.10=pyhd8ed1ab_1
  - pthread-stubs=0.4=h00291cd_1002
  - ptyprocess=0.7.0=pyhd8ed1ab_1
  - pure_eval=0.2.3=pyhd8ed1ab_1
  - pyarrow=20.0.0=py313habf4b1d_0
  - pyarrow-core=20.0.0=py313hc71e1e6_0_cpu
  - pyasn1=0.6.1=pyhd8ed1ab_2
  - pyasn1-modules=0.4.2=pyhd8ed1ab_0
  - pybtex=0.25.1=pyhd8ed1ab_0
  - pybtex-docutils=1.0.3=py313habf4b1d_3
  - pycparser=2.22=pyh29332c3_1
  - pydantic=2.12.5=pyhcf101f3_1
  - pydantic-core=2.41.5=py313hcc225dc_1
  - pydantic-settings=2.12.0=pyh3cfb1c2_0
  - pygls=1.3.1=pyhd8ed1ab_1
  - pygments=2.19.2=pyhd8ed1ab_0
  - pygraphviz=1.14=py313heed2c0d_2
  - pyicu=2.16=py313h789a860_0
  - pyjwt=2.10.1=pyhd8ed1ab_0
  - pynacl=1.6.1=py313hf050af9_0
  - pyobjc-core=12.1=py313h07bcf3a_0
  - pyobjc-framework-cocoa=12.1=py313hf669bc3_0
  - pyogrio=0.12.1=py313h8e1be7a_0
  - pyopenssl=25.3.0=pyhd8ed1ab_0
  - pyparsing=3.2.5=pyhcf101f3_0
  - pyproj=3.7.2=py313hc0f1baa_2
  - pyproject_hooks=1.2.0=pyhd8ed1ab_1
  - pysocks=1.7.1=pyha55dd90_7
  - pytest=9.0.2=pyhcf101f3_0
  - pytest-console-scripts=1.4.1=pyhd8ed1ab_1
  - pytest-cov=7.0.0=pyhcf101f3_1
  - pytest-mock=3.15.1=pyhd8ed1ab_0
  - pytest-order=1.3.0=pyh29332c3_2
  - pytest-xdist=3.8.0=pyhd8ed1ab_0
  - python=3.13.11=h17c18a5_100_cp313
  - python-build=1.3.0=pyhff2d567_0
  - python-calamine=0.6.1=py313ha265c4a_0
  - python-dateutil=2.9.0.post0=pyhe01879c_2
  - python-dotenv=1.2.1=pyhcf101f3_0
  - python-duckdb=1.4.2=py313hc4a83b5_0
  - python-fastjsonschema=2.21.2=pyhe01879c_0
  - python-flatbuffers=25.9.23=pyh1e1bc0e_0
  - python-gil=3.13.11=h4df99d1_100
  - python-igraph=1.0.0=py313hc4a83b5_0
  - python-installer=0.7.0=pyhff2d567_1
  - python-json-logger=2.0.7=pyhd8ed1ab_0
  - python-multipart=0.0.20=pyhff2d567_0
  - python-slugify=8.0.4=pyhd8ed1ab_1
  - python-tzdata=2025.2=pyhd8ed1ab_0
  - python_abi=3.13=8_cp313
  - pytimeparse=1.1.8=py_0
  - pytz=2025.2=pyhd8ed1ab_0
  - pyu2f=0.1.5=pyhd8ed1ab_1
  - pywin32-on-windows=0.1.0=pyh1179c8e_3
  - pyyaml=6.0.3=py313h0f4d31d_0
  - pyzmq=27.1.0=py312hb7d603e_0
  - qhull=2020.2=h3c5361c_5
  - querystring_parser=1.2.4=pyhd8ed1ab_2
  - re2=2025.11.05=h7df6414_0
  - readline=8.2=h7cca4af_2
  - readthedocs-sphinx-ext=2.2.5=pyhd8ed1ab_1
  - referencing=0.37.0=pyhcf101f3_0
  - regex=2025.11.3=py313hf050af9_1
  - requests=2.32.5=pyhd8ed1ab_0
  - requests-oauthlib=2.0.0=pyhd8ed1ab_1
  - requests-toolbelt=1.0.0=pyhd8ed1ab_1
  - responses=0.25.8=pyhd8ed1ab_0
  - restructuredtext_lint=2.0.2=pyhd8ed1ab_0
  - rfc3339-validator=0.1.4=pyhd8ed1ab_1
  - rfc3986=2.0.0=pyhd8ed1ab_1
  - rfc3986-validator=0.1.1=pyh9f0ad1d_0
  - rfc3987-syntax=1.1.0=pyhe01879c_1
  - rich=14.2.0=pyhcf101f3_0
  - rich-toolkit=0.17.0=pyhcf101f3_0
  - roman-numerals-py=3.1.0=pyhd8ed1ab_0
  - rpds-py=0.30.0=py313hcc225dc_0
  - rsa=4.9.1=pyhd8ed1ab_0
  - ruamel.yaml=0.18.16=py313hf050af9_0
  - ruamel.yaml.clib=0.2.14=py313hf050af9_0
  - ruff=0.14.8=hd9f4cfa_0
  - ruff-lsp=0.0.62=pyhd8ed1ab_0
  - s3fs=2025.10.0=pyhd8ed1ab_0
  - s3transfer=0.14.0=pyhd8ed1ab_0
  - scikit-learn=1.7.2=py313hfce3ed8_0
  - scipy=1.16.3=py313h61f8160_1
  - semver=3.0.4=pyhd8ed1ab_0
  - send2trash=1.8.3=pyh31c8845_1
  - setuptools=80.9.0=pyhff2d567_0
  - shapely=2.1.2=py313h210a477_2
  - shellingham=1.5.4=pyhd8ed1ab_2
  - simpleeval=1.0.3=pyhd8ed1ab_0
  - six=1.17.0=pyhe01879c_1
  - smmap=5.0.2=pyhd8ed1ab_0
  - snappy=1.2.2=h01f5ddf_1
  - sniffio=1.3.1=pyhd8ed1ab_2
  - snowballstemmer=3.0.1=pyhd8ed1ab_0
  - snowplow-tracker=1.0.4=pyhd8ed1ab_0
  - sortedcontainers=2.4.0=pyhd8ed1ab_1
  - soupsieve=2.8=pyhd8ed1ab_0
  - sphinx=8.2.3=pyhd8ed1ab_0
  - sphinx-autoapi=3.6.1=pyhd8ed1ab_0
  - sphinx-basic-ng=1.0.0b2=pyhd8ed1ab_3
  - sphinx-issues=5.0.1=pyhd8ed1ab_0
  - sphinx-reredirects=1.0.0=pyhd8ed1ab_0
  - sphinx-tabs=3.4.1=pyhd8ed1ab_1
  - sphinxcontrib-applehelp=2.0.0=pyhd8ed1ab_1
  - sphinxcontrib-bibtex=2.6.5=pyhd8ed1ab_0
  - sphinxcontrib-devhelp=2.0.0=pyhd8ed1ab_1
  - sphinxcontrib-googleanalytics=0.5=pyhd8ed1ab_0
  - sphinxcontrib-htmlhelp=2.1.0=pyhd8ed1ab_1
  - sphinxcontrib-jsmath=1.0.1=pyhd8ed1ab_1
  - sphinxcontrib-qthelp=2.0.0=pyhd8ed1ab_1
  - sphinxcontrib-serializinghtml=1.1.10=pyhd8ed1ab_1
  - splink=4.0.11=pyhd8ed1ab_0
  - sqlalchemy=2.0.44=py313hf050af9_0
  - sqlglot=28.0.0=pyhcf101f3_0
  - sqlglot-rs=28.0.0=h5602114_0
  - sqlglotrs=0.7.3=py313hd090e6f_0
  - sqlite=3.51.1=h9e4bfbb_0
  - sqlparse=0.5.4=pyhcf101f3_1
  - stack_data=0.6.3=pyhd8ed1ab_1
  - starlette=0.50.0=pyhfdc7a7d_0
  - stdlib-list=0.12.0=pyhd8ed1ab_0
  - stevedore=5.6.0=pyhd8ed1ab_0
  - stringcase=1.2.0=pyhd8ed1ab_2
  - structlog=25.5.0=pyhcf101f3_0
  - tabulate=0.9.0=pyhcf101f3_3
  - terminado=0.18.1=pyh31c8845_0
  - terraform=1.14.1=hfb6d0b5_0
  - text-unidecode=1.3=pyhd8ed1ab_2
  - texttable=1.7.0=pyhd8ed1ab_1
  - textual=6.8.0=pyhd8ed1ab_0
  - threadpoolctl=3.6.0=pyhecae5ae_0
  - timezonefinder=8.1.0=py313hf050af9_0
  - tinycss2=1.5.1=pyhcf101f3_0
  - tk=8.6.13=hf689a15_3
  - tomli=2.3.0=pyhcf101f3_0
  - tomlkit=0.13.3=pyha770c72_0
  - toposort=1.10=pyhd8ed1ab_1
  - tornado=6.5.2=py313hf050af9_2
  - tqdm=4.67.1=pyhd8ed1ab_1
  - traitlets=5.14.3=pyhd8ed1ab_1
  - trove-classifiers=2025.12.1.14=pyhd8ed1ab_0
  - truststore=0.10.3=pyhe01879c_0
  - typeguard=4.4.4=pyhd8ed1ab_0
  - typer=0.20.0=pyhefaf540_1
  - typer-slim=0.20.0=pyhcf101f3_1
  - typer-slim-standard=0.20.0=h4daf872_1
  - types-pyyaml=6.0.12.20250915=pyhd8ed1ab_1
  - types-requests=2.32.4.20250913=pyhd8ed1ab_1
  - typing-extensions=4.15.0=h396c80c_0
  - typing-inspection=0.4.2=pyhd8ed1ab_1
  - typing_extensions=4.15.0=pyhcf101f3_0
  - typing_inspect=0.9.0=pyhd8ed1ab_1
  - typing_utils=0.1.0=pyhd8ed1ab_1
  - typos=1.40.0=h121f529_0
  - tzdata=2025b=h78e105d_0
  - uc-micro-py=1.0.3=pyhd8ed1ab_1
  - ukkonen=1.0.1=py313hc551f4f_6
  - universal-pathlib=0.3.7=hd8ed1ab_0
  - universal_pathlib=0.3.7=pyhd8ed1ab_0
  - uri-template=1.3.0=pyhd8ed1ab_1
  - uriparser=0.9.8=h6aefe2f_0
  - urllib3=2.6.0=pyhd8ed1ab_0
  - uvicorn=0.38.0=pyh31011fe_0
  - uvicorn-standard=0.38.0=h31011fe_0
  - uvloop=0.22.1=py313hf050af9_1
  - validators=0.35.0=pyhd8ed1ab_0
  - virtualenv=20.35.4=pyhd8ed1ab_0
  - watchdog=6.0.0=py313hf050af9_2
  - watchfiles=1.1.1=py313ha265c4a_0
  - wcwidth=0.2.14=pyhd8ed1ab_0
  - webcolors=25.10.0=pyhd8ed1ab_0
  - webencodings=0.5.1=pyhd8ed1ab_3
  - websocket-client=1.9.0=pyhd8ed1ab_0
  - websockets=11.0.3=py313h6865ccc_2
  - werkzeug=3.1.4=pyhcf101f3_0
  - widgetsnbextension=4.0.15=pyhd8ed1ab_0
  - wrapt=1.17.3=py313h585f44e_1
  - xattr=1.3.0=py313h2960249_1
  - xerces-c=3.3.0=hd0321b6_0
  - xlsxwriter=3.2.9=pyhd8ed1ab_0
  - xorg-libxau=1.0.12=h8616949_1
  - xorg-libxdmcp=1.1.5=h8616949_1
  - xyzservices=2025.11.0=pyhd8ed1ab_0
  - yaml=0.2.5=h4132b18_3
  - yarl=1.22.0=py313h0f4d31d_0
  - zeromq=4.3.5=h6c33b1e_9
  - zip=3.0=h0dc2134_3
  - zipp=3.23.0=pyhcf101f3_1
  - zlib=1.3.1=hd23fc13_2
  - zstandard=0.25.0=py313hcb05632_1
  - zstd=1.5.7=h3eecb57_6
