# Generated by conda-lock.
# platform: osx-64
# input_hash: 95aa7d0b2eb565e4dc2eee0f756a236925bb3db88d38a876961e7cada1469059

channels:
  - conda-forge
dependencies:
  - addfips=0.4.2=pyhd8ed1ab_0
  - aiofiles=24.1.0=pyhd8ed1ab_0
  - aiohappyeyeballs=2.3.6=pyhd8ed1ab_0
  - aiohttp=3.10.3=py312hbd25219_0
  - aiosignal=1.3.1=pyhd8ed1ab_0
  - alabaster=0.7.16=pyhd8ed1ab_0
  - alembic=1.13.2=pyhd8ed1ab_0
  - altair=5.4.0=pyhd8ed1ab_0
  - aniso8601=9.0.1=pyhd8ed1ab_0
  - annotated-types=0.7.0=pyhd8ed1ab_0
  - anyascii=0.3.2=pyhd8ed1ab_0
  - anyio=4.4.0=pyhd8ed1ab_0
  - appdirs=1.4.4=pyh9f0ad1d_0
  - appnope=0.1.4=pyhd8ed1ab_0
  - arelle-release=2.30.22=pyhd8ed1ab_0
  - argon2-cffi=23.1.0=pyhd8ed1ab_0
  - argon2-cffi-bindings=21.2.0=py312h104f124_4
  - arrow=1.3.0=pyhd8ed1ab_0
  - asgi-csrf=0.10=pyhd8ed1ab_0
  - asgiref=3.8.1=pyhd8ed1ab_0
  - astroid=3.3.2=py312hb401068_0
  - asttokens=2.4.1=pyhd8ed1ab_0
  - async-lru=2.0.4=pyhd8ed1ab_0
  - atk-1.0=2.38.0=h4bec284_2
  - attrs=24.2.0=pyh71513ae_0
  - aws-c-auth=0.7.25=h4880c77_6
  - aws-c-cal=0.7.3=hf37c103_2
  - aws-c-common=0.9.27=hfdf4475_0
  - aws-c-compression=0.2.18=hf37c103_10
  - aws-c-event-stream=0.4.2=h324d61a_21
  - aws-c-http=0.8.7=h3c4ec21_4
  - aws-c-io=0.14.18=hdc1c6f6_5
  - aws-c-mqtt=0.10.4=h93740dc_17
  - aws-c-s3=0.6.4=hd06a241_8
  - aws-c-sdkutils=0.1.19=hf37c103_2
  - aws-checksums=0.1.18=hf37c103_10
  - aws-crt-cpp=0.27.5=hfadd0b3_7
  - aws-sdk-cpp=1.11.379=hae762b9_3
  - azure-core-cpp=1.13.0=hf8dbe3c_0
  - azure-identity-cpp=1.8.0=h60298e3_2
  - azure-storage-blobs-cpp=12.12.0=h646f05d_0
  - azure-storage-common-cpp=12.7.0=hf91904f_1
  - babel=2.14.0=pyhd8ed1ab_0
  - backoff=2.2.1=pyhd8ed1ab_0
  - backports=1.0=pyhd8ed1ab_4
  - backports.tarfile=1.0.0=pyhd8ed1ab_1
  - backports.zoneinfo=0.2.1=py312hb401068_8
  - bcrypt=4.2.0=py312ha47ea1c_0
  - beautifulsoup4=4.12.3=pyha770c72_0
  - bleach=6.1.0=pyhd8ed1ab_0
  - blinker=1.8.2=pyhd8ed1ab_0
  - blosc=1.21.6=h7d75f6d_0
  - boto3=1.34.162=pyhd8ed1ab_0
  - botocore=1.34.162=pyge310_1234567_0
  - bottleneck=1.4.0=py312h5dc8b90_1
  - branca=0.7.2=pyhd8ed1ab_0
  - brotli=1.1.0=h0dc2134_1
  - brotli-bin=1.1.0=h0dc2134_1
  - brotli-python=1.1.0=py312heafc425_1
  - bzip2=1.0.8=hfdf4475_7
  - c-ares=1.33.0=h51dda26_0
  - ca-certificates=2024.7.4=h8857fd0_0
  - cachecontrol=0.14.0=pyhd8ed1ab_1
  - cachecontrol-with-filecache=0.14.0=pyhd8ed1ab_1
  - cached-property=1.5.2=hd8ed1ab_1
  - cached_property=1.5.2=pyha770c72_1
  - cachetools=5.4.0=pyhd8ed1ab_0
  - cachy=0.3.0=pyhd8ed1ab_1
  - cairo=1.18.0=h9f650ed_2
  - catalystcoop.dbfread=3.0.0=py_0
  - catalystcoop.ferc_xbrl_extractor=1.5.1=pyhd8ed1ab_0
  - cattrs=23.2.3=pyhd8ed1ab_0
  - certifi=2024.7.4=pyhd8ed1ab_0
  - cffi=1.17.0=py312h9620c06_0
  - cfgv=3.3.1=pyhd8ed1ab_0
  - cfitsio=4.4.1=ha105788_0
  - chardet=5.2.0=py312hb401068_1
  - charset-normalizer=3.3.2=pyhd8ed1ab_0
  - click=8.1.7=unix_pyh707e725_0
  - click-default-group=1.2.4=pyhd8ed1ab_0
  - clikit=0.6.2=pyhd8ed1ab_2
  - cloudpickle=3.0.0=pyhd8ed1ab_0
  - colorama=0.4.6=pyhd8ed1ab_0
  - coloredlogs=14.0=pyhd8ed1ab_3
  - comm=0.2.2=pyhd8ed1ab_0
  - conda-lock=2.5.7=pyhd8ed1ab_0
  - contourpy=1.2.1=py312h9230928_0
  - coverage=7.6.1=py312hbd25219_0
  - crashtest=0.4.1=pyhd8ed1ab_0
  - croniter=3.0.3=pyhd8ed1ab_0
  - cryptography=43.0.0=py312h7e81a9d_0
  - curl=8.9.1=hcd6fca1_0
  - cycler=0.12.1=pyhd8ed1ab_0
  - dagster=1.8.1=pyhd8ed1ab_12
  - dagster-graphql=1.8.1=pyhd8ed1ab_0
  - dagster-pipes=1.8.1=pyhd8ed1ab_0
  - dagster-postgres=0.24.1=pyhd8ed1ab_0
  - dagster-webserver=1.8.1=pyhd8ed1ab_0
  - dask-core=2024.8.0=pyhd8ed1ab_0
  - dask-expr=1.1.10=pyhd8ed1ab_0
  - databricks-sdk=0.30.0=pyhd8ed1ab_0
  - dataclasses=0.8=pyhc8e2a94_3
  - datasette=0.64.8=pyhd8ed1ab_0
  - debugpy=1.8.5=py312h28f332c_0
  - decorator=5.1.1=pyhd8ed1ab_0
  - defusedxml=0.7.1=pyhd8ed1ab_0
  - deprecated=1.2.14=pyh1a96a4e_0
  - distlib=0.3.8=pyhd8ed1ab_0
  - dnspython=2.6.1=pyhd8ed1ab_1
  - doc8=1.1.1=pyhd8ed1ab_0
  - docker-py=7.1.0=pyhd8ed1ab_0
  - docstring_parser=0.16=pyhd8ed1ab_0
  - docutils=0.20.1=py312hb401068_3
  - email-validator=2.2.0=pyhd8ed1ab_0
  - ensureconda=1.4.4=pyhd8ed1ab_0
  - entrypoints=0.4=pyhd8ed1ab_0
  - et_xmlfile=1.1.0=pyhd8ed1ab_0
  - exceptiongroup=1.2.2=pyhd8ed1ab_0
  - execnet=2.1.1=pyhd8ed1ab_0
  - executing=2.0.1=pyhd8ed1ab_0
  - expat=2.6.2=h73e2aa4_0
  - filelock=3.15.4=pyhd8ed1ab_0
  - flask=3.0.3=pyhd8ed1ab_0
  - flexcache=0.3=pyhd8ed1ab_0
  - flexparser=0.3.1=pyhd8ed1ab_0
  - fmt=11.0.2=h3c5361c_0
  - folium=0.17.0=pyhd8ed1ab_0
  - font-ttf-dejavu-sans-mono=2.37=hab24e00_0
  - font-ttf-inconsolata=3.000=h77eed37_0
  - font-ttf-source-code-pro=2.038=h77eed37_0
  - font-ttf-ubuntu=0.83=h77eed37_2
  - fontconfig=2.14.2=h5bb23bf_0
  - fonts-conda-ecosystem=1=0
  - fonts-conda-forge=1=0
  - fonttools=4.53.1=py312hbd25219_0
  - fqdn=1.5.1=pyhd8ed1ab_0
  - freetype=2.12.1=h60636b9_2
  - freexl=2.0.0=h3ec172f_0
  - fribidi=1.0.10=hbcb3906_0
  - frictionless=5.17.0=pyhff2d567_0
  - frozenlist=1.4.1=py312h41838bb_0
  - fsspec=2024.6.1=pyhff2d567_0
  - furo=2024.8.6=pyhd8ed1ab_0
  - gcsfs=2024.6.1=pyhd8ed1ab_0
  - gdal=3.9.1=py312h29648be_13
  - gdk-pixbuf=2.42.12=ha587570_0
  - geopandas=1.0.1=pyhd8ed1ab_0
  - geopandas-base=1.0.1=pyha770c72_0
  - geos=3.12.2=hf036a51_1
  - geotiff=1.7.3=h4bbec01_2
  - gflags=2.2.2=hb1e8313_1004
  - giflib=5.2.2=h10d778d_0
  - gitdb=4.0.11=pyhd8ed1ab_0
  - gitpython=3.1.43=pyhd8ed1ab_0
  - glog=0.7.1=h2790a97_0
  - google-api-core=2.19.1=pyhd8ed1ab_0
  - google-auth=2.33.0=pyhff2d567_0
  - google-auth-oauthlib=1.2.1=pyhd8ed1ab_0
  - google-cloud-core=2.4.1=pyhd8ed1ab_0
  - google-cloud-sdk=488.0.0=py312hb401068_0
  - google-cloud-storage=2.18.2=pyhff2d567_0
  - google-crc32c=1.1.2=py312h272b8ec_5
  - google-resumable-media=2.7.2=pyhd8ed1ab_1
  - googleapis-common-protos=1.63.2=pyhd8ed1ab_0
  - gql=3.5.0=pyhd8ed1ab_1
  - gql-with-requests=3.5.0=pyhd8ed1ab_1
  - graphene=3.3=pyhd8ed1ab_0
  - graphite2=1.3.13=h73e2aa4_1003
  - graphql-core=3.2.3=pyhd8ed1ab_0
  - graphql-relay=3.2.0=pyhd8ed1ab_0
  - graphviz=12.0.0=he14ced1_0
  - greenlet=3.0.3=py312hede676d_0
  - grpcio=1.62.2=py312hbbbd34f_0
  - grpcio-health-checking=1.62.2=pyhd8ed1ab_0
  - grpcio-status=1.62.2=pyhd8ed1ab_0
  - gtk2=2.24.33=h2c15c3c_5
  - gts=0.7.6=h53e17e3_4
  - gunicorn=22.0.0=py312hb401068_0
  - h11=0.14.0=pyhd8ed1ab_0
  - h2=4.1.0=pyhd8ed1ab_0
  - h3-py=3.7.7=py312hede676d_0
  - harfbuzz=9.0.0=h053f038_0
  - hdf4=4.2.15=h8138101_7
  - hdf5=1.14.3=nompi_h687a608_105
  - hpack=4.0.0=pyh9f0ad1d_0
  - html5lib=1.1=pyh9f0ad1d_0
  - httpcore=1.0.5=pyhd8ed1ab_0
  - httptools=0.6.1=py312h41838bb_0
  - httpx=0.27.0=pyhd8ed1ab_0
  - humanfriendly=10.0=pyhd8ed1ab_6
  - humanize=4.10.0=pyhd8ed1ab_0
  - hupper=1.12.1=pyhd8ed1ab_0
  - hyperframe=6.0.1=pyhd8ed1ab_0
  - hypothesis=6.111.1=pyha770c72_0
  - icu=73.2=hf5e326d_0
  - identify=2.6.0=pyhd8ed1ab_0
  - idna=3.7=pyhd8ed1ab_0
  - imagesize=1.4.1=pyhd8ed1ab_0
  - importlib-metadata=7.2.1=pyha770c72_0
  - importlib_metadata=7.2.1=hd8ed1ab_0
  - importlib_resources=6.4.2=pyhd8ed1ab_0
  - iniconfig=2.0.0=pyhd8ed1ab_0
  - ipykernel=6.29.5=pyh57ce528_0
  - ipython=8.26.0=pyh707e725_0
  - ipywidgets=8.1.3=pyhd8ed1ab_0
  - isodate=0.6.1=pyhd8ed1ab_0
  - isoduration=20.11.0=pyhd8ed1ab_0
  - itsdangerous=2.2.0=pyhd8ed1ab_0
  - janus=1.0.0=pyhd8ed1ab_0
  - jaraco.classes=3.4.0=pyhd8ed1ab_1
  - jaraco.context=5.3.0=pyhd8ed1ab_1
  - jaraco.functools=4.0.0=pyhd8ed1ab_0
  - jedi=0.19.1=pyhd8ed1ab_0
  - jellyfish=1.1.0=py312ha47ea1c_0
  - jinja2=3.1.4=pyhd8ed1ab_0
  - jmespath=1.0.1=pyhd8ed1ab_0
  - joblib=1.4.2=pyhd8ed1ab_0
  - json-c=0.17=h6253ea5_1
  - json5=0.9.25=pyhd8ed1ab_0
  - jsonpointer=3.0.0=py312hb401068_0
  - jsonschema=4.23.0=pyhd8ed1ab_0
  - jsonschema-specifications=2023.12.1=pyhd8ed1ab_0
  - jsonschema-with-format-nongpl=4.23.0=hd8ed1ab_0
  - jupyter=1.0.0=pyhd8ed1ab_10
  - jupyter-lsp=2.2.5=pyhd8ed1ab_0
  - jupyter-resource-usage=1.1.0=pyhd8ed1ab_0
  - jupyter_client=8.6.2=pyhd8ed1ab_0
  - jupyter_console=6.6.3=pyhd8ed1ab_0
  - jupyter_core=5.7.2=py312hb401068_0
  - jupyter_events=0.10.0=pyhd8ed1ab_0
  - jupyter_server=2.14.2=pyhd8ed1ab_0
  - jupyter_server_terminals=0.5.3=pyhd8ed1ab_0
  - jupyterlab=4.2.4=pyhd8ed1ab_0
  - jupyterlab-lsp=5.1.0=pyhd8ed1ab_2
  - jupyterlab_pygments=0.3.0=pyhd8ed1ab_1
  - jupyterlab_server=2.27.3=pyhd8ed1ab_0
  - jupyterlab_widgets=3.0.11=pyhd8ed1ab_0
  - kealib=1.5.3=hb2b617a_1
  - keyring=25.3.0=pyh534df25_0
  - kiwisolver=1.4.5=py312h49ebfd2_1
  - krb5=1.21.3=h37d8d59_0
  - latexcodec=2.0.1=pyh9f0ad1d_0
  - lcms2=2.16=ha2f27b4_0
  - lerc=4.0.0=hb486fe8_0
  - libabseil=20240116.2=cxx17_hf036a51_1
  - libaec=1.1.3=h73e2aa4_0
  - libarchive=3.7.4=h20e244c_0
  - libarrow=15.0.2=h690e827_24_cpu
  - libarrow-acero=15.0.2=hf036a51_24_cpu
  - libarrow-dataset=15.0.2=hf036a51_24_cpu
  - libarrow-flight=15.0.2=hd834827_24_cpu
  - libarrow-flight-sql=15.0.2=he1e86a1_24_cpu
  - libarrow-gandiva=15.0.2=hfa04d5a_24_cpu
  - libarrow-substrait=15.0.2=he1e86a1_24_cpu
  - libblas=3.9.0=22_osx64_openblas
  - libbrotlicommon=1.1.0=h0dc2134_1
  - libbrotlidec=1.1.0=h0dc2134_1
  - libbrotlienc=1.1.0=h0dc2134_1
  - libcblas=3.9.0=22_osx64_openblas
  - libcrc32c=1.1.2=he49afe7_0
  - libcurl=8.9.1=hfcf2730_0
  - libcxx=18.1.8=heced48a_4
  - libdeflate=1.21=hfdf4475_0
  - libedit=3.1.20191231=h0678c8f_2
  - libev=4.33=h10d778d_2
  - libevent=2.1.12=ha90c15b_1
  - libexpat=2.6.2=h73e2aa4_0
  - libffi=3.4.2=h0d85af4_5
  - libgd=2.3.3=h0dceb68_9
  - libgdal=3.9.1=h694c41f_13
  - libgdal-core=3.9.1=h4b9bb65_13
  - libgdal-fits=3.9.1=h5d197d2_13
  - libgdal-grib=3.9.1=h385febf_13
  - libgdal-hdf4=3.9.1=h86719f3_13
  - libgdal-hdf5=3.9.1=h513f0eb_13
  - libgdal-jp2openjpeg=3.9.1=hc5f35ca_13
  - libgdal-kea=3.9.1=h3b8d0bf_13
  - libgdal-netcdf=3.9.1=h3127c03_13
  - libgdal-pdf=3.9.1=ha7d2355_13
  - libgdal-pg=3.9.1=h1b48671_13
  - libgdal-postgisraster=3.9.1=h1b48671_13
  - libgdal-tiledb=3.9.1=ha63beff_13
  - libgdal-xls=3.9.1=h597966e_13
  - libgfortran=5.0.0=13_2_0_h97931a8_3
  - libgfortran5=13.2.0=h2873a65_3
  - libglib=2.80.3=h736d271_2
  - libgoogle-cloud=2.28.0=h721cda5_0
  - libgoogle-cloud-storage=2.28.0=h9e84e37_0
  - libgrpc=1.62.2=h384b2fc_0
  - libiconv=1.17=hd75f5a5_2
  - libintl=0.22.5=hdfe23c8_3
  - libjpeg-turbo=3.0.0=h0dc2134_1
  - libkml=1.3.0=hfcbc525_1020
  - liblapack=3.9.0=22_osx64_openblas
  - libllvm14=14.0.6=hc8e404f_4
  - libllvm16=16.0.6=hbedff68_3
  - libnetcdf=4.9.2=nompi_h7334405_114
  - libnghttp2=1.58.0=h64cf6d3_1
  - libopenblas=0.3.27=openmp_h8869122_1
  - libparquet=15.0.2=h808e2ea_24_cpu
  - libpng=1.6.43=h92b6c6a_0
  - libpq=16.4=h4501773_0
  - libprotobuf=4.25.3=h4e4d658_0
  - libre2-11=2023.09.01=h81f5012_2
  - librsvg=2.58.2=h902c40a_1
  - librttopo=1.1.0=he2ba7a0_16
  - libsodium=1.0.18=hbcb3906_1
  - libspatialite=5.1.0=hdc25a2c_9
  - libsqlite=3.46.0=h1b8f9f3_0
  - libssh2=1.11.0=hd019ec5_0
  - libthrift=0.20.0=h87f9345_0
  - libtiff=4.6.0=h603087a_4
  - libutf8proc=2.8.0=hb7f2c08_0
  - libuv=1.48.0=h67532ce_0
  - libwebp=1.4.0=hc207709_0
  - libwebp-base=1.4.0=h10d778d_0
  - libxcb=1.16=h0dc2134_0
  - libxml2=2.12.7=hc603aa4_3
  - libxslt=1.1.39=h03b04e6_0
  - libzip=1.10.1=hc158999_3
  - libzlib=1.3.1=h87427d6_1
  - llvm-openmp=18.1.8=h15ab845_1
  - llvmlite=0.43.0=py312hdeb90da_0
  - locket=1.0.0=pyhd8ed1ab_0
  - lsprotocol=2023.0.1=pyhd8ed1ab_0
  - lxml=5.3.0=py312h42c6c22_0
  - lz4-c=1.9.4=hf0c8a7f_0
  - lzo=2.10=h10d778d_1001
  - mako=1.3.5=pyhd8ed1ab_0
  - mapclassify=2.8.0=pyhd8ed1ab_0
  - markdown=3.6=pyhd8ed1ab_0
  - markdown-it-py=3.0.0=pyhd8ed1ab_0
  - marko=2.1.2=pyhd8ed1ab_0
  - markupsafe=2.1.5=py312h41838bb_0
  - matplotlib-base=3.9.2=py312h0d5aeb7_0
  - matplotlib-inline=0.1.7=pyhd8ed1ab_0
  - mdurl=0.1.2=pyhd8ed1ab_0
  - mergedeep=1.3.4=pyhd8ed1ab_0
  - minizip=4.0.7=h62b0c8d_0
  - mistune=3.0.2=pyhd8ed1ab_0
  - mlflow=2.15.1=hb401068_0
  - mlflow-skinny=2.15.1=py312hb401068_0
  - mlflow-ui=2.15.1=py312hb401068_0
  - more-itertools=10.4.0=pyhd8ed1ab_0
  - msgpack-python=1.0.8=py312hc3c9ca0_0
  - multidict=6.0.5=py312h97956c7_0
  - multimethod=1.9.1=pyhd8ed1ab_0
  - munkres=1.1.4=pyh9f0ad1d_0
  - mypy_extensions=1.0.0=pyha770c72_0
  - narwhals=1.4.2=pyhd8ed1ab_0
  - nbclient=0.10.0=pyhd8ed1ab_0
  - nbconvert=7.16.4=hd8ed1ab_1
  - nbconvert-core=7.16.4=pyhd8ed1ab_1
  - nbconvert-pandoc=7.16.4=hd8ed1ab_1
  - nbformat=5.10.4=pyhd8ed1ab_0
  - ncurses=6.5=h5846eda_0
  - nest-asyncio=1.6.0=pyhd8ed1ab_0
  - networkx=3.3=pyhd8ed1ab_1
  - nodeenv=1.9.1=pyhd8ed1ab_0
  - nodejs=22.6.0=hbe3ef2c_0
  - notebook=7.2.1=pyhd8ed1ab_0
  - notebook-shim=0.2.4=pyhd8ed1ab_0
  - nspr=4.35=hea0b92c_0
  - nss=3.103=he7eb89d_0
  - numba=0.60.0=py312hc3b515d_0
  - numexpr=2.10.0=py312h1171441_0
  - numpy=1.26.4=py312he3a82b2_0
  - oauthlib=3.2.2=pyhd8ed1ab_0
  - openjpeg=2.5.2=h7310d3a_0
  - openpyxl=3.1.5=py312h8847cbe_0
  - openssl=3.3.1=h87427d6_2
  - opentelemetry-api=1.16.0=pyhd8ed1ab_0
  - opentelemetry-sdk=1.16.0=pyhd8ed1ab_0
  - opentelemetry-semantic-conventions=0.37b0=pyhd8ed1ab_0
  - orc=2.0.2=h22b2039_0
  - overrides=7.7.0=pyhd8ed1ab_0
  - packaging=24.1=pyhd8ed1ab_0
  - pandas=2.2.2=py312h1171441_1
  - pandera-core=0.20.0=pyhd8ed1ab_0
  - pandoc=3.3=h694c41f_0
  - pandocfilters=1.5.0=pyhd8ed1ab_0
  - pango=1.54.0=h115fe74_1
  - paramiko=3.4.1=pyhd8ed1ab_0
  - parso=0.8.4=pyhd8ed1ab_0
  - partd=1.4.2=pyhd8ed1ab_0
  - pastel=0.2.1=pyhd8ed1ab_0
  - pbr=6.0.0=pyhd8ed1ab_0
  - pcre2=10.44=h7634a1b_2
  - petl=1.7.15=pyhd8ed1ab_0
  - pexpect=4.9.0=pyhd8ed1ab_0
  - pickleshare=0.7.5=py_1003
  - pillow=10.4.0=py312hbd70edc_0
  - pint=0.24.3=pyhd8ed1ab_0
  - pip=24.2=pyhd8ed1ab_0
  - pixman=0.43.4=h73e2aa4_0
  - pkginfo=1.11.1=pyhd8ed1ab_0
  - pkgutil-resolve-name=1.3.10=pyhd8ed1ab_1
  - platformdirs=4.2.2=pyhd8ed1ab_0
  - pluggy=1.5.0=pyhd8ed1ab_0
  - poppler=24.08.0=h744cbf2_0
  - poppler-data=0.4.12=hd8ed1ab_0
  - postgresql=16.4=h9b73963_0
  - pre-commit=3.8.0=pyha770c72_0
  - prettier=3.3.3=h2ff3409_0
  - proj=9.4.1=hf92c781_1
  - prometheus_client=0.20.0=pyhd8ed1ab_0
  - prometheus_flask_exporter=0.23.1=pyhd8ed1ab_0
  - prompt-toolkit=3.0.47=pyha770c72_0
  - prompt_toolkit=3.0.47=hd8ed1ab_0
  - proto-plus=1.23.0=pyhd8ed1ab_0
  - protobuf=4.25.3=py312hf6c9040_0
  - psutil=5.9.8=py312h41838bb_0
  - psycopg2=2.9.9=py312hca9e88b_0
  - psycopg2-binary=2.9.9=pyhd8ed1ab_0
  - pthread-stubs=0.4=hc929b4f_1001
  - ptyprocess=0.7.0=pyhd3deb0d_0
  - pure_eval=0.2.3=pyhd8ed1ab_0
  - pyarrow=15.0.2=py312h7f4b4c1_24_cpu
  - pyasn1=0.6.0=pyhd8ed1ab_0
  - pyasn1-modules=0.4.0=pyhd8ed1ab_0
  - pybtex=0.24.0=pyhd8ed1ab_2
  - pybtex-docutils=1.0.3=py312hb401068_1
  - pycparser=2.22=pyhd8ed1ab_0
  - pydantic=2.8.2=pyhd8ed1ab_0
  - pydantic-core=2.20.1=py312ha47ea1c_0
  - pydantic-settings=2.4.0=pyhd8ed1ab_0
  - pygls=1.3.1=pyhd8ed1ab_0
  - pygments=2.18.0=pyhd8ed1ab_0
  - pygraphviz=1.13=py312hade47cc_2
  - pyjwt=2.9.0=pyhd8ed1ab_1
  - pylev=1.4.0=pyhd8ed1ab_0
  - pynacl=1.5.0=py312h104f124_3
  - pyobjc-core=10.3.1=py312he77c50b_0
  - pyobjc-framework-cocoa=10.3.1=py312he77c50b_0
  - pyogrio=0.9.0=py312h43b3a95_0
  - pyopenssl=24.2.1=pyhd8ed1ab_2
  - pyparsing=3.1.2=pyhd8ed1ab_0
  - pyproj=3.6.1=py312ha320102_8
  - pyproject_hooks=1.1.0=pyhd8ed1ab_0
  - pysocks=1.7.1=pyha2e5f31_6
  - pytest=8.3.2=pyhd8ed1ab_0
  - pytest-console-scripts=1.4.1=pyhd8ed1ab_0
  - pytest-cov=5.0.0=pyhd8ed1ab_0
  - pytest-mock=3.14.0=pyhd8ed1ab_0
  - pytest-xdist=3.6.1=pyhd8ed1ab_0
  - python=3.12.5=h37a9e06_0_cpython
  - python-build=1.2.1=pyhd8ed1ab_0
  - python-calamine=0.2.3=py312ha47ea1c_0
  - python-dateutil=2.9.0=pyhd8ed1ab_0
  - python-dotenv=1.0.1=pyhd8ed1ab_0
  - python-duckdb=1.0.0=py312h28f332c_0
  - python-fastjsonschema=2.20.0=pyhd8ed1ab_0
  - python-json-logger=2.0.7=pyhd8ed1ab_0
  - python-multipart=0.0.9=pyhd8ed1ab_0
  - python-slugify=8.0.4=pyhd8ed1ab_0
  - python-tzdata=2024.1=pyhd8ed1ab_0
  - python_abi=3.12=5_cp312
  - pytz=2024.1=pyhd8ed1ab_0
  - pyu2f=0.1.5=pyhd8ed1ab_0
  - pywin32-on-windows=0.1.0=pyh1179c8e_3
  - pyyaml=6.0.2=py312hbd25219_0
  - pyzmq=26.1.0=py312h7a17523_0
  - qhull=2020.2=h3c5361c_5
  - qtconsole-base=5.5.2=pyha770c72_0
  - qtpy=2.4.1=pyhd8ed1ab_0
  - querystring_parser=1.2.4=pyhd8ed1ab_1
  - re2=2023.09.01=hb168e87_2
  - readline=8.2=h9e318b2_1
  - readthedocs-sphinx-ext=2.2.5=pyhd8ed1ab_0
  - referencing=0.35.1=pyhd8ed1ab_0
  - regex=2024.7.24=py312hbd25219_0
  - requests=2.32.3=pyhd8ed1ab_0
  - requests-oauthlib=2.0.0=pyhd8ed1ab_0
  - requests-toolbelt=1.0.0=pyhd8ed1ab_0
  - responses=0.25.3=pyhd8ed1ab_0
  - restructuredtext_lint=1.4.0=pyhd8ed1ab_0
  - rfc3339-validator=0.1.4=pyhd8ed1ab_0
  - rfc3986=2.0.0=pyhd8ed1ab_0
  - rfc3986-validator=0.1.1=pyh9f0ad1d_0
  - rich=13.7.1=pyhd8ed1ab_0
  - rpds-py=0.20.0=py312ha47ea1c_0
  - rsa=4.9=pyhd8ed1ab_0
  - ruamel.yaml=0.18.6=py312h41838bb_0
  - ruamel.yaml.clib=0.2.8=py312h41838bb_0
  - ruff=0.6.0=py312h8b25c6c_0
  - ruff-lsp=0.0.54=pyhd8ed1ab_0
  - s3transfer=0.10.2=pyhd8ed1ab_0
  - scikit-learn=1.5.1=py312hc214ba5_0
  - scipy=1.14.0=py312hb9702fa_1
  - send2trash=1.8.3=pyh31c8845_0
  - setuptools=72.1.0=pyhd8ed1ab_0
  - shapely=2.0.5=py312h594820c_0
  - shellingham=1.5.4=pyhd8ed1ab_0
  - simpleeval=0.9.13=pyhd8ed1ab_1
  - six=1.16.0=pyh6c4a22f_0
  - smmap=5.0.0=pyhd8ed1ab_0
  - snappy=1.2.1=he1e6707_0
  - sniffio=1.3.1=pyhd8ed1ab_0
  - snowballstemmer=2.2.0=pyhd8ed1ab_0
  - sortedcontainers=2.4.0=pyhd8ed1ab_0
  - soupsieve=2.5=pyhd8ed1ab_1
  - spdlog=1.14.1=h325aa07_1
  - sphinx=7.4.7=pyhd8ed1ab_0
  - sphinx-autoapi=3.2.1=pyhd8ed1ab_0
  - sphinx-basic-ng=1.0.0b2=pyhd8ed1ab_1
  - sphinx-issues=1.2.0=py_0
  - sphinx-reredirects=0.1.5=pyhd8ed1ab_0
  - sphinxcontrib-applehelp=2.0.0=pyhd8ed1ab_0
  - sphinxcontrib-bibtex=2.6.2=pyhd8ed1ab_0
  - sphinxcontrib-devhelp=2.0.0=pyhd8ed1ab_0
  - sphinxcontrib-htmlhelp=2.1.0=pyhd8ed1ab_0
  - sphinxcontrib-jsmath=1.0.1=pyhd8ed1ab_0
  - sphinxcontrib-qthelp=2.0.0=pyhd8ed1ab_0
  - sphinxcontrib-serializinghtml=1.1.10=pyhd8ed1ab_0
  - splink=3.9.15=pyhd8ed1ab_0
  - sqlalchemy=2.0.32=py312hbd25219_0
  - sqlglot=25.12.0=pyhd8ed1ab_0
  - sqlite=3.46.0=h28673e1_0
  - sqlparse=0.5.1=pyhd8ed1ab_0
  - stack_data=0.6.2=pyhd8ed1ab_0
  - starlette=0.38.2=pyhd8ed1ab_0
  - stevedore=5.2.0=pyhd8ed1ab_0
  - stringcase=1.2.0=pyhd8ed1ab_1
  - structlog=24.4.0=pyhd8ed1ab_0
  - tabulate=0.9.0=pyhd8ed1ab_1
  - terminado=0.18.1=pyh31c8845_0
  - terraform=1.9.2=h990441c_0
  - text-unidecode=1.3=pyhd8ed1ab_1
  - threadpoolctl=3.5.0=pyhc1e730c_0
  - tiledb=2.25.0=h6b8956e_7
  - timezonefinder=6.5.2=py312hbd25219_0
  - tinycss2=1.3.0=pyhd8ed1ab_0
  - tk=8.6.13=h1abcd95_1
  - toml=0.10.2=pyhd8ed1ab_0
  - tomli=2.0.1=pyhd8ed1ab_0
  - tomlkit=0.13.2=pyha770c72_0
  - toolz=0.12.1=pyhd8ed1ab_0
  - toposort=1.10=pyhd8ed1ab_0
  - tornado=6.4.1=py312hbd25219_0
  - tqdm=4.66.5=pyhd8ed1ab_0
  - traitlets=5.14.3=pyhd8ed1ab_0
  - typeguard=4.3.0=pyhd8ed1ab_1
  - typer=0.12.3=pyhd8ed1ab_0
  - typer-slim=0.12.3=pyhd8ed1ab_0
  - typer-slim-standard=0.12.3=hd8ed1ab_0
  - types-python-dateutil=2.9.0.20240316=pyhd8ed1ab_0
  - types-pyyaml=6.0.12.20240808=pyhd8ed1ab_0
  - typing-extensions=4.12.2=hd8ed1ab_0
  - typing_extensions=4.12.2=pyha770c72_0
  - typing_inspect=0.9.0=pyhd8ed1ab_0
  - typing_utils=0.1.0=pyhd8ed1ab_0
  - tzcode=2024a=h10d778d_0
  - tzdata=2024a=h0c530f3_0
  - ukkonen=1.0.1=py312h49ebfd2_4
  - universal_pathlib=0.2.2=pyhd8ed1ab_0
  - uri-template=1.3.0=pyhd8ed1ab_0
  - uriparser=0.9.8=h6aefe2f_0
  - urllib3=1.26.19=pyhd8ed1ab_0
  - uvicorn=0.30.6=py312hb401068_0
  - uvicorn-standard=0.30.6=hb401068_0
  - uvloop=0.19.0=py312hc3e8965_0
  - validators=0.33.0=pyhd8ed1ab_0
  - virtualenv=20.26.3=pyhd8ed1ab_0
  - watchdog=4.0.1=py312hbd25219_0
  - watchfiles=0.23.0=py312ha47ea1c_0
  - wcwidth=0.2.13=pyhd8ed1ab_0
  - webcolors=24.8.0=pyhd8ed1ab_0
  - webencodings=0.5.1=pyhd8ed1ab_2
  - websocket-client=1.8.0=pyhd8ed1ab_0
  - websockets=11.0.3=py312h104f124_1
  - werkzeug=3.0.3=pyhd8ed1ab_0
  - wheel=0.44.0=pyhd8ed1ab_0
  - widgetsnbextension=4.0.11=pyhd8ed1ab_0
  - wrapt=1.16.0=py312h41838bb_0
  - xerces-c=3.2.5=hbbe9ea5_0
  - xlsxwriter=3.2.0=pyhd8ed1ab_0
  - xorg-libxau=1.0.11=h0dc2134_0
  - xorg-libxdmcp=1.1.3=h35c211d_0
  - xyzservices=2024.6.0=pyhd8ed1ab_0
  - xz=5.2.6=h775f41a_0
  - yaml=0.2.5=h0d85af4_2
  - yarl=1.9.4=py312h41838bb_0
  - zeromq=4.3.5=hde137ed_4
  - zip=3.0=h0dc2134_3
  - zipp=3.20.0=pyhd8ed1ab_0
  - zlib=1.3.1=h87427d6_1
  - zstd=1.5.6=h915ae27_0
