# Generated by conda-lock.
# platform: osx-64
# input_hash: 0c46f3c7a9c86a583e588c727d6a7e7d3214ce9d048dd4e49df3a792c36b3e9c

channels:
  - conda-forge
  - defaults
dependencies:
  - aws-c-common=0.9.8=h10d778d_0
  - bzip2=1.0.8=h10d778d_5
  - c-ares=1.23.0=h10d778d_0
  - ca-certificates=2023.11.17=h8857fd0_0
  - font-ttf-dejavu-sans-mono=2.37=hab24e00_0
  - font-ttf-inconsolata=3.000=h77eed37_0
  - font-ttf-source-code-pro=2.038=h77eed37_0
  - font-ttf-ubuntu=0.83=h77eed37_1
  - fribidi=1.0.10=hbcb3906_0
  - giflib=5.2.1=hb7f2c08_3
  - icu=73.2=hf5e326d_0
  - json-c=0.17=h8e11ae5_0
  - libboost-headers=1.83.0=h694c41f_0
  - libbrotlicommon=1.1.0=h0dc2134_1
  - libcxx=16.0.6=hd57cbcb_0
  - libdeflate=1.19=ha4e1b8e_0
  - libev=4.33=haf1e3a3_1
  - libexpat=2.5.0=hf0c8a7f_1
  - libffi=3.4.2=h0d85af4_5
  - libiconv=1.17=hac89ed1_0
  - libjpeg-turbo=3.0.0=h0dc2134_1
  - libsodium=1.0.18=hbcb3906_1
  - libutf8proc=2.8.0=hb7f2c08_0
  - libuv=1.46.0=h0c2f820_0
  - libwebp-base=1.3.2=h0dc2134_0
  - libzlib=1.2.13=h8a1eda9_5
  - llvm-openmp=17.0.6=hb6ac08f_0
  - lzo=2.10=haf1e3a3_1000
  - poppler-data=0.4.12=hd8ed1ab_0
  - pthread-stubs=0.4=hc929b4f_1001
  - python_abi=3.11=4_cp311
  - tzcode=2023c=hb7f2c08_0
  - tzdata=2023c=h71feb2d_0
  - xorg-libxau=1.0.11=h0dc2134_0
  - xorg-libxdmcp=1.1.3=h35c211d_0
  - xz=5.2.6=h775f41a_0
  - yaml=0.2.5=h0d85af4_2
  - aws-c-cal=0.6.9=h49e9720_1
  - aws-c-compression=0.2.17=hff1f2c8_6
  - aws-c-sdkutils=0.1.12=hff1f2c8_5
  - aws-checksums=0.1.17=hff1f2c8_5
  - expat=2.5.0=hf0c8a7f_1
  - fonts-conda-forge=1=0
  - geos=3.12.1=h93d8f39_0
  - gettext=0.21.1=h8a4c099_0
  - gflags=2.2.2=hb1e8313_1004
  - graphite2=1.3.13=h2e338ed_1001
  - hdf4=4.2.15=h8138101_7
  - lerc=4.0.0=hb486fe8_0
  - libabseil=20230802.1=cxx17_h048a20a_0
  - libaec=1.1.2=he965462_1
  - libbrotlidec=1.1.0=h0dc2134_1
  - libbrotlienc=1.1.0=h0dc2134_1
  - libcrc32c=1.1.2=he49afe7_0
  - libgfortran5=13.2.0=h2873a65_1
  - libllvm14=14.0.6=hc8e404f_4
  - libpng=1.6.39=ha978bb4_0
  - libspatialindex=1.9.3=he49afe7_4
  - libsqlite=3.44.2=h92b6c6a_0
  - libxcb=1.15=hb7f2c08_0
  - libxml2=2.11.6=hc0ae0f7_0
  - lz4-c=1.9.4=hf0c8a7f_0
  - ncurses=6.4=h93d8f39_2
  - nspr=4.35=hea0b92c_0
  - openssl=3.2.0=hd75f5a5_1
  - pandoc=3.1.3=h9d075a6_0
  - pcre2=10.42=h0ad2156_0
  - pixman=0.42.2=he965462_0
  - snappy=1.1.10=h225ccf5_0
  - tk=8.6.13=h1abcd95_1
  - uriparser=0.9.7=hf0c8a7f_1
  - zeromq=4.3.5=h93d8f39_0
  - zlib=1.2.13=h8a1eda9_5
  - zstd=1.5.5=h829000d_0
  - aws-c-io=0.13.36=hb98174f_0
  - blosc=1.21.5=heccf04b_0
  - brotli-bin=1.1.0=h0dc2134_1
  - fonts-conda-ecosystem=1=0
  - freetype=2.12.1=h60636b9_2
  - glog=0.6.0=h8ac2a54_0
  - libarchive=3.7.2=h0b5dc4a_0
  - libedit=3.1.20191231=h0678c8f_2
  - libevent=2.1.12=ha90c15b_1
  - libgfortran=5.0.0=13_2_0_h97931a8_1
  - libglib=2.78.1=h198397b_1
  - libkml=1.3.0=hab3ca0e_1018
  - libllvm15=15.0.7=he4b1e75_3
  - libnghttp2=1.58.0=h64cf6d3_0
  - libprotobuf=4.24.4=h0ee05dc_0
  - libre2-11=2023.06.02=h4694dbf_0
  - librttopo=1.1.0=hf05f67e_15
  - libssh2=1.11.0=hd019ec5_0
  - libtiff=4.6.0=h684deea_2
  - libxslt=1.1.37=h20bfa82_1
  - libzip=1.10.1=hc158999_3
  - minizip=4.0.3=h23f18a7_0
  - nodejs=20.9.0=h9adec40_0
  - nss=3.95=hfeb00ea_0
  - readline=8.2=h9e318b2_1
  - atk-1.0=2.38.0=h1d18e73_1
  - aws-c-event-stream=0.3.2=hdb93a3d_7
  - aws-c-http=0.7.14=h99202ee_2
  - brotli=1.1.0=h0dc2134_1
  - fontconfig=2.14.2=h5bb23bf_0
  - freexl=2.0.0=h3ec172f_0
  - gdk-pixbuf=2.42.10=hbb5a27d_4
  - gts=0.7.6=h53e17e3_4
  - krb5=1.21.2=hb884880_0
  - lcms2=2.16=ha2f27b4_0
  - libopenblas=0.3.25=openmp_hfef2a42_0
  - libthrift=0.19.0=h064b379_1
  - libwebp=1.3.2=h44782d1_1
  - openjpeg=2.5.0=ha4da562_3
  - orc=1.9.0=hd1092d7_4
  - prettier=3.1.0=hbd11d21_0
  - python=3.11.6=h30d4d87_0_cpython
  - re2=2023.06.02=hd34609a_0
  - sqlite=3.44.2=h7461747_0
  - aiofiles=23.2.1=pyhd8ed1ab_0
  - alabaster=0.7.13=pyhd8ed1ab_0
  - anyascii=0.3.2=pyhd8ed1ab_0
  - appdirs=1.4.4=pyh9f0ad1d_0
  - appnope=0.1.3=pyhd8ed1ab_0
  - astroid=3.0.1=py311h6eed73b_0
  - attrs=23.1.0=pyh71513ae_1
  - aws-c-auth=0.7.7=h9ac2572_1
  - aws-c-mqtt=0.9.10=h10c2427_1
  - backoff=2.2.1=pyhd8ed1ab_0
  - backports.zoneinfo=0.2.1=py311h6eed73b_8
  - blinker=1.7.0=pyhd8ed1ab_0
  - brotli-python=1.1.0=py311hdf8f085_1
  - cached_property=1.5.2=pyha770c72_1
  - cachetools=5.3.2=pyhd8ed1ab_0
  - cachy=0.3.0=pyhd8ed1ab_1
  - cairo=1.18.0=h99e66fa_0
  - catalystcoop.dbfread=3.0.0=py_0
  - cchardet=2.1.7=py311hdf8f085_5
  - certifi=2023.11.17=pyhd8ed1ab_0
  - cfgv=3.3.1=pyhd8ed1ab_0
  - chardet=5.2.0=py311h6eed73b_1
  - charset-normalizer=3.3.2=pyhd8ed1ab_0
  - click=8.1.7=unix_pyh707e725_0
  - cloudpickle=3.0.0=pyhd8ed1ab_0
  - colorama=0.4.6=pyhd8ed1ab_0
  - crashtest=0.4.1=pyhd8ed1ab_0
  - cycler=0.12.1=pyhd8ed1ab_0
  - dagster-pipes=1.5.10=pyhd8ed1ab_0
  - dataclasses=0.8=pyhc8e2a94_3
  - debugpy=1.8.0=py311hdf8f085_1
  - decorator=5.1.1=pyhd8ed1ab_0
  - defusedxml=0.7.1=pyhd8ed1ab_0
  - distlib=0.3.7=pyhd8ed1ab_0
  - docstring_parser=0.15=pyhd8ed1ab_0
  - docutils=0.20.1=py311h6eed73b_2
  - entrypoints=0.4=pyhd8ed1ab_0
  - et_xmlfile=1.1.0=pyhd8ed1ab_0
  - exceptiongroup=1.2.0=pyhd8ed1ab_0
  - execnet=2.0.2=pyhd8ed1ab_0
  - executing=2.0.1=pyhd8ed1ab_0
  - filelock=3.13.1=pyhd8ed1ab_0
  - frozenlist=1.4.0=py311h2725bcf_1
  - fsspec=2023.12.0=pyhca7485f_0
  - google-cloud-sdk=455.0.0=py311h6eed73b_0
  - greenlet=3.0.1=py311hd39e593_0
  - hpack=4.0.0=pyh9f0ad1d_0
  - httptools=0.6.1=py311he705e18_0
  - humanfriendly=10.0=pyhd8ed1ab_6
  - hupper=1.12=pyhd8ed1ab_0
  - hyperframe=6.0.1=pyhd8ed1ab_0
  - idna=3.6=pyhd8ed1ab_0
  - ijson=3.2.3=pyhd8ed1ab_0
  - imagesize=1.4.1=pyhd8ed1ab_0
  - iniconfig=2.0.0=pyhd8ed1ab_0
  - itsdangerous=2.1.2=pyhd8ed1ab_0
  - jellyfish=1.0.3=py311h5e0f0e4_0
  - jmespath=1.0.1=pyhd8ed1ab_0
  - json5=0.9.14=pyhd8ed1ab_0
  - jsonpointer=2.4=py311h6eed73b_3
  - jupyterlab_widgets=3.0.9=pyhd8ed1ab_0
  - kiwisolver=1.4.5=py311h5fe6e05_1
  - libblas=3.9.0=20_osx64_openblas
  - libcurl=8.4.0=h726d00d_0
  - libgd=2.3.3=h0dceb68_9
  - libgrpc=1.59.2=ha7f534c_0
  - libpq=16.1=h6dd4ff7_2
  - llvmlite=0.41.1=py311hb5c2e0a_0
  - locket=1.0.0=pyhd8ed1ab_0
  - lxml=4.9.3=py311h19a211c_1
  - marko=2.0.2=pyhd8ed1ab_0
  - markupsafe=2.1.3=py311h2725bcf_1
  - mdurl=0.1.0=pyhd8ed1ab_0
  - mergedeep=1.3.4=pyhd8ed1ab_0
  - mistune=3.0.2=pyhd8ed1ab_0
  - more-itertools=10.1.0=pyhd8ed1ab_0
  - msgpack-python=1.0.7=py311h7bea37d_0
  - multidict=6.0.4=py311h5547dcb_1
  - multimethod=1.9.1=pyhd8ed1ab_0
  - munch=4.0.0=pyhd8ed1ab_0
  - munkres=1.1.4=pyh9f0ad1d_0
  - mypy_extensions=1.0.0=pyha770c72_0
  - nest-asyncio=1.5.8=pyhd8ed1ab_0
  - networkx=3.2.1=pyhd8ed1ab_0
  - packaging=23.2=pyhd8ed1ab_0
  - pandocfilters=1.5.0=pyhd8ed1ab_0
  - parso=0.8.3=pyhd8ed1ab_0
  - pastel=0.2.1=pyhd8ed1ab_0
  - petl=1.7.14=pyhd8ed1ab_0
  - pickleshare=0.7.5=py_1003
  - pillow=10.1.0=py311hea5c87a_0
  - pkginfo=1.9.6=pyhd8ed1ab_0
  - pkgutil-resolve-name=1.3.10=pyhd8ed1ab_1
  - platformdirs=4.1.0=pyhd8ed1ab_0
  - pluggy=1.3.0=pyhd8ed1ab_0
  - prometheus_client=0.19.0=pyhd8ed1ab_0
  - psutil=5.9.5=py311h2725bcf_1
  - ptyprocess=0.7.0=pyhd3deb0d_0
  - pure_eval=0.2.2=pyhd8ed1ab_0
  - pyasn1=0.5.1=pyhd8ed1ab_0
  - pycparser=2.21=pyhd8ed1ab_0
  - pygments=2.17.2=pyhd8ed1ab_0
  - pyjwt=2.8.0=pyhd8ed1ab_0
  - pylev=1.4.0=pyhd8ed1ab_0
  - pyparsing=3.1.1=pyhd8ed1ab_0
  - pysocks=1.7.1=pyha2e5f31_6
  - python-dotenv=1.0.0=pyhd8ed1ab_1
  - python-fastjsonschema=2.19.0=pyhd8ed1ab_0
  - python-json-logger=2.0.7=pyhd8ed1ab_0
  - python-multipart=0.0.6=pyhd8ed1ab_0
  - python-tzdata=2023.3=pyhd8ed1ab_0
  - pytz=2023.3.post1=pyhd8ed1ab_0
  - pytzdata=2020.1=pyh9f0ad1d_0
  - pywin32-on-windows=0.1.0=pyh1179c8e_3
  - pyxlsb=1.0.10=pyhd8ed1ab_0
  - pyyaml=6.0.1=py311h2725bcf_1
  - pyzmq=25.1.2=py311h889d6d6_0
  - regex=2023.10.3=py311h2725bcf_0
  - rfc3986=2.0.0=pyhd8ed1ab_0
  - rfc3986-validator=0.1.1=pyh9f0ad1d_0
  - rpds-py=0.13.2=py311h5e0f0e4_0
  - rtree=1.1.0=py311hbc1f44b_0
  - ruamel.yaml.clib=0.2.7=py311h2725bcf_2
  - ruff=0.1.7=py311hec6fdf1_0
  - setuptools=68.2.2=pyhd8ed1ab_0
  - shellingham=1.5.4=pyhd8ed1ab_0
  - simpleeval=0.9.13=pyhd8ed1ab_1
  - six=1.16.0=pyh6c4a22f_0
  - smmap=5.0.0=pyhd8ed1ab_0
  - sniffio=1.3.0=pyhd8ed1ab_0
  - snowballstemmer=2.2.0=pyhd8ed1ab_0
  - sortedcontainers=2.4.0=pyhd8ed1ab_0
  - soupsieve=2.5=pyhd8ed1ab_1
  - sphinxcontrib-jsmath=1.0.1=pyhd8ed1ab_0
  - stringcase=1.2.0=py_0
  - tabulate=0.9.0=pyhd8ed1ab_1
  - text-unidecode=1.3=pyhd8ed1ab_1
  - threadpoolctl=3.2.0=pyha21a80b_0
  - toml=0.10.2=pyhd8ed1ab_0
  - tomli=2.0.1=pyhd8ed1ab_0
  - tomlkit=0.12.3=pyha770c72_0
  - toolz=0.12.0=pyhd8ed1ab_0
  - toposort=1.10=pyhd8ed1ab_0
  - tornado=6.3.3=py311h2725bcf_1
  - traitlets=5.14.0=pyhd8ed1ab_0
  - types-python-dateutil=2.8.19.14=pyhd8ed1ab_0
  - types-pyyaml=6.0.12.12=pyhd8ed1ab_0
  - typing_extensions=4.8.0=pyha770c72_0
  - typing_utils=0.1.0=pyhd8ed1ab_0
  - unicodecsv=0.14.1=pyhd8ed1ab_2
  - uri-template=1.3.0=pyhd8ed1ab_0
  - uvloop=0.19.0=py311ha272bfe_0
  - validators=0.22.0=pyhd8ed1ab_0
  - wcwidth=0.2.12=pyhd8ed1ab_0
  - webcolors=1.13=pyhd8ed1ab_0
  - webencodings=0.5.1=pyhd8ed1ab_2
  - websocket-client=1.7.0=pyhd8ed1ab_0
  - websockets=10.4=py311h5547dcb_1
  - wheel=0.42.0=pyhd8ed1ab_0
  - widgetsnbextension=4.0.9=pyhd8ed1ab_0
  - wrapt=1.16.0=py311he705e18_0
  - xlrd=2.0.1=pyhd8ed1ab_3
  - xlsxwriter=3.1.9=pyhd8ed1ab_0
  - xyzservices=2023.10.1=pyhd8ed1ab_0
  - zipp=3.17.0=pyhd8ed1ab_0
  - aiosignal=1.3.1=pyhd8ed1ab_0
  - anyio=4.1.0=pyhd8ed1ab_0
  - asgi-csrf=0.9=pyhd8ed1ab_0
  - asgiref=3.7.2=pyhd8ed1ab_0
  - asttokens=2.4.1=pyhd8ed1ab_0
  - async-lru=2.0.4=pyhd8ed1ab_0
  - aws-c-s3=0.4.1=h70a162a_0
  - babel=2.13.1=pyhd8ed1ab_0
  - beautifulsoup4=4.12.2=pyha770c72_0
  - bleach=6.1.0=pyhd8ed1ab_0
  - cached-property=1.5.2=hd8ed1ab_1
  - cffi=1.16.0=py311hc0b63fd_0
  - cfitsio=4.3.1=h60fb419_0
  - click-default-group=1.2.4=pyhd8ed1ab_0
  - click-default-group-wheel=1.2.2=pyhd8ed1ab_0
  - click-plugins=1.1.1=py_0
  - cligj=0.7.2=pyhd8ed1ab_1
  - clikit=0.6.2=pyhd8ed1ab_2
  - coloredlogs=14.0=pyhd8ed1ab_3
  - comm=0.1.4=pyhd8ed1ab_0
  - coverage=7.3.2=py311h2725bcf_0
  - curl=8.4.0=h726d00d_0
  - fonttools=4.46.0=py311he705e18_0
  - gitdb=4.0.11=pyhd8ed1ab_0
  - graphql-core=3.2.3=pyhd8ed1ab_0
  - grpcio=1.59.2=py311hfd95bfa_0
  - h11=0.14.0=pyhd8ed1ab_0
  - h2=4.1.0=pyhd8ed1ab_0
  - harfbuzz=8.3.0=hf45c392_0
  - hdf5=1.14.2=nompi_hedada53_100
  - html5lib=1.1=pyh9f0ad1d_0
  - hypothesis=6.91.0=pyha770c72_0
  - importlib-metadata=7.0.0=pyha770c72_0
  - importlib_resources=6.1.1=pyhd8ed1ab_0
  - isodate=0.6.1=pyhd8ed1ab_0
  - janus=1.0.0=pyhd8ed1ab_0
  - jaraco.classes=3.3.0=pyhd8ed1ab_0
  - jedi=0.19.1=pyhd8ed1ab_0
  - jinja2=3.1.2=pyhd8ed1ab_1
  - joblib=1.3.2=pyhd8ed1ab_0
  - jsonlines=4.0.0=pyhd8ed1ab_0
  - jupyter_core=5.5.0=py311h6eed73b_0
  - jupyterlab_pygments=0.3.0=pyhd8ed1ab_0
  - latexcodec=2.0.1=pyh9f0ad1d_0
  - libcblas=3.9.0=20_osx64_openblas
  - libgoogle-cloud=2.12.0=hc0857f6_4
  - liblapack=3.9.0=20_osx64_openblas
  - linear-tsv=1.1.0=py_1
  - markdown-it-py=3.0.0=pyhd8ed1ab_0
  - matplotlib-inline=0.1.6=pyhd8ed1ab_0
  - nodeenv=1.8.0=pyhd8ed1ab_0
  - openpyxl=3.1.2=py311h2725bcf_1
  - overrides=7.4.0=pyhd8ed1ab_0
  - partd=1.4.1=pyhd8ed1ab_0
  - pexpect=4.8.0=pyh1a96a4e_2
  - pint=0.22=pyhd8ed1ab_1
  - pip=23.3.1=pyhd8ed1ab_0
  - poppler=23.12.0=hdd5a5e8_0
  - postgresql=16.1=h413614c_2
  - proj=9.3.0=h23b96cc_2
  - prompt-toolkit=3.0.41=pyha770c72_0
  - protobuf=4.24.4=py311h021eaf5_0
  - psycopg2=2.9.9=py311h187f0af_0
  - pyasn1-modules=0.3.0=pyhd8ed1ab_0
  - pyobjc-core=10.0=py311hf110eff_0
  - pyproject_hooks=1.0.0=pyhd8ed1ab_0
  - pytest=7.4.3=pyhd8ed1ab_0
  - python-dateutil=2.8.2=pyhd8ed1ab_0
  - python-slugify=8.0.1=pyhd8ed1ab_2
  - pyu2f=0.1.5=pyhd8ed1ab_0
  - qtpy=2.4.1=pyhd8ed1ab_0
  - referencing=0.31.1=pyhd8ed1ab_0
  - restructuredtext_lint=1.4.0=pyhd8ed1ab_0
  - rfc3339-validator=0.1.4=pyhd8ed1ab_0
  - rsa=4.9=pyhd8ed1ab_0
  - ruamel.yaml=0.18.5=py311he705e18_0
  - terminado=0.18.0=pyh31c8845_0
  - tinycss2=1.2.1=pyhd8ed1ab_0
  - tqdm=4.66.1=pyhd8ed1ab_0
  - typing-extensions=4.8.0=hd8ed1ab_0
  - typing_inspect=0.9.0=pyhd8ed1ab_0
  - universal_pathlib=0.1.4=pyhd8ed1ab_0
  - urllib3=1.26.18=pyhd8ed1ab_0
  - virtualenv=20.25.0=pyhd8ed1ab_0
  - watchdog=3.0.0=py311h5ef12f2_1
  - xerces-c=3.2.4=h6314983_3
  - yarl=1.9.3=py311he705e18_0
  - addfips=0.4.0=pyhd8ed1ab_1
  - aniso8601=9.0.1=pyhd8ed1ab_0
  - annotated-types=0.6.0=pyhd8ed1ab_0
  - argon2-cffi-bindings=21.2.0=py311h2725bcf_4
  - arrow=1.3.0=pyhd8ed1ab_0
  - async-timeout=4.0.3=pyhd8ed1ab_0
  - aws-crt-cpp=0.24.7=hf3941dc_6
  - botocore=1.33.7=pyhd8ed1ab_0
  - branca=0.7.0=pyhd8ed1ab_1
  - croniter=2.0.1=pyhd8ed1ab_0
  - cryptography=41.0.7=py311h48c7838_1
  - fqdn=1.5.1=pyhd8ed1ab_0
  - geotiff=1.7.1=h889ec99_14
  - gitpython=3.1.40=pyhd8ed1ab_0
  - google-crc32c=1.1.2=py311h0b57020_5
  - googleapis-common-protos=1.61.0=pyhd8ed1ab_0
  - gql=3.4.1=pyhd8ed1ab_0
  - graphql-relay=3.2.0=pyhd8ed1ab_0
  - grpcio-health-checking=1.59.2=pyhd8ed1ab_0
  - httpcore=1.0.2=pyhd8ed1ab_0
  - importlib_metadata=7.0.0=hd8ed1ab_0
  - jsonschema-specifications=2023.11.2=pyhd8ed1ab_0
  - jupyter_server_terminals=0.4.4=pyhd8ed1ab_1
  - kealib=1.5.2=h052fcf7_1
  - libnetcdf=4.9.2=nompi_h6a32802_112
  - libspatialite=5.1.0=hf63aa75_2
  - mako=1.3.0=pyhd8ed1ab_0
  - numpy=1.26.2=py311h93c810c_0
  - pango=1.50.14=h19c1c8a_2
  - pbr=6.0.0=pyhd8ed1ab_0
  - pendulum=2.1.2=py311h2725bcf_6
  - prompt_toolkit=3.0.41=hd8ed1ab_0
  - psycopg2-binary=2.9.9=pyhd8ed1ab_0
  - pybtex=0.24.0=pyhd8ed1ab_2
  - pydantic-core=2.14.5=py311h5e0f0e4_0
  - pyobjc-framework-cocoa=10.0=py311hf110eff_1
  - pyproj=3.6.1=py311he36daed_4
  - pytest-console-scripts=1.4.1=pyhd8ed1ab_0
  - pytest-cov=4.1.0=pyhd8ed1ab_0
  - pytest-mock=3.12.0=pyhd8ed1ab_0
  - pytest-xdist=3.5.0=pyhd8ed1ab_0
  - python-build=1.0.3=pyhd8ed1ab_0
  - requests=2.31.0=pyhd8ed1ab_0
  - rich=13.7.0=pyhd8ed1ab_0
  - sqlalchemy=2.0.23=py311he705e18_0
  - stack_data=0.6.2=pyhd8ed1ab_0
  - starlette=0.33.0=pyhd8ed1ab_0
  - tiledb=2.16.3=hd3a41d5_3
  - ukkonen=1.0.1=py311h5fe6e05_4
  - uvicorn=0.24.0.post1=py311h6eed73b_0
  - watchfiles=0.21.0=py311h5e0f0e4_0
  - aiohttp=3.8.6=py311he705e18_1
  - alembic=1.13.0=pyhd8ed1ab_0
  - arelle-release=2.18.0=pyhd8ed1ab_0
  - argon2-cffi=23.1.0=pyhd8ed1ab_0
  - aws-sdk-cpp=1.11.182=h28d282b_7
  - bottleneck=1.3.7=py311h4a70a88_1
  - cachecontrol=0.13.1=pyhd8ed1ab_0
  - contourpy=1.2.0=py311h7bea37d_0
  - dask-core=2023.12.0=pyhd8ed1ab_0
  - dnspython=2.4.2=pyhd8ed1ab_1
  - ensureconda=1.4.3=pyhd8ed1ab_0
  - folium=0.15.1=pyhd8ed1ab_0
  - google-resumable-media=2.6.0=pyhd8ed1ab_0
  - graphene=3.3=pyhd8ed1ab_0
  - grpcio-status=1.59.2=pyhd8ed1ab_0
  - gtk2=2.24.33=h7c1209e_2
  - h3-py=3.7.6=py311hdf8f085_1
  - httpx=0.25.2=pyhd8ed1ab_0
  - identify=2.5.32=pyhd8ed1ab_0
  - ipython=8.18.1=pyh31011fe_2
  - isoduration=20.11.0=pyhd8ed1ab_0
  - jsonschema=4.20.0=pyhd8ed1ab_0
  - jupyter_client=8.6.0=pyhd8ed1ab_0
  - keyring=24.3.0=py311h6eed73b_0
  - libgdal=3.8.1=hb7f764b_1
  - librsvg=2.56.3=hec3db73_0
  - numba=0.58.1=py311h32f2313_0
  - numexpr=2.8.7=py311h1eadf79_4
  - oauthlib=3.2.2=pyhd8ed1ab_0
  - pandas=2.1.3=py311h1eadf79_0
  - pybtex-docutils=1.0.3=py311h6eed73b_1
  - pydantic=2.5.2=pyhd8ed1ab_0
  - pyopenssl=23.3.0=pyhd8ed1ab_0
  - readthedocs-sphinx-ext=2.2.3=pyhd8ed1ab_0
  - requests-toolbelt=0.10.1=pyhd8ed1ab_0
  - responses=0.24.1=pyhd8ed1ab_0
  - s3transfer=0.8.2=pyhd8ed1ab_0
  - scipy=1.11.4=py311he0bea55_0
  - send2trash=1.8.2=pyhd1c38e8_0
  - shapely=2.0.2=py311h4c12f3d_1
  - stevedore=5.1.0=pyhd8ed1ab_0
  - typeguard=4.1.5=pyhd8ed1ab_1
  - typer=0.9.0=pyhd8ed1ab_0
  - uvicorn-standard=0.24.0.post1=h6eed73b_0
  - boto3=1.33.6=pyhd8ed1ab_0
  - cachecontrol-with-filecache=0.13.1=pyhd8ed1ab_0
  - dagster=1.5.10=pyhd8ed1ab_0
  - datasette=0.64.4=pyhd8ed1ab_1
  - doc8=1.1.1=pyhd8ed1ab_0
  - email-validator=2.1.0.post1=pyhd8ed1ab_0
  - frictionless=4.40.8=pyh6c4a22f_0
  - gdal=3.8.1=py311h5646c56_1
  - geopandas-base=0.14.1=pyha770c72_0
  - google-auth=2.24.0=pyhca7485f_0
  - gql-with-requests=3.4.1=pyhd8ed1ab_0
  - graphviz=9.0.0=hee74176_1
  - ipykernel=6.26.0=pyh3cd1d5f_0
  - ipywidgets=8.1.1=pyhd8ed1ab_0
  - jsonschema-with-format-nongpl=4.20.0=pyhd8ed1ab_0
  - libarrow=14.0.1=hd201b0c_3_cpu
  - matplotlib-base=3.8.2=py311hd316c10_0
  - nbformat=5.9.2=pyhd8ed1ab_0
  - pandera-core=0.17.2=pyhd8ed1ab_1
  - pre-commit=3.5.0=pyha770c72_0
  - pydantic-settings=2.1.0=pyhd8ed1ab_1
  - requests-oauthlib=1.3.1=pyhd8ed1ab_0
  - scikit-learn=1.3.2=py311h66081b9_1
  - timezonefinder=6.2.0=py311he705e18_2
  - catalystcoop.ferc_xbrl_extractor=1.3.1=pyhd8ed1ab_0
  - conda-lock=2.5.1=pyhd8ed1ab_0
  - dagster-graphql=1.5.10=pyhd8ed1ab_0
  - dagster-postgres=0.21.10=pyhd8ed1ab_0
  - fiona=1.9.5=py311h809632c_1
  - google-api-core=2.14.0=pyhd8ed1ab_0
  - google-auth-oauthlib=1.1.0=pyhd8ed1ab_0
  - jupyter_console=6.6.3=pyhd8ed1ab_0
  - jupyter_events=0.9.0=pyhd8ed1ab_0
  - libarrow-acero=14.0.1=hc222712_3_cpu
  - libarrow-flight=14.0.1=h440f1c2_3_cpu
  - libarrow-gandiva=14.0.1=heeebe7c_3_cpu
  - libparquet=14.0.1=h27bd29f_3_cpu
  - mapclassify=2.6.1=pyhd8ed1ab_0
  - nbclient=0.8.0=pyhd8ed1ab_0
  - pygraphviz=1.11=py311h03ee4fc_2
  - qtconsole-base=5.5.1=pyha770c72_0
  - recordlinkage=0.16=pyhd8ed1ab_0
  - tabulator=1.53.5=pyhd8ed1ab_0
  - dagster-webserver=1.5.10=pyhd8ed1ab_0
  - geopandas=0.14.1=pyhd8ed1ab_0
  - google-cloud-core=2.3.3=pyhd8ed1ab_0
  - libarrow-dataset=14.0.1=hc222712_3_cpu
  - libarrow-flight-sql=14.0.1=h2cc6c1c_3_cpu
  - nbconvert-core=7.12.0=pyhd8ed1ab_0
  - tableschema=1.19.3=pyh9f0ad1d_0
  - datapackage=1.15.2=pyh44b312d_0
  - google-cloud-storage=2.13.0=pyhca7485f_0
  - jupyter_server=2.11.2=pyhd8ed1ab_0
  - libarrow-substrait=14.0.1=h2cc6c1c_3_cpu
  - nbconvert-pandoc=7.12.0=pyhd8ed1ab_0
  - gcsfs=2023.12.0=pyhd8ed1ab_0
  - jupyter-lsp=2.2.1=pyhd8ed1ab_0
  - jupyter-resource-usage=1.0.1=pyhd8ed1ab_0
  - jupyterlab_server=2.25.2=pyhd8ed1ab_0
  - nbconvert=7.12.0=pyhd8ed1ab_0
  - notebook-shim=0.2.3=pyhd8ed1ab_0
  - pyarrow=14.0.1=py311h98a0319_3_cpu
  - jupyterlab=4.0.9=pyhd8ed1ab_0
  - notebook=7.0.6=pyhd8ed1ab_0
  - jupyter=1.0.0=pyhd8ed1ab_10
  - sphinx-autoapi=3.0.0=pyhd8ed1ab_0
  - sphinx-basic-ng=1.0.0b2=pyhd8ed1ab_1
  - furo=2023.9.10=pyhd8ed1ab_0
  - sphinx-issues=1.2.0=py_0
  - sphinx-reredirects=0.1.2=pyhd8ed1ab_0
  - sphinxcontrib-applehelp=1.0.7=pyhd8ed1ab_0
  - sphinxcontrib-bibtex=2.6.1=pyhd8ed1ab_1
  - sphinxcontrib-devhelp=1.0.5=pyhd8ed1ab_0
  - sphinxcontrib-htmlhelp=2.0.4=pyhd8ed1ab_0
  - sphinxcontrib-qthelp=1.0.6=pyhd8ed1ab_0
  - sphinx=7.2.6=pyhd8ed1ab_0
  - sphinxcontrib-serializinghtml=1.1.9=pyhd8ed1ab_0
